
Microsoft Visual Studio Solution File, Format Version 12.00
# Visual Studio 15
VisualStudioVersion = 15.0.27130.2027
MinimumVisualStudioVersion = 10.0.40219.1
Project("{FAE04EC0-301F-11D3-BF4B-00C04F79EFBC}") = "App02_TipoPaginaXF.Android", "App02_TipoPaginaXF\App02_TipoPaginaXF.Android\App02_TipoPaginaXF.Android.csproj", "{1B47D473-7707-45E3-A2F2-F5532C5FC74A}"
EndProject
Project("{FAE04EC0-301F-11D3-BF4B-00C04F79EFBC}") = "App02_TipoPaginaXF.iOS", "App02_TipoPaginaXF\App02_TipoPaginaXF.iOS\App02_TipoPaginaXF.iOS.csproj", "{6631C1D9-BD26-49B4-8F51-DFD6B2AE1615}"
EndProject
Project("{FAE04EC0-301F-11D3-BF4B-00C04F79EFBC}") = "App02_TipoPaginaXF.UWP", "App02_TipoPaginaXF\App02_TipoPaginaXF.UWP\App02_TipoPaginaXF.UWP.csproj", "{0F8B40E0-A54B-45AB-808B-BC21075FB603}"
EndProject
Project("{FAE04EC0-301F-11D3-BF4B-00C04F79EFBC}") = "App02_TipoPaginaXF", "App02_TipoPaginaXF\App02_TipoPaginaXF\App02_TipoPaginaXF.csproj", "{A3F439F3-491D-4E0F-9953-B58969DCBF5C}"
EndProject
Global
	GlobalSection(SolutionConfigurationPlatforms) = preSolution
		Ad-Hoc|Any CPU = Ad-Hoc|Any CPU
		Ad-Hoc|ARM = Ad-Hoc|ARM
		Ad-Hoc|iPhone = Ad-Hoc|iPhone
		Ad-Hoc|iPhoneSimulator = Ad-Hoc|iPhoneSimulator
		Ad-Hoc|x64 = Ad-Hoc|x64
		Ad-Hoc|x86 = Ad-Hoc|x86
		AppStore|Any CPU = AppStore|Any CPU
		AppStore|ARM = AppStore|ARM
		AppStore|iPhone = AppStore|iPhone
		AppStore|iPhoneSimulator = AppStore|iPhoneSimulator
		AppStore|x64 = AppStore|x64
		AppStore|x86 = AppStore|x86
		Debug|Any CPU = Debug|Any CPU
		Debug|ARM = Debug|ARM
		Debug|iPhone = Debug|iPhone
		Debug|iPhoneSimulator = Debug|iPhoneSimulator
		Debug|x64 = Debug|x64
		Debug|x86 = Debug|x86
		Release|Any CPU = Release|Any CPU
		Release|ARM = Release|ARM
		Release|iPhone = Release|iPhone
		Release|iPhoneSimulator = Release|iPhoneSimulator
		Release|x64 = Release|x64
		Release|x86 = Release|x86
	EndGlobalSection
	GlobalSection(ProjectConfigurationPlatforms) = postSolution
		{1B47D473-7707-45E3-A2F2-F5532C5FC74A}.Ad-Hoc|Any CPU.ActiveCfg = Release|Any CPU
		{1B47D473-7707-45E3-A2F2-F5532C5FC74A}.Ad-Hoc|Any CPU.Build.0 = Release|Any CPU
		{1B47D473-7707-45E3-A2F2-F5532C5FC74A}.Ad-Hoc|Any CPU.Deploy.0 = Release|Any CPU
		{1B47D473-7707-45E3-A2F2-F5532C5FC74A}.Ad-Hoc|ARM.ActiveCfg = Release|Any CPU
		{1B47D473-7707-45E3-A2F2-F5532C5FC74A}.Ad-Hoc|ARM.Build.0 = Release|Any CPU
		{1B47D473-7707-45E3-A2F2-F5532C5FC74A}.Ad-Hoc|ARM.Deploy.0 = Release|Any CPU
		{1B47D473-7707-45E3-A2F2-F5532C5FC74A}.Ad-Hoc|iPhone.ActiveCfg = Release|Any CPU
		{1B47D473-7707-45E3-A2F2-F5532C5FC74A}.Ad-Hoc|iPhone.Build.0 = Release|Any CPU
		{1B47D473-7707-45E3-A2F2-F5532C5FC74A}.Ad-Hoc|iPhone.Deploy.0 = Release|Any CPU
		{1B47D473-7707-45E3-A2F2-F5532C5FC74A}.Ad-Hoc|iPhoneSimulator.ActiveCfg = Release|Any CPU
		{1B47D473-7707-45E3-A2F2-F5532C5FC74A}.Ad-Hoc|iPhoneSimulator.Build.0 = Release|Any CPU
		{1B47D473-7707-45E3-A2F2-F5532C5FC74A}.Ad-Hoc|iPhoneSimulator.Deploy.0 = Release|Any CPU
		{1B47D473-7707-45E3-A2F2-F5532C5FC74A}.Ad-Hoc|x64.ActiveCfg = Release|Any CPU
		{1B47D473-7707-45E3-A2F2-F5532C5FC74A}.Ad-Hoc|x64.Build.0 = Release|Any CPU
		{1B47D473-7707-45E3-A2F2-F5532C5FC74A}.Ad-Hoc|x64.Deploy.0 = Release|Any CPU
		{1B47D473-7707-45E3-A2F2-F5532C5FC74A}.Ad-Hoc|x86.ActiveCfg = Release|Any CPU
		{1B47D473-7707-45E3-A2F2-F5532C5FC74A}.Ad-Hoc|x86.Build.0 = Release|Any CPU
		{1B47D473-7707-45E3-A2F2-F5532C5FC74A}.Ad-Hoc|x86.Deploy.0 = Release|Any CPU
		{1B47D473-7707-45E3-A2F2-F5532C5FC74A}.AppStore|Any CPU.ActiveCfg = Release|Any CPU
		{1B47D473-7707-45E3-A2F2-F5532C5FC74A}.AppStore|Any CPU.Build.0 = Release|Any CPU
		{1B47D473-7707-45E3-A2F2-F5532C5FC74A}.AppStore|Any CPU.Deploy.0 = Release|Any CPU
		{1B47D473-7707-45E3-A2F2-F5532C5FC74A}.AppStore|ARM.ActiveCfg = Release|Any CPU
		{1B47D473-7707-45E3-A2F2-F5532C5FC74A}.AppStore|ARM.Build.0 = Release|Any CPU
		{1B47D473-7707-45E3-A2F2-F5532C5FC74A}.AppStore|ARM.Deploy.0 = Release|Any CPU
		{1B47D473-7707-45E3-A2F2-F5532C5FC74A}.AppStore|iPhone.ActiveCfg = Release|Any CPU
		{1B47D473-7707-45E3-A2F2-F5532C5FC74A}.AppStore|iPhone.Build.0 = Release|Any CPU
		{1B47D473-7707-45E3-A2F2-F5532C5FC74A}.AppStore|iPhone.Deploy.0 = Release|Any CPU
		{1B47D473-7707-45E3-A2F2-F5532C5FC74A}.AppStore|iPhoneSimulator.ActiveCfg = Release|Any CPU
		{1B47D473-7707-45E3-A2F2-F5532C5FC74A}.AppStore|iPhoneSimulator.Build.0 = Release|Any CPU
		{1B47D473-7707-45E3-A2F2-F5532C5FC74A}.AppStore|iPhoneSimulator.Deploy.0 = Release|Any CPU
		{1B47D473-7707-45E3-A2F2-F5532C5FC74A}.AppStore|x64.ActiveCfg = Release|Any CPU
		{1B47D473-7707-45E3-A2F2-F5532C5FC74A}.AppStore|x64.Build.0 = Release|Any CPU
		{1B47D473-7707-45E3-A2F2-F5532C5FC74A}.AppStore|x64.Deploy.0 = Release|Any CPU
		{1B47D473-7707-45E3-A2F2-F5532C5FC74A}.AppStore|x86.ActiveCfg = Release|Any CPU
		{1B47D473-7707-45E3-A2F2-F5532C5FC74A}.AppStore|x86.Build.0 = Release|Any CPU
		{1B47D473-7707-45E3-A2F2-F5532C5FC74A}.AppStore|x86.Deploy.0 = Release|Any CPU
		{1B47D473-7707-45E3-A2F2-F5532C5FC74A}.Debug|Any CPU.ActiveCfg = Debug|Any CPU
		{1B47D473-7707-45E3-A2F2-F5532C5FC74A}.Debug|Any CPU.Build.0 = Debug|Any CPU
		{1B47D473-7707-45E3-A2F2-F5532C5FC74A}.Debug|Any CPU.Deploy.0 = Debug|Any CPU
		{1B47D473-7707-45E3-A2F2-F5532C5FC74A}.Debug|ARM.ActiveCfg = Debug|Any CPU
		{1B47D473-7707-45E3-A2F2-F5532C5FC74A}.Debug|ARM.Build.0 = Debug|Any CPU
		{1B47D473-7707-45E3-A2F2-F5532C5FC74A}.Debug|ARM.Deploy.0 = Debug|Any CPU
		{1B47D473-7707-45E3-A2F2-F5532C5FC74A}.Debug|iPhone.ActiveCfg = Debug|Any CPU
		{1B47D473-7707-45E3-A2F2-F5532C5FC74A}.Debug|iPhone.Build.0 = Debug|Any CPU
		{1B47D473-7707-45E3-A2F2-F5532C5FC74A}.Debug|iPhone.Deploy.0 = Debug|Any CPU
		{1B47D473-7707-45E3-A2F2-F5532C5FC74A}.Debug|iPhoneSimulator.ActiveCfg = Debug|Any CPU
		{1B47D473-7707-45E3-A2F2-F5532C5FC74A}.Debug|iPhoneSimulator.Build.0 = Debug|Any CPU
		{1B47D473-7707-45E3-A2F2-F5532C5FC74A}.Debug|iPhoneSimulator.Deploy.0 = Debug|Any CPU
		{1B47D473-7707-45E3-A2F2-F5532C5FC74A}.Debug|x64.ActiveCfg = Debug|Any CPU
		{1B47D473-7707-45E3-A2F2-F5532C5FC74A}.Debug|x64.Build.0 = Debug|Any CPU
		{1B47D473-7707-45E3-A2F2-F5532C5FC74A}.Debug|x64.Deploy.0 = Debug|Any CPU
		{1B47D473-7707-45E3-A2F2-F5532C5FC74A}.Debug|x86.ActiveCfg = Debug|Any CPU
		{1B47D473-7707-45E3-A2F2-F5532C5FC74A}.Debug|x86.Build.0 = Debug|Any CPU
		{1B47D473-7707-45E3-A2F2-F5532C5FC74A}.Debug|x86.Deploy.0 = Debug|Any CPU
		{1B47D473-7707-45E3-A2F2-F5532C5FC74A}.Release|Any CPU.ActiveCfg = Release|Any CPU
		{1B47D473-7707-45E3-A2F2-F5532C5FC74A}.Release|Any CPU.Build.0 = Release|Any CPU
		{1B47D473-7707-45E3-A2F2-F5532C5FC74A}.Release|Any CPU.Deploy.0 = Release|Any CPU
		{1B47D473-7707-45E3-A2F2-F5532C5FC74A}.Release|ARM.ActiveCfg = Release|Any CPU
		{1B47D473-7707-45E3-A2F2-F5532C5FC74A}.Release|ARM.Build.0 = Release|Any CPU
		{1B47D473-7707-45E3-A2F2-F5532C5FC74A}.Release|ARM.Deploy.0 = Release|Any CPU
		{1B47D473-7707-45E3-A2F2-F5532C5FC74A}.Release|iPhone.ActiveCfg = Release|Any CPU
		{1B47D473-7707-45E3-A2F2-F5532C5FC74A}.Release|iPhone.Build.0 = Release|Any CPU
		{1B47D473-7707-45E3-A2F2-F5532C5FC74A}.Release|iPhone.Deploy.0 = Release|Any CPU
		{1B47D473-7707-45E3-A2F2-F5532C5FC74A}.Release|iPhoneSimulator.ActiveCfg = Release|Any CPU
		{1B47D473-7707-45E3-A2F2-F5532C5FC74A}.Release|iPhoneSimulator.Build.0 = Release|Any CPU
		{1B47D473-7707-45E3-A2F2-F5532C5FC74A}.Release|iPhoneSimulator.Deploy.0 = Release|Any CPU
		{1B47D473-7707-45E3-A2F2-F5532C5FC74A}.Release|x64.ActiveCfg = Release|Any CPU
		{1B47D473-7707-45E3-A2F2-F5532C5FC74A}.Release|x64.Build.0 = Release|Any CPU
		{1B47D473-7707-45E3-A2F2-F5532C5FC74A}.Release|x64.Deploy.0 = Release|Any CPU
		{1B47D473-7707-45E3-A2F2-F5532C5FC74A}.Release|x86.ActiveCfg = Release|Any CPU
		{1B47D473-7707-45E3-A2F2-F5532C5FC74A}.Release|x86.Build.0 = Release|Any CPU
		{1B47D473-7707-45E3-A2F2-F5532C5FC74A}.Release|x86.Deploy.0 = Release|Any CPU
		{6631C1D9-BD26-49B4-8F51-DFD6B2AE1615}.Ad-Hoc|Any CPU.ActiveCfg = Ad-Hoc|iPhone
		{6631C1D9-BD26-49B4-8F51-DFD6B2AE1615}.Ad-Hoc|ARM.ActiveCfg = Ad-Hoc|iPhone
		{6631C1D9-BD26-49B4-8F51-DFD6B2AE1615}.Ad-Hoc|iPhone.ActiveCfg = Ad-Hoc|iPhone
		{6631C1D9-BD26-49B4-8F51-DFD6B2AE1615}.Ad-Hoc|iPhone.Build.0 = Ad-Hoc|iPhone
		{6631C1D9-BD26-49B4-8F51-DFD6B2AE1615}.Ad-Hoc|iPhoneSimulator.ActiveCfg = Ad-Hoc|iPhoneSimulator
		{6631C1D9-BD26-49B4-8F51-DFD6B2AE1615}.Ad-Hoc|iPhoneSimulator.Build.0 = Ad-Hoc|iPhoneSimulator
		{6631C1D9-BD26-49B4-8F51-DFD6B2AE1615}.Ad-Hoc|x64.ActiveCfg = Ad-Hoc|iPhone
		{6631C1D9-BD26-49B4-8F51-DFD6B2AE1615}.Ad-Hoc|x86.ActiveCfg = Ad-Hoc|iPhone
		{6631C1D9-BD26-49B4-8F51-DFD6B2AE1615}.AppStore|Any CPU.ActiveCfg = AppStore|iPhone
		{6631C1D9-BD26-49B4-8F51-DFD6B2AE1615}.AppStore|ARM.ActiveCfg = AppStore|iPhone
		{6631C1D9-BD26-49B4-8F51-DFD6B2AE1615}.AppStore|iPhone.ActiveCfg = AppStore|iPhone
		{6631C1D9-BD26-49B4-8F51-DFD6B2AE1615}.AppStore|iPhone.Build.0 = AppStore|iPhone
		{6631C1D9-BD26-49B4-8F51-DFD6B2AE1615}.AppStore|iPhoneSimulator.ActiveCfg = AppStore|iPhoneSimulator
		{6631C1D9-BD26-49B4-8F51-DFD6B2AE1615}.AppStore|iPhoneSimulator.Build.0 = AppStore|iPhoneSimulator
		{6631C1D9-BD26-49B4-8F51-DFD6B2AE1615}.AppStore|x64.ActiveCfg = AppStore|iPhone
		{6631C1D9-BD26-49B4-8F51-DFD6B2AE1615}.AppStore|x86.ActiveCfg = AppStore|iPhone
		{6631C1D9-BD26-49B4-8F51-DFD6B2AE1615}.Debug|Any CPU.ActiveCfg = Debug|iPhone
		{6631C1D9-BD26-49B4-8F51-DFD6B2AE1615}.Debug|ARM.ActiveCfg = Debug|iPhone
		{6631C1D9-BD26-49B4-8F51-DFD6B2AE1615}.Debug|iPhone.ActiveCfg = Debug|iPhone
		{6631C1D9-BD26-49B4-8F51-DFD6B2AE1615}.Debug|iPhone.Build.0 = Debug|iPhone
		{6631C1D9-BD26-49B4-8F51-DFD6B2AE1615}.Debug|iPhoneSimulator.ActiveCfg = Debug|iPhoneSimulator
		{6631C1D9-BD26-49B4-8F51-DFD6B2AE1615}.Debug|iPhoneSimulator.Build.0 = Debug|iPhoneSimulator
		{6631C1D9-BD26-49B4-8F51-DFD6B2AE1615}.Debug|x64.ActiveCfg = Debug|iPhone
		{6631C1D9-BD26-49B4-8F51-DFD6B2AE1615}.Debug|x86.ActiveCfg = Debug|iPhone
		{6631C1D9-BD26-49B4-8F51-DFD6B2AE1615}.Release|Any CPU.ActiveCfg = Release|iPhone
		{6631C1D9-BD26-49B4-8F51-DFD6B2AE1615}.Release|ARM.ActiveCfg = Release|iPhone
		{6631C1D9-BD26-49B4-8F51-DFD6B2AE1615}.Release|iPhone.ActiveCfg = Release|iPhone
		{6631C1D9-BD26-49B4-8F51-DFD6B2AE1615}.Release|iPhone.Build.0 = Release|iPhone
		{6631C1D9-BD26-49B4-8F51-DFD6B2AE1615}.Release|iPhoneSimulator.ActiveCfg = Release|iPhoneSimulator
		{6631C1D9-BD26-49B4-8F51-DFD6B2AE1615}.Release|iPhoneSimulator.Build.0 = Release|iPhoneSimulator
		{6631C1D9-BD26-49B4-8F51-DFD6B2AE1615}.Release|x64.ActiveCfg = Release|iPhone
		{6631C1D9-BD26-49B4-8F51-DFD6B2AE1615}.Release|x86.ActiveCfg = Release|iPhone
		{0F8B40E0-A54B-45AB-808B-BC21075FB603}.Ad-Hoc|Any CPU.ActiveCfg = Release|x86
		{0F8B40E0-A54B-45AB-808B-BC21075FB603}.Ad-Hoc|Any CPU.Build.0 = Release|x86
		{0F8B40E0-A54B-45AB-808B-BC21075FB603}.Ad-Hoc|Any CPU.Deploy.0 = Release|x86
		{0F8B40E0-A54B-45AB-808B-BC21075FB603}.Ad-Hoc|ARM.ActiveCfg = Release|ARM
		{0F8B40E0-A54B-45AB-808B-BC21075FB603}.Ad-Hoc|ARM.Build.0 = Release|ARM
		{0F8B40E0-A54B-45AB-808B-BC21075FB603}.Ad-Hoc|ARM.Deploy.0 = Release|ARM
		{0F8B40E0-A54B-45AB-808B-BC21075FB603}.Ad-Hoc|iPhone.ActiveCfg = Release|x86
		{0F8B40E0-A54B-45AB-808B-BC21075FB603}.Ad-Hoc|iPhone.Build.0 = Release|x86
		{0F8B40E0-A54B-45AB-808B-BC21075FB603}.Ad-Hoc|iPhone.Deploy.0 = Release|x86
		{0F8B40E0-A54B-45AB-808B-BC21075FB603}.Ad-Hoc|iPhoneSimulator.ActiveCfg = Release|x86
		{0F8B40E0-A54B-45AB-808B-BC21075FB603}.Ad-Hoc|iPhoneSimulator.Build.0 = Release|x86
		{0F8B40E0-A54B-45AB-808B-BC21075FB603}.Ad-Hoc|iPhoneSimulator.Deploy.0 = Release|x86
		{0F8B40E0-A54B-45AB-808B-BC21075FB603}.Ad-Hoc|x64.ActiveCfg = Release|x64
		{0F8B40E0-A54B-45AB-808B-BC21075FB603}.Ad-Hoc|x64.Build.0 = Release|x64
		{0F8B40E0-A54B-45AB-808B-BC21075FB603}.Ad-Hoc|x64.Deploy.0 = Release|x64
		{0F8B40E0-A54B-45AB-808B-BC21075FB603}.Ad-Hoc|x86.ActiveCfg = Release|x86
		{0F8B40E0-A54B-45AB-808B-BC21075FB603}.Ad-Hoc|x86.Build.0 = Release|x86
		{0F8B40E0-A54B-45AB-808B-BC21075FB603}.Ad-Hoc|x86.Deploy.0 = Release|x86
		{0F8B40E0-A54B-45AB-808B-BC21075FB603}.AppStore|Any CPU.ActiveCfg = Release|x86
		{0F8B40E0-A54B-45AB-808B-BC21075FB603}.AppStore|Any CPU.Build.0 = Release|x86
		{0F8B40E0-A54B-45AB-808B-BC21075FB603}.AppStore|Any CPU.Deploy.0 = Release|x86
		{0F8B40E0-A54B-45AB-808B-BC21075FB603}.AppStore|ARM.ActiveCfg = Release|ARM
		{0F8B40E0-A54B-45AB-808B-BC21075FB603}.AppStore|ARM.Build.0 = Release|ARM
		{0F8B40E0-A54B-45AB-808B-BC21075FB603}.AppStore|ARM.Deploy.0 = Release|ARM
		{0F8B40E0-A54B-45AB-808B-BC21075FB603}.AppStore|iPhone.ActiveCfg = Release|x86
		{0F8B40E0-A54B-45AB-808B-BC21075FB603}.AppStore|iPhone.Build.0 = Release|x86
		{0F8B40E0-A54B-45AB-808B-BC21075FB603}.AppStore|iPhone.Deploy.0 = Release|x86
		{0F8B40E0-A54B-45AB-808B-BC21075FB603}.AppStore|iPhoneSimulator.ActiveCfg = Release|x86
		{0F8B40E0-A54B-45AB-808B-BC21075FB603}.AppStore|iPhoneSimulator.Build.0 = Release|x86
		{0F8B40E0-A54B-45AB-808B-BC21075FB603}.AppStore|iPhoneSimulator.Deploy.0 = Release|x86
		{0F8B40E0-A54B-45AB-808B-BC21075FB603}.AppStore|x64.ActiveCfg = Release|x64
		{0F8B40E0-A54B-45AB-808B-BC21075FB603}.AppStore|x64.Build.0 = Release|x64
		{0F8B40E0-A54B-45AB-808B-BC21075FB603}.AppStore|x64.Deploy.0 = Release|x64
		{0F8B40E0-A54B-45AB-808B-BC21075FB603}.AppStore|x86.ActiveCfg = Release|x86
		{0F8B40E0-A54B-45AB-808B-BC21075FB603}.AppStore|x86.Build.0 = Release|x86
		{0F8B40E0-A54B-45AB-808B-BC21075FB603}.AppStore|x86.Deploy.0 = Release|x86
		{0F8B40E0-A54B-45AB-808B-BC21075FB603}.Debug|Any CPU.ActiveCfg = Debug|x86
		{0F8B40E0-A54B-45AB-808B-BC21075FB603}.Debug|ARM.ActiveCfg = Debug|ARM
		{0F8B40E0-A54B-45AB-808B-BC21075FB603}.Debug|ARM.Build.0 = Debug|ARM
		{0F8B40E0-A54B-45AB-808B-BC21075FB603}.Debug|ARM.Deploy.0 = Debug|ARM
		{0F8B40E0-A54B-45AB-808B-BC21075FB603}.Debug|iPhone.ActiveCfg = Debug|x86
		{0F8B40E0-A54B-45AB-808B-BC21075FB603}.Debug|iPhoneSimulator.ActiveCfg = Debug|x86
		{0F8B40E0-A54B-45AB-808B-BC21075FB603}.Debug|x64.ActiveCfg = Debug|x64
		{0F8B40E0-A54B-45AB-808B-BC21075FB603}.Debug|x64.Build.0 = Debug|x64
		{0F8B40E0-A54B-45AB-808B-BC21075FB603}.Debug|x64.Deploy.0 = Debug|x64
		{0F8B40E0-A54B-45AB-808B-BC21075FB603}.Debug|x86.ActiveCfg = Debug|x86
		{0F8B40E0-A54B-45AB-808B-BC21075FB603}.Debug|x86.Build.0 = Debug|x86
		{0F8B40E0-A54B-45AB-808B-BC21075FB603}.Debug|x86.Deploy.0 = Debug|x86
		{0F8B40E0-A54B-45AB-808B-BC21075FB603}.Release|Any CPU.ActiveCfg = Release|x86
		{0F8B40E0-A54B-45AB-808B-BC21075FB603}.Release|ARM.ActiveCfg = Release|ARM
		{0F8B40E0-A54B-45AB-808B-BC21075FB603}.Release|ARM.Build.0 = Release|ARM
		{0F8B40E0-A54B-45AB-808B-BC21075FB603}.Release|ARM.Deploy.0 = Release|ARM
		{0F8B40E0-A54B-45AB-808B-BC21075FB603}.Release|iPhone.ActiveCfg = Release|x86
		{0F8B40E0-A54B-45AB-808B-BC21075FB603}.Release|iPhoneSimulator.ActiveCfg = Release|x86
		{0F8B40E0-A54B-45AB-808B-BC21075FB603}.Release|x64.ActiveCfg = Release|x64
		{0F8B40E0-A54B-45AB-808B-BC21075FB603}.Release|x64.Build.0 = Release|x64
		{0F8B40E0-A54B-45AB-808B-BC21075FB603}.Release|x64.Deploy.0 = Release|x64
		{0F8B40E0-A54B-45AB-808B-BC21075FB603}.Release|x86.ActiveCfg = Release|x86
		{0F8B40E0-A54B-45AB-808B-BC21075FB603}.Release|x86.Build.0 = Release|x86
		{0F8B40E0-A54B-45AB-808B-BC21075FB603}.Release|x86.Deploy.0 = Release|x86
		{A3F439F3-491D-4E0F-9953-B58969DCBF5C}.Ad-Hoc|Any CPU.ActiveCfg = Debug|Any CPU
		{A3F439F3-491D-4E0F-9953-B58969DCBF5C}.Ad-Hoc|Any CPU.Build.0 = Debug|Any CPU
		{A3F439F3-491D-4E0F-9953-B58969DCBF5C}.Ad-Hoc|ARM.ActiveCfg = Debug|Any CPU
		{A3F439F3-491D-4E0F-9953-B58969DCBF5C}.Ad-Hoc|ARM.Build.0 = Debug|Any CPU
		{A3F439F3-491D-4E0F-9953-B58969DCBF5C}.Ad-Hoc|iPhone.ActiveCfg = Debug|Any CPU
		{A3F439F3-491D-4E0F-9953-B58969DCBF5C}.Ad-Hoc|iPhone.Build.0 = Debug|Any CPU
		{A3F439F3-491D-4E0F-9953-B58969DCBF5C}.Ad-Hoc|iPhoneSimulator.ActiveCfg = Debug|Any CPU
		{A3F439F3-491D-4E0F-9953-B58969DCBF5C}.Ad-Hoc|iPhoneSimulator.Build.0 = Debug|Any CPU
		{A3F439F3-491D-4E0F-9953-B58969DCBF5C}.Ad-Hoc|x64.ActiveCfg = Debug|Any CPU
		{A3F439F3-491D-4E0F-9953-B58969DCBF5C}.Ad-Hoc|x64.Build.0 = Debug|Any CPU
		{A3F439F3-491D-4E0F-9953-B58969DCBF5C}.Ad-Hoc|x86.ActiveCfg = Debug|Any CPU
		{A3F439F3-491D-4E0F-9953-B58969DCBF5C}.Ad-Hoc|x86.Build.0 = Debug|Any CPU
		{A3F439F3-491D-4E0F-9953-B58969DCBF5C}.AppStore|Any CPU.ActiveCfg = Debug|Any CPU
		{A3F439F3-491D-4E0F-9953-B58969DCBF5C}.AppStore|Any CPU.Build.0 = Debug|Any CPU
		{A3F439F3-491D-4E0F-9953-B58969DCBF5C}.AppStore|ARM.ActiveCfg = Debug|Any CPU
		{A3F439F3-491D-4E0F-9953-B58969DCBF5C}.AppStore|ARM.Build.0 = Debug|Any CPU
		{A3F439F3-491D-4E0F-9953-B58969DCBF5C}.AppStore|iPhone.ActiveCfg = Debug|Any CPU
		{A3F439F3-491D-4E0F-9953-B58969DCBF5C}.AppStore|iPhone.Build.0 = Debug|Any CPU
		{A3F439F3-491D-4E0F-9953-B58969DCBF5C}.AppStore|iPhoneSimulator.ActiveCfg = Debug|Any CPU
		{A3F439F3-491D-4E0F-9953-B58969DCBF5C}.AppStore|iPhoneSimulator.Build.0 = Debug|Any CPU
		{A3F439F3-491D-4E0F-9953-B58969DCBF5C}.AppStore|x64.ActiveCfg = Debug|Any CPU
		{A3F439F3-491D-4E0F-9953-B58969DCBF5C}.AppStore|x64.Build.0 = Debug|Any CPU
		{A3F439F3-491D-4E0F-9953-B58969DCBF5C}.AppStore|x86.ActiveCfg = Debug|Any CPU
		{A3F439F3-491D-4E0F-9953-B58969DCBF5C}.AppStore|x86.Build.0 = Debug|Any CPU
		{A3F439F3-491D-4E0F-9953-B58969DCBF5C}.Debug|Any CPU.ActiveCfg = Debug|Any CPU
		{A3F439F3-491D-4E0F-9953-B58969DCBF5C}.Debug|Any CPU.Build.0 = Debug|Any CPU
		{A3F439F3-491D-4E0F-9953-B58969DCBF5C}.Debug|ARM.ActiveCfg = Debug|Any CPU
		{A3F439F3-491D-4E0F-9953-B58969DCBF5C}.Debug|ARM.Build.0 = Debug|Any CPU
		{A3F439F3-491D-4E0F-9953-B58969DCBF5C}.Debug|iPhone.ActiveCfg = Debug|Any CPU
		{A3F439F3-491D-4E0F-9953-B58969DCBF5C}.Debug|iPhone.Build.0 = Debug|Any CPU
		{A3F439F3-491D-4E0F-9953-B58969DCBF5C}.Debug|iPhoneSimulator.ActiveCfg = Debug|Any CPU
		{A3F439F3-491D-4E0F-9953-B58969DCBF5C}.Debug|iPhoneSimulator.Build.0 = Debug|Any CPU
		{A3F439F3-491D-4E0F-9953-B58969DCBF5C}.Debug|x64.ActiveCfg = Debug|Any CPU
		{A3F439F3-491D-4E0F-9953-B58969DCBF5C}.Debug|x64.Build.0 = Debug|Any CPU
		{A3F439F3-491D-4E0F-9953-B58969DCBF5C}.Debug|x86.ActiveCfg = Debug|Any CPU
		{A3F439F3-491D-4E0F-9953-B58969DCBF5C}.Debug|x86.Build.0 = Debug|Any CPU
		{A3F439F3-491D-4E0F-9953-B58969DCBF5C}.Release|Any CPU.ActiveCfg = Release|Any CPU
		{A3F439F3-491D-4E0F-9953-B58969DCBF5C}.Release|Any CPU.Build.0 = Release|Any CPU
		{A3F439F3-491D-4E0F-9953-B58969DCBF5C}.Release|ARM.ActiveCfg = Release|Any CPU
		{A3F439F3-491D-4E0F-9953-B58969DCBF5C}.Release|ARM.Build.0 = Release|Any CPU
		{A3F439F3-491D-4E0F-9953-B58969DCBF5C}.Release|iPhone.ActiveCfg = Release|Any CPU
		{A3F439F3-491D-4E0F-9953-B58969DCBF5C}.Release|iPhone.Build.0 = Release|Any CPU
		{A3F439F3-491D-4E0F-9953-B58969DCBF5C}.Release|iPhoneSimulator.ActiveCfg = Release|Any CPU
		{A3F439F3-491D-4E0F-9953-B58969DCBF5C}.Release|iPhoneSimulator.Build.0 = Release|Any CPU
		{A3F439F3-491D-4E0F-9953-B58969DCBF5C}.Release|x64.ActiveCfg = Release|Any CPU
		{A3F439F3-491D-4E0F-9953-B58969DCBF5C}.Release|x64.Build.0 = Release|Any CPU
		{A3F439F3-491D-4E0F-9953-B58969DCBF5C}.Release|x86.ActiveCfg = Release|Any CPU
		{A3F439F3-491D-4E0F-9953-B58969DCBF5C}.Release|x86.Build.0 = Release|Any CPU
	EndGlobalSection
	GlobalSection(SolutionProperties) = preSolution
		HideSolutionNode = FALSE
	EndGlobalSection
	GlobalSection(ExtensibilityGlobals) = postSolution
		SolutionGuid = {D29F96A6-71FC-4FCB-B194-C787EE047687}
	EndGlobalSection
EndGlobal
