
Microsoft Visual Studio Solution File, Format Version 12.00
# Visual Studio 15
VisualStudioVersion = 15.0.27130.2027
MinimumVisualStudioVersion = 10.0.40219.1
Project("{FAE04EC0-301F-11D3-BF4B-00C04F79EFBC}") = "App2_Tarefa.Android", "App2_Tarefa\App2_Tarefa.Android\App2_Tarefa.Android.csproj", "{049EFD2D-213A-4C99-A556-FC8DEF0EF8BE}"
EndProject
Project("{FAE04EC0-301F-11D3-BF4B-00C04F79EFBC}") = "App2_Tarefa.iOS", "App2_Tarefa\App2_Tarefa.iOS\App2_Tarefa.iOS.csproj", "{B602E45C-8F5D-455A-A5BD-DF1D869BCB8C}"
EndProject
Project("{FAE04EC0-301F-11D3-BF4B-00C04F79EFBC}") = "App2_Tarefa.UWP", "App2_Tarefa\App2_Tarefa.UWP\App2_Tarefa.UWP.csproj", "{798EBD3C-31FA-40A0-B14B-B45AB760421B}"
EndProject
Project("{FAE04EC0-301F-11D3-BF4B-00C04F79EFBC}") = "App2_Tarefa", "App2_Tarefa\App2_Tarefa\App2_Tarefa.csproj", "{4D58051B-FF4A-4F9A-86CD-471E50B4B85A}"
EndProject
Global
	GlobalSection(SolutionConfigurationPlatforms) = preSolution
		Ad-Hoc|Any CPU = Ad-Hoc|Any CPU
		Ad-Hoc|ARM = Ad-Hoc|ARM
		Ad-Hoc|iPhone = Ad-Hoc|iPhone
		Ad-Hoc|iPhoneSimulator = Ad-Hoc|iPhoneSimulator
		Ad-Hoc|x64 = Ad-Hoc|x64
		Ad-Hoc|x86 = Ad-Hoc|x86
		AppStore|Any CPU = AppStore|Any CPU
		AppStore|ARM = AppStore|ARM
		AppStore|iPhone = AppStore|iPhone
		AppStore|iPhoneSimulator = AppStore|iPhoneSimulator
		AppStore|x64 = AppStore|x64
		AppStore|x86 = AppStore|x86
		Debug|Any CPU = Debug|Any CPU
		Debug|ARM = Debug|ARM
		Debug|iPhone = Debug|iPhone
		Debug|iPhoneSimulator = Debug|iPhoneSimulator
		Debug|x64 = Debug|x64
		Debug|x86 = Debug|x86
		Release|Any CPU = Release|Any CPU
		Release|ARM = Release|ARM
		Release|iPhone = Release|iPhone
		Release|iPhoneSimulator = Release|iPhoneSimulator
		Release|x64 = Release|x64
		Release|x86 = Release|x86
	EndGlobalSection
	GlobalSection(ProjectConfigurationPlatforms) = postSolution
		{049EFD2D-213A-4C99-A556-FC8DEF0EF8BE}.Ad-Hoc|Any CPU.ActiveCfg = Release|Any CPU
		{049EFD2D-213A-4C99-A556-FC8DEF0EF8BE}.Ad-Hoc|Any CPU.Build.0 = Release|Any CPU
		{049EFD2D-213A-4C99-A556-FC8DEF0EF8BE}.Ad-Hoc|Any CPU.Deploy.0 = Release|Any CPU
		{049EFD2D-213A-4C99-A556-FC8DEF0EF8BE}.Ad-Hoc|ARM.ActiveCfg = Release|Any CPU
		{049EFD2D-213A-4C99-A556-FC8DEF0EF8BE}.Ad-Hoc|ARM.Build.0 = Release|Any CPU
		{049EFD2D-213A-4C99-A556-FC8DEF0EF8BE}.Ad-Hoc|ARM.Deploy.0 = Release|Any CPU
		{049EFD2D-213A-4C99-A556-FC8DEF0EF8BE}.Ad-Hoc|iPhone.ActiveCfg = Release|Any CPU
		{049EFD2D-213A-4C99-A556-FC8DEF0EF8BE}.Ad-Hoc|iPhone.Build.0 = Release|Any CPU
		{049EFD2D-213A-4C99-A556-FC8DEF0EF8BE}.Ad-Hoc|iPhone.Deploy.0 = Release|Any CPU
		{049EFD2D-213A-4C99-A556-FC8DEF0EF8BE}.Ad-Hoc|iPhoneSimulator.ActiveCfg = Release|Any CPU
		{049EFD2D-213A-4C99-A556-FC8DEF0EF8BE}.Ad-Hoc|iPhoneSimulator.Build.0 = Release|Any CPU
		{049EFD2D-213A-4C99-A556-FC8DEF0EF8BE}.Ad-Hoc|iPhoneSimulator.Deploy.0 = Release|Any CPU
		{049EFD2D-213A-4C99-A556-FC8DEF0EF8BE}.Ad-Hoc|x64.ActiveCfg = Release|Any CPU
		{049EFD2D-213A-4C99-A556-FC8DEF0EF8BE}.Ad-Hoc|x64.Build.0 = Release|Any CPU
		{049EFD2D-213A-4C99-A556-FC8DEF0EF8BE}.Ad-Hoc|x64.Deploy.0 = Release|Any CPU
		{049EFD2D-213A-4C99-A556-FC8DEF0EF8BE}.Ad-Hoc|x86.ActiveCfg = Release|Any CPU
		{049EFD2D-213A-4C99-A556-FC8DEF0EF8BE}.Ad-Hoc|x86.Build.0 = Release|Any CPU
		{049EFD2D-213A-4C99-A556-FC8DEF0EF8BE}.Ad-Hoc|x86.Deploy.0 = Release|Any CPU
		{049EFD2D-213A-4C99-A556-FC8DEF0EF8BE}.AppStore|Any CPU.ActiveCfg = Release|Any CPU
		{049EFD2D-213A-4C99-A556-FC8DEF0EF8BE}.AppStore|Any CPU.Build.0 = Release|Any CPU
		{049EFD2D-213A-4C99-A556-FC8DEF0EF8BE}.AppStore|Any CPU.Deploy.0 = Release|Any CPU
		{049EFD2D-213A-4C99-A556-FC8DEF0EF8BE}.AppStore|ARM.ActiveCfg = Release|Any CPU
		{049EFD2D-213A-4C99-A556-FC8DEF0EF8BE}.AppStore|ARM.Build.0 = Release|Any CPU
		{049EFD2D-213A-4C99-A556-FC8DEF0EF8BE}.AppStore|ARM.Deploy.0 = Release|Any CPU
		{049EFD2D-213A-4C99-A556-FC8DEF0EF8BE}.AppStore|iPhone.ActiveCfg = Release|Any CPU
		{049EFD2D-213A-4C99-A556-FC8DEF0EF8BE}.AppStore|iPhone.Build.0 = Release|Any CPU
		{049EFD2D-213A-4C99-A556-FC8DEF0EF8BE}.AppStore|iPhone.Deploy.0 = Release|Any CPU
		{049EFD2D-213A-4C99-A556-FC8DEF0EF8BE}.AppStore|iPhoneSimulator.ActiveCfg = Release|Any CPU
		{049EFD2D-213A-4C99-A556-FC8DEF0EF8BE}.AppStore|iPhoneSimulator.Build.0 = Release|Any CPU
		{049EFD2D-213A-4C99-A556-FC8DEF0EF8BE}.AppStore|iPhoneSimulator.Deploy.0 = Release|Any CPU
		{049EFD2D-213A-4C99-A556-FC8DEF0EF8BE}.AppStore|x64.ActiveCfg = Release|Any CPU
		{049EFD2D-213A-4C99-A556-FC8DEF0EF8BE}.AppStore|x64.Build.0 = Release|Any CPU
		{049EFD2D-213A-4C99-A556-FC8DEF0EF8BE}.AppStore|x64.Deploy.0 = Release|Any CPU
		{049EFD2D-213A-4C99-A556-FC8DEF0EF8BE}.AppStore|x86.ActiveCfg = Release|Any CPU
		{049EFD2D-213A-4C99-A556-FC8DEF0EF8BE}.AppStore|x86.Build.0 = Release|Any CPU
		{049EFD2D-213A-4C99-A556-FC8DEF0EF8BE}.AppStore|x86.Deploy.0 = Release|Any CPU
		{049EFD2D-213A-4C99-A556-FC8DEF0EF8BE}.Debug|Any CPU.ActiveCfg = Debug|Any CPU
		{049EFD2D-213A-4C99-A556-FC8DEF0EF8BE}.Debug|Any CPU.Build.0 = Debug|Any CPU
		{049EFD2D-213A-4C99-A556-FC8DEF0EF8BE}.Debug|Any CPU.Deploy.0 = Debug|Any CPU
		{049EFD2D-213A-4C99-A556-FC8DEF0EF8BE}.Debug|ARM.ActiveCfg = Debug|Any CPU
		{049EFD2D-213A-4C99-A556-FC8DEF0EF8BE}.Debug|ARM.Build.0 = Debug|Any CPU
		{049EFD2D-213A-4C99-A556-FC8DEF0EF8BE}.Debug|ARM.Deploy.0 = Debug|Any CPU
		{049EFD2D-213A-4C99-A556-FC8DEF0EF8BE}.Debug|iPhone.ActiveCfg = Debug|Any CPU
		{049EFD2D-213A-4C99-A556-FC8DEF0EF8BE}.Debug|iPhone.Build.0 = Debug|Any CPU
		{049EFD2D-213A-4C99-A556-FC8DEF0EF8BE}.Debug|iPhone.Deploy.0 = Debug|Any CPU
		{049EFD2D-213A-4C99-A556-FC8DEF0EF8BE}.Debug|iPhoneSimulator.ActiveCfg = Debug|Any CPU
		{049EFD2D-213A-4C99-A556-FC8DEF0EF8BE}.Debug|iPhoneSimulator.Build.0 = Debug|Any CPU
		{049EFD2D-213A-4C99-A556-FC8DEF0EF8BE}.Debug|iPhoneSimulator.Deploy.0 = Debug|Any CPU
		{049EFD2D-213A-4C99-A556-FC8DEF0EF8BE}.Debug|x64.ActiveCfg = Debug|Any CPU
		{049EFD2D-213A-4C99-A556-FC8DEF0EF8BE}.Debug|x64.Build.0 = Debug|Any CPU
		{049EFD2D-213A-4C99-A556-FC8DEF0EF8BE}.Debug|x64.Deploy.0 = Debug|Any CPU
		{049EFD2D-213A-4C99-A556-FC8DEF0EF8BE}.Debug|x86.ActiveCfg = Debug|Any CPU
		{049EFD2D-213A-4C99-A556-FC8DEF0EF8BE}.Debug|x86.Build.0 = Debug|Any CPU
		{049EFD2D-213A-4C99-A556-FC8DEF0EF8BE}.Debug|x86.Deploy.0 = Debug|Any CPU
		{049EFD2D-213A-4C99-A556-FC8DEF0EF8BE}.Release|Any CPU.ActiveCfg = Release|Any CPU
		{049EFD2D-213A-4C99-A556-FC8DEF0EF8BE}.Release|Any CPU.Build.0 = Release|Any CPU
		{049EFD2D-213A-4C99-A556-FC8DEF0EF8BE}.Release|Any CPU.Deploy.0 = Release|Any CPU
		{049EFD2D-213A-4C99-A556-FC8DEF0EF8BE}.Release|ARM.ActiveCfg = Release|Any CPU
		{049EFD2D-213A-4C99-A556-FC8DEF0EF8BE}.Release|ARM.Build.0 = Release|Any CPU
		{049EFD2D-213A-4C99-A556-FC8DEF0EF8BE}.Release|ARM.Deploy.0 = Release|Any CPU
		{049EFD2D-213A-4C99-A556-FC8DEF0EF8BE}.Release|iPhone.ActiveCfg = Release|Any CPU
		{049EFD2D-213A-4C99-A556-FC8DEF0EF8BE}.Release|iPhone.Build.0 = Release|Any CPU
		{049EFD2D-213A-4C99-A556-FC8DEF0EF8BE}.Release|iPhone.Deploy.0 = Release|Any CPU
		{049EFD2D-213A-4C99-A556-FC8DEF0EF8BE}.Release|iPhoneSimulator.ActiveCfg = Release|Any CPU
		{049EFD2D-213A-4C99-A556-FC8DEF0EF8BE}.Release|iPhoneSimulator.Build.0 = Release|Any CPU
		{049EFD2D-213A-4C99-A556-FC8DEF0EF8BE}.Release|iPhoneSimulator.Deploy.0 = Release|Any CPU
		{049EFD2D-213A-4C99-A556-FC8DEF0EF8BE}.Release|x64.ActiveCfg = Release|Any CPU
		{049EFD2D-213A-4C99-A556-FC8DEF0EF8BE}.Release|x64.Build.0 = Release|Any CPU
		{049EFD2D-213A-4C99-A556-FC8DEF0EF8BE}.Release|x64.Deploy.0 = Release|Any CPU
		{049EFD2D-213A-4C99-A556-FC8DEF0EF8BE}.Release|x86.ActiveCfg = Release|Any CPU
		{049EFD2D-213A-4C99-A556-FC8DEF0EF8BE}.Release|x86.Build.0 = Release|Any CPU
		{049EFD2D-213A-4C99-A556-FC8DEF0EF8BE}.Release|x86.Deploy.0 = Release|Any CPU
		{B602E45C-8F5D-455A-A5BD-DF1D869BCB8C}.Ad-Hoc|Any CPU.ActiveCfg = Ad-Hoc|iPhone
		{B602E45C-8F5D-455A-A5BD-DF1D869BCB8C}.Ad-Hoc|ARM.ActiveCfg = Ad-Hoc|iPhone
		{B602E45C-8F5D-455A-A5BD-DF1D869BCB8C}.Ad-Hoc|iPhone.ActiveCfg = Ad-Hoc|iPhone
		{B602E45C-8F5D-455A-A5BD-DF1D869BCB8C}.Ad-Hoc|iPhone.Build.0 = Ad-Hoc|iPhone
		{B602E45C-8F5D-455A-A5BD-DF1D869BCB8C}.Ad-Hoc|iPhoneSimulator.ActiveCfg = Ad-Hoc|iPhoneSimulator
		{B602E45C-8F5D-455A-A5BD-DF1D869BCB8C}.Ad-Hoc|iPhoneSimulator.Build.0 = Ad-Hoc|iPhoneSimulator
		{B602E45C-8F5D-455A-A5BD-DF1D869BCB8C}.Ad-Hoc|x64.ActiveCfg = Ad-Hoc|iPhone
		{B602E45C-8F5D-455A-A5BD-DF1D869BCB8C}.Ad-Hoc|x86.ActiveCfg = Ad-Hoc|iPhone
		{B602E45C-8F5D-455A-A5BD-DF1D869BCB8C}.AppStore|Any CPU.ActiveCfg = AppStore|iPhone
		{B602E45C-8F5D-455A-A5BD-DF1D869BCB8C}.AppStore|ARM.ActiveCfg = AppStore|iPhone
		{B602E45C-8F5D-455A-A5BD-DF1D869BCB8C}.AppStore|iPhone.ActiveCfg = AppStore|iPhone
		{B602E45C-8F5D-455A-A5BD-DF1D869BCB8C}.AppStore|iPhone.Build.0 = AppStore|iPhone
		{B602E45C-8F5D-455A-A5BD-DF1D869BCB8C}.AppStore|iPhoneSimulator.ActiveCfg = AppStore|iPhoneSimulator
		{B602E45C-8F5D-455A-A5BD-DF1D869BCB8C}.AppStore|iPhoneSimulator.Build.0 = AppStore|iPhoneSimulator
		{B602E45C-8F5D-455A-A5BD-DF1D869BCB8C}.AppStore|x64.ActiveCfg = AppStore|iPhone
		{B602E45C-8F5D-455A-A5BD-DF1D869BCB8C}.AppStore|x86.ActiveCfg = AppStore|iPhone
		{B602E45C-8F5D-455A-A5BD-DF1D869BCB8C}.Debug|Any CPU.ActiveCfg = Debug|iPhone
		{B602E45C-8F5D-455A-A5BD-DF1D869BCB8C}.Debug|ARM.ActiveCfg = Debug|iPhone
		{B602E45C-8F5D-455A-A5BD-DF1D869BCB8C}.Debug|iPhone.ActiveCfg = Debug|iPhone
		{B602E45C-8F5D-455A-A5BD-DF1D869BCB8C}.Debug|iPhone.Build.0 = Debug|iPhone
		{B602E45C-8F5D-455A-A5BD-DF1D869BCB8C}.Debug|iPhoneSimulator.ActiveCfg = Debug|iPhoneSimulator
		{B602E45C-8F5D-455A-A5BD-DF1D869BCB8C}.Debug|iPhoneSimulator.Build.0 = Debug|iPhoneSimulator
		{B602E45C-8F5D-455A-A5BD-DF1D869BCB8C}.Debug|x64.ActiveCfg = Debug|iPhone
		{B602E45C-8F5D-455A-A5BD-DF1D869BCB8C}.Debug|x86.ActiveCfg = Debug|iPhone
		{B602E45C-8F5D-455A-A5BD-DF1D869BCB8C}.Release|Any CPU.ActiveCfg = Release|iPhone
		{B602E45C-8F5D-455A-A5BD-DF1D869BCB8C}.Release|ARM.ActiveCfg = Release|iPhone
		{B602E45C-8F5D-455A-A5BD-DF1D869BCB8C}.Release|iPhone.ActiveCfg = Release|iPhone
		{B602E45C-8F5D-455A-A5BD-DF1D869BCB8C}.Release|iPhone.Build.0 = Release|iPhone
		{B602E45C-8F5D-455A-A5BD-DF1D869BCB8C}.Release|iPhoneSimulator.ActiveCfg = Release|iPhoneSimulator
		{B602E45C-8F5D-455A-A5BD-DF1D869BCB8C}.Release|iPhoneSimulator.Build.0 = Release|iPhoneSimulator
		{B602E45C-8F5D-455A-A5BD-DF1D869BCB8C}.Release|x64.ActiveCfg = Release|iPhone
		{B602E45C-8F5D-455A-A5BD-DF1D869BCB8C}.Release|x86.ActiveCfg = Release|iPhone
		{798EBD3C-31FA-40A0-B14B-B45AB760421B}.Ad-Hoc|Any CPU.ActiveCfg = Release|x86
		{798EBD3C-31FA-40A0-B14B-B45AB760421B}.Ad-Hoc|Any CPU.Build.0 = Release|x86
		{798EBD3C-31FA-40A0-B14B-B45AB760421B}.Ad-Hoc|Any CPU.Deploy.0 = Release|x86
		{798EBD3C-31FA-40A0-B14B-B45AB760421B}.Ad-Hoc|ARM.ActiveCfg = Release|ARM
		{798EBD3C-31FA-40A0-B14B-B45AB760421B}.Ad-Hoc|ARM.Build.0 = Release|ARM
		{798EBD3C-31FA-40A0-B14B-B45AB760421B}.Ad-Hoc|ARM.Deploy.0 = Release|ARM
		{798EBD3C-31FA-40A0-B14B-B45AB760421B}.Ad-Hoc|iPhone.ActiveCfg = Release|x86
		{798EBD3C-31FA-40A0-B14B-B45AB760421B}.Ad-Hoc|iPhone.Build.0 = Release|x86
		{798EBD3C-31FA-40A0-B14B-B45AB760421B}.Ad-Hoc|iPhone.Deploy.0 = Release|x86
		{798EBD3C-31FA-40A0-B14B-B45AB760421B}.Ad-Hoc|iPhoneSimulator.ActiveCfg = Release|x86
		{798EBD3C-31FA-40A0-B14B-B45AB760421B}.Ad-Hoc|iPhoneSimulator.Build.0 = Release|x86
		{798EBD3C-31FA-40A0-B14B-B45AB760421B}.Ad-Hoc|iPhoneSimulator.Deploy.0 = Release|x86
		{798EBD3C-31FA-40A0-B14B-B45AB760421B}.Ad-Hoc|x64.ActiveCfg = Release|x64
		{798EBD3C-31FA-40A0-B14B-B45AB760421B}.Ad-Hoc|x64.Build.0 = Release|x64
		{798EBD3C-31FA-40A0-B14B-B45AB760421B}.Ad-Hoc|x64.Deploy.0 = Release|x64
		{798EBD3C-31FA-40A0-B14B-B45AB760421B}.Ad-Hoc|x86.ActiveCfg = Release|x86
		{798EBD3C-31FA-40A0-B14B-B45AB760421B}.Ad-Hoc|x86.Build.0 = Release|x86
		{798EBD3C-31FA-40A0-B14B-B45AB760421B}.Ad-Hoc|x86.Deploy.0 = Release|x86
		{798EBD3C-31FA-40A0-B14B-B45AB760421B}.AppStore|Any CPU.ActiveCfg = Release|x86
		{798EBD3C-31FA-40A0-B14B-B45AB760421B}.AppStore|Any CPU.Build.0 = Release|x86
		{798EBD3C-31FA-40A0-B14B-B45AB760421B}.AppStore|Any CPU.Deploy.0 = Release|x86
		{798EBD3C-31FA-40A0-B14B-B45AB760421B}.AppStore|ARM.ActiveCfg = Release|ARM
		{798EBD3C-31FA-40A0-B14B-B45AB760421B}.AppStore|ARM.Build.0 = Release|ARM
		{798EBD3C-31FA-40A0-B14B-B45AB760421B}.AppStore|ARM.Deploy.0 = Release|ARM
		{798EBD3C-31FA-40A0-B14B-B45AB760421B}.AppStore|iPhone.ActiveCfg = Release|x86
		{798EBD3C-31FA-40A0-B14B-B45AB760421B}.AppStore|iPhone.Build.0 = Release|x86
		{798EBD3C-31FA-40A0-B14B-B45AB760421B}.AppStore|iPhone.Deploy.0 = Release|x86
		{798EBD3C-31FA-40A0-B14B-B45AB760421B}.AppStore|iPhoneSimulator.ActiveCfg = Release|x86
		{798EBD3C-31FA-40A0-B14B-B45AB760421B}.AppStore|iPhoneSimulator.Build.0 = Release|x86
		{798EBD3C-31FA-40A0-B14B-B45AB760421B}.AppStore|iPhoneSimulator.Deploy.0 = Release|x86
		{798EBD3C-31FA-40A0-B14B-B45AB760421B}.AppStore|x64.ActiveCfg = Release|x64
		{798EBD3C-31FA-40A0-B14B-B45AB760421B}.AppStore|x64.Build.0 = Release|x64
		{798EBD3C-31FA-40A0-B14B-B45AB760421B}.AppStore|x64.Deploy.0 = Release|x64
		{798EBD3C-31FA-40A0-B14B-B45AB760421B}.AppStore|x86.ActiveCfg = Release|x86
		{798EBD3C-31FA-40A0-B14B-B45AB760421B}.AppStore|x86.Build.0 = Release|x86
		{798EBD3C-31FA-40A0-B14B-B45AB760421B}.AppStore|x86.Deploy.0 = Release|x86
		{798EBD3C-31FA-40A0-B14B-B45AB760421B}.Debug|Any CPU.ActiveCfg = Debug|x86
		{798EBD3C-31FA-40A0-B14B-B45AB760421B}.Debug|ARM.ActiveCfg = Debug|ARM
		{798EBD3C-31FA-40A0-B14B-B45AB760421B}.Debug|ARM.Build.0 = Debug|ARM
		{798EBD3C-31FA-40A0-B14B-B45AB760421B}.Debug|ARM.Deploy.0 = Debug|ARM
		{798EBD3C-31FA-40A0-B14B-B45AB760421B}.Debug|iPhone.ActiveCfg = Debug|x86
		{798EBD3C-31FA-40A0-B14B-B45AB760421B}.Debug|iPhoneSimulator.ActiveCfg = Debug|x86
		{798EBD3C-31FA-40A0-B14B-B45AB760421B}.Debug|x64.ActiveCfg = Debug|x64
		{798EBD3C-31FA-40A0-B14B-B45AB760421B}.Debug|x64.Build.0 = Debug|x64
		{798EBD3C-31FA-40A0-B14B-B45AB760421B}.Debug|x64.Deploy.0 = Debug|x64
		{798EBD3C-31FA-40A0-B14B-B45AB760421B}.Debug|x86.ActiveCfg = Debug|x86
		{798EBD3C-31FA-40A0-B14B-B45AB760421B}.Debug|x86.Build.0 = Debug|x86
		{798EBD3C-31FA-40A0-B14B-B45AB760421B}.Debug|x86.Deploy.0 = Debug|x86
		{798EBD3C-31FA-40A0-B14B-B45AB760421B}.Release|Any CPU.ActiveCfg = Release|x86
		{798EBD3C-31FA-40A0-B14B-B45AB760421B}.Release|ARM.ActiveCfg = Release|ARM
		{798EBD3C-31FA-40A0-B14B-B45AB760421B}.Release|ARM.Build.0 = Release|ARM
		{798EBD3C-31FA-40A0-B14B-B45AB760421B}.Release|ARM.Deploy.0 = Release|ARM
		{798EBD3C-31FA-40A0-B14B-B45AB760421B}.Release|iPhone.ActiveCfg = Release|x86
		{798EBD3C-31FA-40A0-B14B-B45AB760421B}.Release|iPhoneSimulator.ActiveCfg = Release|x86
		{798EBD3C-31FA-40A0-B14B-B45AB760421B}.Release|x64.ActiveCfg = Release|x64
		{798EBD3C-31FA-40A0-B14B-B45AB760421B}.Release|x64.Build.0 = Release|x64
		{798EBD3C-31FA-40A0-B14B-B45AB760421B}.Release|x64.Deploy.0 = Release|x64
		{798EBD3C-31FA-40A0-B14B-B45AB760421B}.Release|x86.ActiveCfg = Release|x86
		{798EBD3C-31FA-40A0-B14B-B45AB760421B}.Release|x86.Build.0 = Release|x86
		{798EBD3C-31FA-40A0-B14B-B45AB760421B}.Release|x86.Deploy.0 = Release|x86
		{4D58051B-FF4A-4F9A-86CD-471E50B4B85A}.Ad-Hoc|Any CPU.ActiveCfg = Debug|Any CPU
		{4D58051B-FF4A-4F9A-86CD-471E50B4B85A}.Ad-Hoc|Any CPU.Build.0 = Debug|Any CPU
		{4D58051B-FF4A-4F9A-86CD-471E50B4B85A}.Ad-Hoc|ARM.ActiveCfg = Debug|Any CPU
		{4D58051B-FF4A-4F9A-86CD-471E50B4B85A}.Ad-Hoc|ARM.Build.0 = Debug|Any CPU
		{4D58051B-FF4A-4F9A-86CD-471E50B4B85A}.Ad-Hoc|iPhone.ActiveCfg = Debug|Any CPU
		{4D58051B-FF4A-4F9A-86CD-471E50B4B85A}.Ad-Hoc|iPhone.Build.0 = Debug|Any CPU
		{4D58051B-FF4A-4F9A-86CD-471E50B4B85A}.Ad-Hoc|iPhoneSimulator.ActiveCfg = Debug|Any CPU
		{4D58051B-FF4A-4F9A-86CD-471E50B4B85A}.Ad-Hoc|iPhoneSimulator.Build.0 = Debug|Any CPU
		{4D58051B-FF4A-4F9A-86CD-471E50B4B85A}.Ad-Hoc|x64.ActiveCfg = Debug|Any CPU
		{4D58051B-FF4A-4F9A-86CD-471E50B4B85A}.Ad-Hoc|x64.Build.0 = Debug|Any CPU
		{4D58051B-FF4A-4F9A-86CD-471E50B4B85A}.Ad-Hoc|x86.ActiveCfg = Debug|Any CPU
		{4D58051B-FF4A-4F9A-86CD-471E50B4B85A}.Ad-Hoc|x86.Build.0 = Debug|Any CPU
		{4D58051B-FF4A-4F9A-86CD-471E50B4B85A}.AppStore|Any CPU.ActiveCfg = Debug|Any CPU
		{4D58051B-FF4A-4F9A-86CD-471E50B4B85A}.AppStore|Any CPU.Build.0 = Debug|Any CPU
		{4D58051B-FF4A-4F9A-86CD-471E50B4B85A}.AppStore|ARM.ActiveCfg = Debug|Any CPU
		{4D58051B-FF4A-4F9A-86CD-471E50B4B85A}.AppStore|ARM.Build.0 = Debug|Any CPU
		{4D58051B-FF4A-4F9A-86CD-471E50B4B85A}.AppStore|iPhone.ActiveCfg = Debug|Any CPU
		{4D58051B-FF4A-4F9A-86CD-471E50B4B85A}.AppStore|iPhone.Build.0 = Debug|Any CPU
		{4D58051B-FF4A-4F9A-86CD-471E50B4B85A}.AppStore|iPhoneSimulator.ActiveCfg = Debug|Any CPU
		{4D58051B-FF4A-4F9A-86CD-471E50B4B85A}.AppStore|iPhoneSimulator.Build.0 = Debug|Any CPU
		{4D58051B-FF4A-4F9A-86CD-471E50B4B85A}.AppStore|x64.ActiveCfg = Debug|Any CPU
		{4D58051B-FF4A-4F9A-86CD-471E50B4B85A}.AppStore|x64.Build.0 = Debug|Any CPU
		{4D58051B-FF4A-4F9A-86CD-471E50B4B85A}.AppStore|x86.ActiveCfg = Debug|Any CPU
		{4D58051B-FF4A-4F9A-86CD-471E50B4B85A}.AppStore|x86.Build.0 = Debug|Any CPU
		{4D58051B-FF4A-4F9A-86CD-471E50B4B85A}.Debug|Any CPU.ActiveCfg = Debug|Any CPU
		{4D58051B-FF4A-4F9A-86CD-471E50B4B85A}.Debug|Any CPU.Build.0 = Debug|Any CPU
		{4D58051B-FF4A-4F9A-86CD-471E50B4B85A}.Debug|ARM.ActiveCfg = Debug|Any CPU
		{4D58051B-FF4A-4F9A-86CD-471E50B4B85A}.Debug|ARM.Build.0 = Debug|Any CPU
		{4D58051B-FF4A-4F9A-86CD-471E50B4B85A}.Debug|iPhone.ActiveCfg = Debug|Any CPU
		{4D58051B-FF4A-4F9A-86CD-471E50B4B85A}.Debug|iPhone.Build.0 = Debug|Any CPU
		{4D58051B-FF4A-4F9A-86CD-471E50B4B85A}.Debug|iPhoneSimulator.ActiveCfg = Debug|Any CPU
		{4D58051B-FF4A-4F9A-86CD-471E50B4B85A}.Debug|iPhoneSimulator.Build.0 = Debug|Any CPU
		{4D58051B-FF4A-4F9A-86CD-471E50B4B85A}.Debug|x64.ActiveCfg = Debug|Any CPU
		{4D58051B-FF4A-4F9A-86CD-471E50B4B85A}.Debug|x64.Build.0 = Debug|Any CPU
		{4D58051B-FF4A-4F9A-86CD-471E50B4B85A}.Debug|x86.ActiveCfg = Debug|Any CPU
		{4D58051B-FF4A-4F9A-86CD-471E50B4B85A}.Debug|x86.Build.0 = Debug|Any CPU
		{4D58051B-FF4A-4F9A-86CD-471E50B4B85A}.Release|Any CPU.ActiveCfg = Release|Any CPU
		{4D58051B-FF4A-4F9A-86CD-471E50B4B85A}.Release|Any CPU.Build.0 = Release|Any CPU
		{4D58051B-FF4A-4F9A-86CD-471E50B4B85A}.Release|ARM.ActiveCfg = Release|Any CPU
		{4D58051B-FF4A-4F9A-86CD-471E50B4B85A}.Release|ARM.Build.0 = Release|Any CPU
		{4D58051B-FF4A-4F9A-86CD-471E50B4B85A}.Release|iPhone.ActiveCfg = Release|Any CPU
		{4D58051B-FF4A-4F9A-86CD-471E50B4B85A}.Release|iPhone.Build.0 = Release|Any CPU
		{4D58051B-FF4A-4F9A-86CD-471E50B4B85A}.Release|iPhoneSimulator.ActiveCfg = Release|Any CPU
		{4D58051B-FF4A-4F9A-86CD-471E50B4B85A}.Release|iPhoneSimulator.Build.0 = Release|Any CPU
		{4D58051B-FF4A-4F9A-86CD-471E50B4B85A}.Release|x64.ActiveCfg = Release|Any CPU
		{4D58051B-FF4A-4F9A-86CD-471E50B4B85A}.Release|x64.Build.0 = Release|Any CPU
		{4D58051B-FF4A-4F9A-86CD-471E50B4B85A}.Release|x86.ActiveCfg = Release|Any CPU
		{4D58051B-FF4A-4F9A-86CD-471E50B4B85A}.Release|x86.Build.0 = Release|Any CPU
	EndGlobalSection
	GlobalSection(SolutionProperties) = preSolution
		HideSolutionNode = FALSE
	EndGlobalSection
	GlobalSection(ExtensibilityGlobals) = postSolution
		SolutionGuid = {8F74D814-9384-49C7-B095-3B3776012F9C}
	EndGlobalSection
EndGlobal
