
Microsoft Visual Studio Solution File, Format Version 12.00
# Visual Studio 15
VisualStudioVersion = 15.0.27130.2027
MinimumVisualStudioVersion = 10.0.40219.1
Project("{FAE04EC0-301F-11D3-BF4B-00C04F79EFBC}") = "App1_Mimica.Android", "App1_Mimica\App1_Mimica.Android\App1_Mimica.Android.csproj", "{12DC61B8-933C-437B-B378-7C4CBE61E261}"
EndProject
Project("{FAE04EC0-301F-11D3-BF4B-00C04F79EFBC}") = "App1_Mimica.iOS", "App1_Mimica\App1_Mimica.iOS\App1_Mimica.iOS.csproj", "{F1475D7B-C8E1-48B5-82A6-6AD6F2D6498D}"
EndProject
Project("{FAE04EC0-301F-11D3-BF4B-00C04F79EFBC}") = "App1_Mimica.UWP", "App1_Mimica\App1_Mimica.UWP\App1_Mimica.UWP.csproj", "{CD329801-F69F-4B69-A708-8798A9CF1373}"
EndProject
Project("{FAE04EC0-301F-11D3-BF4B-00C04F79EFBC}") = "App1_Mimica", "App1_Mimica\App1_Mimica\App1_Mimica.csproj", "{5486B936-F134-46FE-A9C5-4553E00B8632}"
EndProject
Global
	GlobalSection(SolutionConfigurationPlatforms) = preSolution
		Ad-Hoc|Any CPU = Ad-Hoc|Any CPU
		Ad-Hoc|ARM = Ad-Hoc|ARM
		Ad-Hoc|iPhone = Ad-Hoc|iPhone
		Ad-Hoc|iPhoneSimulator = Ad-Hoc|iPhoneSimulator
		Ad-Hoc|x64 = Ad-Hoc|x64
		Ad-Hoc|x86 = Ad-Hoc|x86
		AppStore|Any CPU = AppStore|Any CPU
		AppStore|ARM = AppStore|ARM
		AppStore|iPhone = AppStore|iPhone
		AppStore|iPhoneSimulator = AppStore|iPhoneSimulator
		AppStore|x64 = AppStore|x64
		AppStore|x86 = AppStore|x86
		Debug|Any CPU = Debug|Any CPU
		Debug|ARM = Debug|ARM
		Debug|iPhone = Debug|iPhone
		Debug|iPhoneSimulator = Debug|iPhoneSimulator
		Debug|x64 = Debug|x64
		Debug|x86 = Debug|x86
		Release|Any CPU = Release|Any CPU
		Release|ARM = Release|ARM
		Release|iPhone = Release|iPhone
		Release|iPhoneSimulator = Release|iPhoneSimulator
		Release|x64 = Release|x64
		Release|x86 = Release|x86
	EndGlobalSection
	GlobalSection(ProjectConfigurationPlatforms) = postSolution
		{12DC61B8-933C-437B-B378-7C4CBE61E261}.Ad-Hoc|Any CPU.ActiveCfg = Release|Any CPU
		{12DC61B8-933C-437B-B378-7C4CBE61E261}.Ad-Hoc|Any CPU.Build.0 = Release|Any CPU
		{12DC61B8-933C-437B-B378-7C4CBE61E261}.Ad-Hoc|Any CPU.Deploy.0 = Release|Any CPU
		{12DC61B8-933C-437B-B378-7C4CBE61E261}.Ad-Hoc|ARM.ActiveCfg = Release|Any CPU
		{12DC61B8-933C-437B-B378-7C4CBE61E261}.Ad-Hoc|ARM.Build.0 = Release|Any CPU
		{12DC61B8-933C-437B-B378-7C4CBE61E261}.Ad-Hoc|ARM.Deploy.0 = Release|Any CPU
		{12DC61B8-933C-437B-B378-7C4CBE61E261}.Ad-Hoc|iPhone.ActiveCfg = Release|Any CPU
		{12DC61B8-933C-437B-B378-7C4CBE61E261}.Ad-Hoc|iPhone.Build.0 = Release|Any CPU
		{12DC61B8-933C-437B-B378-7C4CBE61E261}.Ad-Hoc|iPhone.Deploy.0 = Release|Any CPU
		{12DC61B8-933C-437B-B378-7C4CBE61E261}.Ad-Hoc|iPhoneSimulator.ActiveCfg = Release|Any CPU
		{12DC61B8-933C-437B-B378-7C4CBE61E261}.Ad-Hoc|iPhoneSimulator.Build.0 = Release|Any CPU
		{12DC61B8-933C-437B-B378-7C4CBE61E261}.Ad-Hoc|iPhoneSimulator.Deploy.0 = Release|Any CPU
		{12DC61B8-933C-437B-B378-7C4CBE61E261}.Ad-Hoc|x64.ActiveCfg = Release|Any CPU
		{12DC61B8-933C-437B-B378-7C4CBE61E261}.Ad-Hoc|x64.Build.0 = Release|Any CPU
		{12DC61B8-933C-437B-B378-7C4CBE61E261}.Ad-Hoc|x64.Deploy.0 = Release|Any CPU
		{12DC61B8-933C-437B-B378-7C4CBE61E261}.Ad-Hoc|x86.ActiveCfg = Release|Any CPU
		{12DC61B8-933C-437B-B378-7C4CBE61E261}.Ad-Hoc|x86.Build.0 = Release|Any CPU
		{12DC61B8-933C-437B-B378-7C4CBE61E261}.Ad-Hoc|x86.Deploy.0 = Release|Any CPU
		{12DC61B8-933C-437B-B378-7C4CBE61E261}.AppStore|Any CPU.ActiveCfg = Release|Any CPU
		{12DC61B8-933C-437B-B378-7C4CBE61E261}.AppStore|Any CPU.Build.0 = Release|Any CPU
		{12DC61B8-933C-437B-B378-7C4CBE61E261}.AppStore|Any CPU.Deploy.0 = Release|Any CPU
		{12DC61B8-933C-437B-B378-7C4CBE61E261}.AppStore|ARM.ActiveCfg = Release|Any CPU
		{12DC61B8-933C-437B-B378-7C4CBE61E261}.AppStore|ARM.Build.0 = Release|Any CPU
		{12DC61B8-933C-437B-B378-7C4CBE61E261}.AppStore|ARM.Deploy.0 = Release|Any CPU
		{12DC61B8-933C-437B-B378-7C4CBE61E261}.AppStore|iPhone.ActiveCfg = Release|Any CPU
		{12DC61B8-933C-437B-B378-7C4CBE61E261}.AppStore|iPhone.Build.0 = Release|Any CPU
		{12DC61B8-933C-437B-B378-7C4CBE61E261}.AppStore|iPhone.Deploy.0 = Release|Any CPU
		{12DC61B8-933C-437B-B378-7C4CBE61E261}.AppStore|iPhoneSimulator.ActiveCfg = Release|Any CPU
		{12DC61B8-933C-437B-B378-7C4CBE61E261}.AppStore|iPhoneSimulator.Build.0 = Release|Any CPU
		{12DC61B8-933C-437B-B378-7C4CBE61E261}.AppStore|iPhoneSimulator.Deploy.0 = Release|Any CPU
		{12DC61B8-933C-437B-B378-7C4CBE61E261}.AppStore|x64.ActiveCfg = Release|Any CPU
		{12DC61B8-933C-437B-B378-7C4CBE61E261}.AppStore|x64.Build.0 = Release|Any CPU
		{12DC61B8-933C-437B-B378-7C4CBE61E261}.AppStore|x64.Deploy.0 = Release|Any CPU
		{12DC61B8-933C-437B-B378-7C4CBE61E261}.AppStore|x86.ActiveCfg = Release|Any CPU
		{12DC61B8-933C-437B-B378-7C4CBE61E261}.AppStore|x86.Build.0 = Release|Any CPU
		{12DC61B8-933C-437B-B378-7C4CBE61E261}.AppStore|x86.Deploy.0 = Release|Any CPU
		{12DC61B8-933C-437B-B378-7C4CBE61E261}.Debug|Any CPU.ActiveCfg = Debug|Any CPU
		{12DC61B8-933C-437B-B378-7C4CBE61E261}.Debug|Any CPU.Build.0 = Debug|Any CPU
		{12DC61B8-933C-437B-B378-7C4CBE61E261}.Debug|Any CPU.Deploy.0 = Debug|Any CPU
		{12DC61B8-933C-437B-B378-7C4CBE61E261}.Debug|ARM.ActiveCfg = Debug|Any CPU
		{12DC61B8-933C-437B-B378-7C4CBE61E261}.Debug|ARM.Build.0 = Debug|Any CPU
		{12DC61B8-933C-437B-B378-7C4CBE61E261}.Debug|ARM.Deploy.0 = Debug|Any CPU
		{12DC61B8-933C-437B-B378-7C4CBE61E261}.Debug|iPhone.ActiveCfg = Debug|Any CPU
		{12DC61B8-933C-437B-B378-7C4CBE61E261}.Debug|iPhone.Build.0 = Debug|Any CPU
		{12DC61B8-933C-437B-B378-7C4CBE61E261}.Debug|iPhone.Deploy.0 = Debug|Any CPU
		{12DC61B8-933C-437B-B378-7C4CBE61E261}.Debug|iPhoneSimulator.ActiveCfg = Debug|Any CPU
		{12DC61B8-933C-437B-B378-7C4CBE61E261}.Debug|iPhoneSimulator.Build.0 = Debug|Any CPU
		{12DC61B8-933C-437B-B378-7C4CBE61E261}.Debug|iPhoneSimulator.Deploy.0 = Debug|Any CPU
		{12DC61B8-933C-437B-B378-7C4CBE61E261}.Debug|x64.ActiveCfg = Debug|Any CPU
		{12DC61B8-933C-437B-B378-7C4CBE61E261}.Debug|x64.Build.0 = Debug|Any CPU
		{12DC61B8-933C-437B-B378-7C4CBE61E261}.Debug|x64.Deploy.0 = Debug|Any CPU
		{12DC61B8-933C-437B-B378-7C4CBE61E261}.Debug|x86.ActiveCfg = Debug|Any CPU
		{12DC61B8-933C-437B-B378-7C4CBE61E261}.Debug|x86.Build.0 = Debug|Any CPU
		{12DC61B8-933C-437B-B378-7C4CBE61E261}.Debug|x86.Deploy.0 = Debug|Any CPU
		{12DC61B8-933C-437B-B378-7C4CBE61E261}.Release|Any CPU.ActiveCfg = Release|Any CPU
		{12DC61B8-933C-437B-B378-7C4CBE61E261}.Release|Any CPU.Build.0 = Release|Any CPU
		{12DC61B8-933C-437B-B378-7C4CBE61E261}.Release|Any CPU.Deploy.0 = Release|Any CPU
		{12DC61B8-933C-437B-B378-7C4CBE61E261}.Release|ARM.ActiveCfg = Release|Any CPU
		{12DC61B8-933C-437B-B378-7C4CBE61E261}.Release|ARM.Build.0 = Release|Any CPU
		{12DC61B8-933C-437B-B378-7C4CBE61E261}.Release|ARM.Deploy.0 = Release|Any CPU
		{12DC61B8-933C-437B-B378-7C4CBE61E261}.Release|iPhone.ActiveCfg = Release|Any CPU
		{12DC61B8-933C-437B-B378-7C4CBE61E261}.Release|iPhone.Build.0 = Release|Any CPU
		{12DC61B8-933C-437B-B378-7C4CBE61E261}.Release|iPhone.Deploy.0 = Release|Any CPU
		{12DC61B8-933C-437B-B378-7C4CBE61E261}.Release|iPhoneSimulator.ActiveCfg = Release|Any CPU
		{12DC61B8-933C-437B-B378-7C4CBE61E261}.Release|iPhoneSimulator.Build.0 = Release|Any CPU
		{12DC61B8-933C-437B-B378-7C4CBE61E261}.Release|iPhoneSimulator.Deploy.0 = Release|Any CPU
		{12DC61B8-933C-437B-B378-7C4CBE61E261}.Release|x64.ActiveCfg = Release|Any CPU
		{12DC61B8-933C-437B-B378-7C4CBE61E261}.Release|x64.Build.0 = Release|Any CPU
		{12DC61B8-933C-437B-B378-7C4CBE61E261}.Release|x64.Deploy.0 = Release|Any CPU
		{12DC61B8-933C-437B-B378-7C4CBE61E261}.Release|x86.ActiveCfg = Release|Any CPU
		{12DC61B8-933C-437B-B378-7C4CBE61E261}.Release|x86.Build.0 = Release|Any CPU
		{12DC61B8-933C-437B-B378-7C4CBE61E261}.Release|x86.Deploy.0 = Release|Any CPU
		{F1475D7B-C8E1-48B5-82A6-6AD6F2D6498D}.Ad-Hoc|Any CPU.ActiveCfg = Ad-Hoc|iPhone
		{F1475D7B-C8E1-48B5-82A6-6AD6F2D6498D}.Ad-Hoc|ARM.ActiveCfg = Ad-Hoc|iPhone
		{F1475D7B-C8E1-48B5-82A6-6AD6F2D6498D}.Ad-Hoc|iPhone.ActiveCfg = Ad-Hoc|iPhone
		{F1475D7B-C8E1-48B5-82A6-6AD6F2D6498D}.Ad-Hoc|iPhone.Build.0 = Ad-Hoc|iPhone
		{F1475D7B-C8E1-48B5-82A6-6AD6F2D6498D}.Ad-Hoc|iPhoneSimulator.ActiveCfg = Ad-Hoc|iPhoneSimulator
		{F1475D7B-C8E1-48B5-82A6-6AD6F2D6498D}.Ad-Hoc|iPhoneSimulator.Build.0 = Ad-Hoc|iPhoneSimulator
		{F1475D7B-C8E1-48B5-82A6-6AD6F2D6498D}.Ad-Hoc|x64.ActiveCfg = Ad-Hoc|iPhone
		{F1475D7B-C8E1-48B5-82A6-6AD6F2D6498D}.Ad-Hoc|x86.ActiveCfg = Ad-Hoc|iPhone
		{F1475D7B-C8E1-48B5-82A6-6AD6F2D6498D}.AppStore|Any CPU.ActiveCfg = AppStore|iPhone
		{F1475D7B-C8E1-48B5-82A6-6AD6F2D6498D}.AppStore|ARM.ActiveCfg = AppStore|iPhone
		{F1475D7B-C8E1-48B5-82A6-6AD6F2D6498D}.AppStore|iPhone.ActiveCfg = AppStore|iPhone
		{F1475D7B-C8E1-48B5-82A6-6AD6F2D6498D}.AppStore|iPhone.Build.0 = AppStore|iPhone
		{F1475D7B-C8E1-48B5-82A6-6AD6F2D6498D}.AppStore|iPhoneSimulator.ActiveCfg = AppStore|iPhoneSimulator
		{F1475D7B-C8E1-48B5-82A6-6AD6F2D6498D}.AppStore|iPhoneSimulator.Build.0 = AppStore|iPhoneSimulator
		{F1475D7B-C8E1-48B5-82A6-6AD6F2D6498D}.AppStore|x64.ActiveCfg = AppStore|iPhone
		{F1475D7B-C8E1-48B5-82A6-6AD6F2D6498D}.AppStore|x86.ActiveCfg = AppStore|iPhone
		{F1475D7B-C8E1-48B5-82A6-6AD6F2D6498D}.Debug|Any CPU.ActiveCfg = Debug|iPhone
		{F1475D7B-C8E1-48B5-82A6-6AD6F2D6498D}.Debug|ARM.ActiveCfg = Debug|iPhone
		{F1475D7B-C8E1-48B5-82A6-6AD6F2D6498D}.Debug|iPhone.ActiveCfg = Debug|iPhone
		{F1475D7B-C8E1-48B5-82A6-6AD6F2D6498D}.Debug|iPhone.Build.0 = Debug|iPhone
		{F1475D7B-C8E1-48B5-82A6-6AD6F2D6498D}.Debug|iPhoneSimulator.ActiveCfg = Debug|iPhoneSimulator
		{F1475D7B-C8E1-48B5-82A6-6AD6F2D6498D}.Debug|iPhoneSimulator.Build.0 = Debug|iPhoneSimulator
		{F1475D7B-C8E1-48B5-82A6-6AD6F2D6498D}.Debug|x64.ActiveCfg = Debug|iPhone
		{F1475D7B-C8E1-48B5-82A6-6AD6F2D6498D}.Debug|x86.ActiveCfg = Debug|iPhone
		{F1475D7B-C8E1-48B5-82A6-6AD6F2D6498D}.Release|Any CPU.ActiveCfg = Release|iPhone
		{F1475D7B-C8E1-48B5-82A6-6AD6F2D6498D}.Release|ARM.ActiveCfg = Release|iPhone
		{F1475D7B-C8E1-48B5-82A6-6AD6F2D6498D}.Release|iPhone.ActiveCfg = Release|iPhone
		{F1475D7B-C8E1-48B5-82A6-6AD6F2D6498D}.Release|iPhone.Build.0 = Release|iPhone
		{F1475D7B-C8E1-48B5-82A6-6AD6F2D6498D}.Release|iPhoneSimulator.ActiveCfg = Release|iPhoneSimulator
		{F1475D7B-C8E1-48B5-82A6-6AD6F2D6498D}.Release|iPhoneSimulator.Build.0 = Release|iPhoneSimulator
		{F1475D7B-C8E1-48B5-82A6-6AD6F2D6498D}.Release|x64.ActiveCfg = Release|iPhone
		{F1475D7B-C8E1-48B5-82A6-6AD6F2D6498D}.Release|x86.ActiveCfg = Release|iPhone
		{CD329801-F69F-4B69-A708-8798A9CF1373}.Ad-Hoc|Any CPU.ActiveCfg = Release|x86
		{CD329801-F69F-4B69-A708-8798A9CF1373}.Ad-Hoc|Any CPU.Build.0 = Release|x86
		{CD329801-F69F-4B69-A708-8798A9CF1373}.Ad-Hoc|Any CPU.Deploy.0 = Release|x86
		{CD329801-F69F-4B69-A708-8798A9CF1373}.Ad-Hoc|ARM.ActiveCfg = Release|ARM
		{CD329801-F69F-4B69-A708-8798A9CF1373}.Ad-Hoc|ARM.Build.0 = Release|ARM
		{CD329801-F69F-4B69-A708-8798A9CF1373}.Ad-Hoc|ARM.Deploy.0 = Release|ARM
		{CD329801-F69F-4B69-A708-8798A9CF1373}.Ad-Hoc|iPhone.ActiveCfg = Release|x86
		{CD329801-F69F-4B69-A708-8798A9CF1373}.Ad-Hoc|iPhone.Build.0 = Release|x86
		{CD329801-F69F-4B69-A708-8798A9CF1373}.Ad-Hoc|iPhone.Deploy.0 = Release|x86
		{CD329801-F69F-4B69-A708-8798A9CF1373}.Ad-Hoc|iPhoneSimulator.ActiveCfg = Release|x86
		{CD329801-F69F-4B69-A708-8798A9CF1373}.Ad-Hoc|iPhoneSimulator.Build.0 = Release|x86
		{CD329801-F69F-4B69-A708-8798A9CF1373}.Ad-Hoc|iPhoneSimulator.Deploy.0 = Release|x86
		{CD329801-F69F-4B69-A708-8798A9CF1373}.Ad-Hoc|x64.ActiveCfg = Release|x64
		{CD329801-F69F-4B69-A708-8798A9CF1373}.Ad-Hoc|x64.Build.0 = Release|x64
		{CD329801-F69F-4B69-A708-8798A9CF1373}.Ad-Hoc|x64.Deploy.0 = Release|x64
		{CD329801-F69F-4B69-A708-8798A9CF1373}.Ad-Hoc|x86.ActiveCfg = Release|x86
		{CD329801-F69F-4B69-A708-8798A9CF1373}.Ad-Hoc|x86.Build.0 = Release|x86
		{CD329801-F69F-4B69-A708-8798A9CF1373}.Ad-Hoc|x86.Deploy.0 = Release|x86
		{CD329801-F69F-4B69-A708-8798A9CF1373}.AppStore|Any CPU.ActiveCfg = Release|x86
		{CD329801-F69F-4B69-A708-8798A9CF1373}.AppStore|Any CPU.Build.0 = Release|x86
		{CD329801-F69F-4B69-A708-8798A9CF1373}.AppStore|Any CPU.Deploy.0 = Release|x86
		{CD329801-F69F-4B69-A708-8798A9CF1373}.AppStore|ARM.ActiveCfg = Release|ARM
		{CD329801-F69F-4B69-A708-8798A9CF1373}.AppStore|ARM.Build.0 = Release|ARM
		{CD329801-F69F-4B69-A708-8798A9CF1373}.AppStore|ARM.Deploy.0 = Release|ARM
		{CD329801-F69F-4B69-A708-8798A9CF1373}.AppStore|iPhone.ActiveCfg = Release|x86
		{CD329801-F69F-4B69-A708-8798A9CF1373}.AppStore|iPhone.Build.0 = Release|x86
		{CD329801-F69F-4B69-A708-8798A9CF1373}.AppStore|iPhone.Deploy.0 = Release|x86
		{CD329801-F69F-4B69-A708-8798A9CF1373}.AppStore|iPhoneSimulator.ActiveCfg = Release|x86
		{CD329801-F69F-4B69-A708-8798A9CF1373}.AppStore|iPhoneSimulator.Build.0 = Release|x86
		{CD329801-F69F-4B69-A708-8798A9CF1373}.AppStore|iPhoneSimulator.Deploy.0 = Release|x86
		{CD329801-F69F-4B69-A708-8798A9CF1373}.AppStore|x64.ActiveCfg = Release|x64
		{CD329801-F69F-4B69-A708-8798A9CF1373}.AppStore|x64.Build.0 = Release|x64
		{CD329801-F69F-4B69-A708-8798A9CF1373}.AppStore|x64.Deploy.0 = Release|x64
		{CD329801-F69F-4B69-A708-8798A9CF1373}.AppStore|x86.ActiveCfg = Release|x86
		{CD329801-F69F-4B69-A708-8798A9CF1373}.AppStore|x86.Build.0 = Release|x86
		{CD329801-F69F-4B69-A708-8798A9CF1373}.AppStore|x86.Deploy.0 = Release|x86
		{CD329801-F69F-4B69-A708-8798A9CF1373}.Debug|Any CPU.ActiveCfg = Debug|x86
		{CD329801-F69F-4B69-A708-8798A9CF1373}.Debug|ARM.ActiveCfg = Debug|ARM
		{CD329801-F69F-4B69-A708-8798A9CF1373}.Debug|ARM.Build.0 = Debug|ARM
		{CD329801-F69F-4B69-A708-8798A9CF1373}.Debug|ARM.Deploy.0 = Debug|ARM
		{CD329801-F69F-4B69-A708-8798A9CF1373}.Debug|iPhone.ActiveCfg = Debug|x86
		{CD329801-F69F-4B69-A708-8798A9CF1373}.Debug|iPhoneSimulator.ActiveCfg = Debug|x86
		{CD329801-F69F-4B69-A708-8798A9CF1373}.Debug|x64.ActiveCfg = Debug|x64
		{CD329801-F69F-4B69-A708-8798A9CF1373}.Debug|x64.Build.0 = Debug|x64
		{CD329801-F69F-4B69-A708-8798A9CF1373}.Debug|x64.Deploy.0 = Debug|x64
		{CD329801-F69F-4B69-A708-8798A9CF1373}.Debug|x86.ActiveCfg = Debug|x86
		{CD329801-F69F-4B69-A708-8798A9CF1373}.Debug|x86.Build.0 = Debug|x86
		{CD329801-F69F-4B69-A708-8798A9CF1373}.Debug|x86.Deploy.0 = Debug|x86
		{CD329801-F69F-4B69-A708-8798A9CF1373}.Release|Any CPU.ActiveCfg = Release|x86
		{CD329801-F69F-4B69-A708-8798A9CF1373}.Release|ARM.ActiveCfg = Release|ARM
		{CD329801-F69F-4B69-A708-8798A9CF1373}.Release|ARM.Build.0 = Release|ARM
		{CD329801-F69F-4B69-A708-8798A9CF1373}.Release|ARM.Deploy.0 = Release|ARM
		{CD329801-F69F-4B69-A708-8798A9CF1373}.Release|iPhone.ActiveCfg = Release|x86
		{CD329801-F69F-4B69-A708-8798A9CF1373}.Release|iPhoneSimulator.ActiveCfg = Release|x86
		{CD329801-F69F-4B69-A708-8798A9CF1373}.Release|x64.ActiveCfg = Release|x64
		{CD329801-F69F-4B69-A708-8798A9CF1373}.Release|x64.Build.0 = Release|x64
		{CD329801-F69F-4B69-A708-8798A9CF1373}.Release|x64.Deploy.0 = Release|x64
		{CD329801-F69F-4B69-A708-8798A9CF1373}.Release|x86.ActiveCfg = Release|x86
		{CD329801-F69F-4B69-A708-8798A9CF1373}.Release|x86.Build.0 = Release|x86
		{CD329801-F69F-4B69-A708-8798A9CF1373}.Release|x86.Deploy.0 = Release|x86
		{5486B936-F134-46FE-A9C5-4553E00B8632}.Ad-Hoc|Any CPU.ActiveCfg = Debug|Any CPU
		{5486B936-F134-46FE-A9C5-4553E00B8632}.Ad-Hoc|Any CPU.Build.0 = Debug|Any CPU
		{5486B936-F134-46FE-A9C5-4553E00B8632}.Ad-Hoc|ARM.ActiveCfg = Debug|Any CPU
		{5486B936-F134-46FE-A9C5-4553E00B8632}.Ad-Hoc|ARM.Build.0 = Debug|Any CPU
		{5486B936-F134-46FE-A9C5-4553E00B8632}.Ad-Hoc|iPhone.ActiveCfg = Debug|Any CPU
		{5486B936-F134-46FE-A9C5-4553E00B8632}.Ad-Hoc|iPhone.Build.0 = Debug|Any CPU
		{5486B936-F134-46FE-A9C5-4553E00B8632}.Ad-Hoc|iPhoneSimulator.ActiveCfg = Debug|Any CPU
		{5486B936-F134-46FE-A9C5-4553E00B8632}.Ad-Hoc|iPhoneSimulator.Build.0 = Debug|Any CPU
		{5486B936-F134-46FE-A9C5-4553E00B8632}.Ad-Hoc|x64.ActiveCfg = Debug|Any CPU
		{5486B936-F134-46FE-A9C5-4553E00B8632}.Ad-Hoc|x64.Build.0 = Debug|Any CPU
		{5486B936-F134-46FE-A9C5-4553E00B8632}.Ad-Hoc|x86.ActiveCfg = Debug|Any CPU
		{5486B936-F134-46FE-A9C5-4553E00B8632}.Ad-Hoc|x86.Build.0 = Debug|Any CPU
		{5486B936-F134-46FE-A9C5-4553E00B8632}.AppStore|Any CPU.ActiveCfg = Debug|Any CPU
		{5486B936-F134-46FE-A9C5-4553E00B8632}.AppStore|Any CPU.Build.0 = Debug|Any CPU
		{5486B936-F134-46FE-A9C5-4553E00B8632}.AppStore|ARM.ActiveCfg = Debug|Any CPU
		{5486B936-F134-46FE-A9C5-4553E00B8632}.AppStore|ARM.Build.0 = Debug|Any CPU
		{5486B936-F134-46FE-A9C5-4553E00B8632}.AppStore|iPhone.ActiveCfg = Debug|Any CPU
		{5486B936-F134-46FE-A9C5-4553E00B8632}.AppStore|iPhone.Build.0 = Debug|Any CPU
		{5486B936-F134-46FE-A9C5-4553E00B8632}.AppStore|iPhoneSimulator.ActiveCfg = Debug|Any CPU
		{5486B936-F134-46FE-A9C5-4553E00B8632}.AppStore|iPhoneSimulator.Build.0 = Debug|Any CPU
		{5486B936-F134-46FE-A9C5-4553E00B8632}.AppStore|x64.ActiveCfg = Debug|Any CPU
		{5486B936-F134-46FE-A9C5-4553E00B8632}.AppStore|x64.Build.0 = Debug|Any CPU
		{5486B936-F134-46FE-A9C5-4553E00B8632}.AppStore|x86.ActiveCfg = Debug|Any CPU
		{5486B936-F134-46FE-A9C5-4553E00B8632}.AppStore|x86.Build.0 = Debug|Any CPU
		{5486B936-F134-46FE-A9C5-4553E00B8632}.Debug|Any CPU.ActiveCfg = Debug|Any CPU
		{5486B936-F134-46FE-A9C5-4553E00B8632}.Debug|Any CPU.Build.0 = Debug|Any CPU
		{5486B936-F134-46FE-A9C5-4553E00B8632}.Debug|ARM.ActiveCfg = Debug|Any CPU
		{5486B936-F134-46FE-A9C5-4553E00B8632}.Debug|ARM.Build.0 = Debug|Any CPU
		{5486B936-F134-46FE-A9C5-4553E00B8632}.Debug|iPhone.ActiveCfg = Debug|Any CPU
		{5486B936-F134-46FE-A9C5-4553E00B8632}.Debug|iPhone.Build.0 = Debug|Any CPU
		{5486B936-F134-46FE-A9C5-4553E00B8632}.Debug|iPhoneSimulator.ActiveCfg = Debug|Any CPU
		{5486B936-F134-46FE-A9C5-4553E00B8632}.Debug|iPhoneSimulator.Build.0 = Debug|Any CPU
		{5486B936-F134-46FE-A9C5-4553E00B8632}.Debug|x64.ActiveCfg = Debug|Any CPU
		{5486B936-F134-46FE-A9C5-4553E00B8632}.Debug|x64.Build.0 = Debug|Any CPU
		{5486B936-F134-46FE-A9C5-4553E00B8632}.Debug|x86.ActiveCfg = Debug|Any CPU
		{5486B936-F134-46FE-A9C5-4553E00B8632}.Debug|x86.Build.0 = Debug|Any CPU
		{5486B936-F134-46FE-A9C5-4553E00B8632}.Release|Any CPU.ActiveCfg = Release|Any CPU
		{5486B936-F134-46FE-A9C5-4553E00B8632}.Release|Any CPU.Build.0 = Release|Any CPU
		{5486B936-F134-46FE-A9C5-4553E00B8632}.Release|ARM.ActiveCfg = Release|Any CPU
		{5486B936-F134-46FE-A9C5-4553E00B8632}.Release|ARM.Build.0 = Release|Any CPU
		{5486B936-F134-46FE-A9C5-4553E00B8632}.Release|iPhone.ActiveCfg = Release|Any CPU
		{5486B936-F134-46FE-A9C5-4553E00B8632}.Release|iPhone.Build.0 = Release|Any CPU
		{5486B936-F134-46FE-A9C5-4553E00B8632}.Release|iPhoneSimulator.ActiveCfg = Release|Any CPU
		{5486B936-F134-46FE-A9C5-4553E00B8632}.Release|iPhoneSimulator.Build.0 = Release|Any CPU
		{5486B936-F134-46FE-A9C5-4553E00B8632}.Release|x64.ActiveCfg = Release|Any CPU
		{5486B936-F134-46FE-A9C5-4553E00B8632}.Release|x64.Build.0 = Release|Any CPU
		{5486B936-F134-46FE-A9C5-4553E00B8632}.Release|x86.ActiveCfg = Release|Any CPU
		{5486B936-F134-46FE-A9C5-4553E00B8632}.Release|x86.Build.0 = Release|Any CPU
	EndGlobalSection
	GlobalSection(SolutionProperties) = preSolution
		HideSolutionNode = FALSE
	EndGlobalSection
	GlobalSection(ExtensibilityGlobals) = postSolution
		SolutionGuid = {7EDAC216-4C1F-4246-B3A7-BC2BD1864549}
	EndGlobalSection
EndGlobal
