
Microsoft Visual Studio Solution File, Format Version 12.00
# Visual Studio 15
VisualStudioVersion = 15.0.27130.2027
MinimumVisualStudioVersion = 10.0.40219.1
Project("{FAE04EC0-301F-11D3-BF4B-00C04F79EFBC}") = "App01_EstudoLayoutXF.Android", "App01_EstudoLayoutXF\App01_EstudoLayoutXF.Android\App01_EstudoLayoutXF.Android.csproj", "{DC58A601-01BB-4D23-AC49-1FD9633AA4F6}"
EndProject
Project("{FAE04EC0-301F-11D3-BF4B-00C04F79EFBC}") = "App01_EstudoLayoutXF.iOS", "App01_EstudoLayoutXF\App01_EstudoLayoutXF.iOS\App01_EstudoLayoutXF.iOS.csproj", "{A3A2116C-B7C1-4983-A19A-0E513D789A57}"
EndProject
Project("{FAE04EC0-301F-11D3-BF4B-00C04F79EFBC}") = "App01_EstudoLayoutXF.UWP", "App01_EstudoLayoutXF\App01_EstudoLayoutXF.UWP\App01_EstudoLayoutXF.UWP.csproj", "{03E307CA-581C-4ADC-8A2B-B2F63BE8239D}"
EndProject
Project("{FAE04EC0-301F-11D3-BF4B-00C04F79EFBC}") = "App01_EstudoLayoutXF", "App01_EstudoLayoutXF\App01_EstudoLayoutXF\App01_EstudoLayoutXF.csproj", "{42D7CDE3-704A-4AFB-9A1D-A843A31D41AF}"
EndProject
Global
	GlobalSection(SolutionConfigurationPlatforms) = preSolution
		Ad-Hoc|Any CPU = Ad-Hoc|Any CPU
		Ad-Hoc|ARM = Ad-Hoc|ARM
		Ad-Hoc|iPhone = Ad-Hoc|iPhone
		Ad-Hoc|iPhoneSimulator = Ad-Hoc|iPhoneSimulator
		Ad-Hoc|x64 = Ad-Hoc|x64
		Ad-Hoc|x86 = Ad-Hoc|x86
		AppStore|Any CPU = AppStore|Any CPU
		AppStore|ARM = AppStore|ARM
		AppStore|iPhone = AppStore|iPhone
		AppStore|iPhoneSimulator = AppStore|iPhoneSimulator
		AppStore|x64 = AppStore|x64
		AppStore|x86 = AppStore|x86
		Debug|Any CPU = Debug|Any CPU
		Debug|ARM = Debug|ARM
		Debug|iPhone = Debug|iPhone
		Debug|iPhoneSimulator = Debug|iPhoneSimulator
		Debug|x64 = Debug|x64
		Debug|x86 = Debug|x86
		Release|Any CPU = Release|Any CPU
		Release|ARM = Release|ARM
		Release|iPhone = Release|iPhone
		Release|iPhoneSimulator = Release|iPhoneSimulator
		Release|x64 = Release|x64
		Release|x86 = Release|x86
	EndGlobalSection
	GlobalSection(ProjectConfigurationPlatforms) = postSolution
		{DC58A601-01BB-4D23-AC49-1FD9633AA4F6}.Ad-Hoc|Any CPU.ActiveCfg = Release|Any CPU
		{DC58A601-01BB-4D23-AC49-1FD9633AA4F6}.Ad-Hoc|Any CPU.Build.0 = Release|Any CPU
		{DC58A601-01BB-4D23-AC49-1FD9633AA4F6}.Ad-Hoc|Any CPU.Deploy.0 = Release|Any CPU
		{DC58A601-01BB-4D23-AC49-1FD9633AA4F6}.Ad-Hoc|ARM.ActiveCfg = Release|Any CPU
		{DC58A601-01BB-4D23-AC49-1FD9633AA4F6}.Ad-Hoc|ARM.Build.0 = Release|Any CPU
		{DC58A601-01BB-4D23-AC49-1FD9633AA4F6}.Ad-Hoc|ARM.Deploy.0 = Release|Any CPU
		{DC58A601-01BB-4D23-AC49-1FD9633AA4F6}.Ad-Hoc|iPhone.ActiveCfg = Release|Any CPU
		{DC58A601-01BB-4D23-AC49-1FD9633AA4F6}.Ad-Hoc|iPhone.Build.0 = Release|Any CPU
		{DC58A601-01BB-4D23-AC49-1FD9633AA4F6}.Ad-Hoc|iPhone.Deploy.0 = Release|Any CPU
		{DC58A601-01BB-4D23-AC49-1FD9633AA4F6}.Ad-Hoc|iPhoneSimulator.ActiveCfg = Release|Any CPU
		{DC58A601-01BB-4D23-AC49-1FD9633AA4F6}.Ad-Hoc|iPhoneSimulator.Build.0 = Release|Any CPU
		{DC58A601-01BB-4D23-AC49-1FD9633AA4F6}.Ad-Hoc|iPhoneSimulator.Deploy.0 = Release|Any CPU
		{DC58A601-01BB-4D23-AC49-1FD9633AA4F6}.Ad-Hoc|x64.ActiveCfg = Release|Any CPU
		{DC58A601-01BB-4D23-AC49-1FD9633AA4F6}.Ad-Hoc|x64.Build.0 = Release|Any CPU
		{DC58A601-01BB-4D23-AC49-1FD9633AA4F6}.Ad-Hoc|x64.Deploy.0 = Release|Any CPU
		{DC58A601-01BB-4D23-AC49-1FD9633AA4F6}.Ad-Hoc|x86.ActiveCfg = Release|Any CPU
		{DC58A601-01BB-4D23-AC49-1FD9633AA4F6}.Ad-Hoc|x86.Build.0 = Release|Any CPU
		{DC58A601-01BB-4D23-AC49-1FD9633AA4F6}.Ad-Hoc|x86.Deploy.0 = Release|Any CPU
		{DC58A601-01BB-4D23-AC49-1FD9633AA4F6}.AppStore|Any CPU.ActiveCfg = Release|Any CPU
		{DC58A601-01BB-4D23-AC49-1FD9633AA4F6}.AppStore|Any CPU.Build.0 = Release|Any CPU
		{DC58A601-01BB-4D23-AC49-1FD9633AA4F6}.AppStore|Any CPU.Deploy.0 = Release|Any CPU
		{DC58A601-01BB-4D23-AC49-1FD9633AA4F6}.AppStore|ARM.ActiveCfg = Release|Any CPU
		{DC58A601-01BB-4D23-AC49-1FD9633AA4F6}.AppStore|ARM.Build.0 = Release|Any CPU
		{DC58A601-01BB-4D23-AC49-1FD9633AA4F6}.AppStore|ARM.Deploy.0 = Release|Any CPU
		{DC58A601-01BB-4D23-AC49-1FD9633AA4F6}.AppStore|iPhone.ActiveCfg = Release|Any CPU
		{DC58A601-01BB-4D23-AC49-1FD9633AA4F6}.AppStore|iPhone.Build.0 = Release|Any CPU
		{DC58A601-01BB-4D23-AC49-1FD9633AA4F6}.AppStore|iPhone.Deploy.0 = Release|Any CPU
		{DC58A601-01BB-4D23-AC49-1FD9633AA4F6}.AppStore|iPhoneSimulator.ActiveCfg = Release|Any CPU
		{DC58A601-01BB-4D23-AC49-1FD9633AA4F6}.AppStore|iPhoneSimulator.Build.0 = Release|Any CPU
		{DC58A601-01BB-4D23-AC49-1FD9633AA4F6}.AppStore|iPhoneSimulator.Deploy.0 = Release|Any CPU
		{DC58A601-01BB-4D23-AC49-1FD9633AA4F6}.AppStore|x64.ActiveCfg = Release|Any CPU
		{DC58A601-01BB-4D23-AC49-1FD9633AA4F6}.AppStore|x64.Build.0 = Release|Any CPU
		{DC58A601-01BB-4D23-AC49-1FD9633AA4F6}.AppStore|x64.Deploy.0 = Release|Any CPU
		{DC58A601-01BB-4D23-AC49-1FD9633AA4F6}.AppStore|x86.ActiveCfg = Release|Any CPU
		{DC58A601-01BB-4D23-AC49-1FD9633AA4F6}.AppStore|x86.Build.0 = Release|Any CPU
		{DC58A601-01BB-4D23-AC49-1FD9633AA4F6}.AppStore|x86.Deploy.0 = Release|Any CPU
		{DC58A601-01BB-4D23-AC49-1FD9633AA4F6}.Debug|Any CPU.ActiveCfg = Debug|Any CPU
		{DC58A601-01BB-4D23-AC49-1FD9633AA4F6}.Debug|Any CPU.Build.0 = Debug|Any CPU
		{DC58A601-01BB-4D23-AC49-1FD9633AA4F6}.Debug|Any CPU.Deploy.0 = Debug|Any CPU
		{DC58A601-01BB-4D23-AC49-1FD9633AA4F6}.Debug|ARM.ActiveCfg = Debug|Any CPU
		{DC58A601-01BB-4D23-AC49-1FD9633AA4F6}.Debug|ARM.Build.0 = Debug|Any CPU
		{DC58A601-01BB-4D23-AC49-1FD9633AA4F6}.Debug|ARM.Deploy.0 = Debug|Any CPU
		{DC58A601-01BB-4D23-AC49-1FD9633AA4F6}.Debug|iPhone.ActiveCfg = Debug|Any CPU
		{DC58A601-01BB-4D23-AC49-1FD9633AA4F6}.Debug|iPhone.Build.0 = Debug|Any CPU
		{DC58A601-01BB-4D23-AC49-1FD9633AA4F6}.Debug|iPhone.Deploy.0 = Debug|Any CPU
		{DC58A601-01BB-4D23-AC49-1FD9633AA4F6}.Debug|iPhoneSimulator.ActiveCfg = Debug|Any CPU
		{DC58A601-01BB-4D23-AC49-1FD9633AA4F6}.Debug|iPhoneSimulator.Build.0 = Debug|Any CPU
		{DC58A601-01BB-4D23-AC49-1FD9633AA4F6}.Debug|iPhoneSimulator.Deploy.0 = Debug|Any CPU
		{DC58A601-01BB-4D23-AC49-1FD9633AA4F6}.Debug|x64.ActiveCfg = Debug|Any CPU
		{DC58A601-01BB-4D23-AC49-1FD9633AA4F6}.Debug|x64.Build.0 = Debug|Any CPU
		{DC58A601-01BB-4D23-AC49-1FD9633AA4F6}.Debug|x64.Deploy.0 = Debug|Any CPU
		{DC58A601-01BB-4D23-AC49-1FD9633AA4F6}.Debug|x86.ActiveCfg = Debug|Any CPU
		{DC58A601-01BB-4D23-AC49-1FD9633AA4F6}.Debug|x86.Build.0 = Debug|Any CPU
		{DC58A601-01BB-4D23-AC49-1FD9633AA4F6}.Debug|x86.Deploy.0 = Debug|Any CPU
		{DC58A601-01BB-4D23-AC49-1FD9633AA4F6}.Release|Any CPU.ActiveCfg = Release|Any CPU
		{DC58A601-01BB-4D23-AC49-1FD9633AA4F6}.Release|Any CPU.Build.0 = Release|Any CPU
		{DC58A601-01BB-4D23-AC49-1FD9633AA4F6}.Release|Any CPU.Deploy.0 = Release|Any CPU
		{DC58A601-01BB-4D23-AC49-1FD9633AA4F6}.Release|ARM.ActiveCfg = Release|Any CPU
		{DC58A601-01BB-4D23-AC49-1FD9633AA4F6}.Release|ARM.Build.0 = Release|Any CPU
		{DC58A601-01BB-4D23-AC49-1FD9633AA4F6}.Release|ARM.Deploy.0 = Release|Any CPU
		{DC58A601-01BB-4D23-AC49-1FD9633AA4F6}.Release|iPhone.ActiveCfg = Release|Any CPU
		{DC58A601-01BB-4D23-AC49-1FD9633AA4F6}.Release|iPhone.Build.0 = Release|Any CPU
		{DC58A601-01BB-4D23-AC49-1FD9633AA4F6}.Release|iPhone.Deploy.0 = Release|Any CPU
		{DC58A601-01BB-4D23-AC49-1FD9633AA4F6}.Release|iPhoneSimulator.ActiveCfg = Release|Any CPU
		{DC58A601-01BB-4D23-AC49-1FD9633AA4F6}.Release|iPhoneSimulator.Build.0 = Release|Any CPU
		{DC58A601-01BB-4D23-AC49-1FD9633AA4F6}.Release|iPhoneSimulator.Deploy.0 = Release|Any CPU
		{DC58A601-01BB-4D23-AC49-1FD9633AA4F6}.Release|x64.ActiveCfg = Release|Any CPU
		{DC58A601-01BB-4D23-AC49-1FD9633AA4F6}.Release|x64.Build.0 = Release|Any CPU
		{DC58A601-01BB-4D23-AC49-1FD9633AA4F6}.Release|x64.Deploy.0 = Release|Any CPU
		{DC58A601-01BB-4D23-AC49-1FD9633AA4F6}.Release|x86.ActiveCfg = Release|Any CPU
		{DC58A601-01BB-4D23-AC49-1FD9633AA4F6}.Release|x86.Build.0 = Release|Any CPU
		{DC58A601-01BB-4D23-AC49-1FD9633AA4F6}.Release|x86.Deploy.0 = Release|Any CPU
		{A3A2116C-B7C1-4983-A19A-0E513D789A57}.Ad-Hoc|Any CPU.ActiveCfg = Ad-Hoc|iPhone
		{A3A2116C-B7C1-4983-A19A-0E513D789A57}.Ad-Hoc|ARM.ActiveCfg = Ad-Hoc|iPhone
		{A3A2116C-B7C1-4983-A19A-0E513D789A57}.Ad-Hoc|iPhone.ActiveCfg = Ad-Hoc|iPhone
		{A3A2116C-B7C1-4983-A19A-0E513D789A57}.Ad-Hoc|iPhone.Build.0 = Ad-Hoc|iPhone
		{A3A2116C-B7C1-4983-A19A-0E513D789A57}.Ad-Hoc|iPhoneSimulator.ActiveCfg = Ad-Hoc|iPhoneSimulator
		{A3A2116C-B7C1-4983-A19A-0E513D789A57}.Ad-Hoc|iPhoneSimulator.Build.0 = Ad-Hoc|iPhoneSimulator
		{A3A2116C-B7C1-4983-A19A-0E513D789A57}.Ad-Hoc|x64.ActiveCfg = Ad-Hoc|iPhone
		{A3A2116C-B7C1-4983-A19A-0E513D789A57}.Ad-Hoc|x86.ActiveCfg = Ad-Hoc|iPhone
		{A3A2116C-B7C1-4983-A19A-0E513D789A57}.AppStore|Any CPU.ActiveCfg = AppStore|iPhone
		{A3A2116C-B7C1-4983-A19A-0E513D789A57}.AppStore|ARM.ActiveCfg = AppStore|iPhone
		{A3A2116C-B7C1-4983-A19A-0E513D789A57}.AppStore|iPhone.ActiveCfg = AppStore|iPhone
		{A3A2116C-B7C1-4983-A19A-0E513D789A57}.AppStore|iPhone.Build.0 = AppStore|iPhone
		{A3A2116C-B7C1-4983-A19A-0E513D789A57}.AppStore|iPhoneSimulator.ActiveCfg = AppStore|iPhoneSimulator
		{A3A2116C-B7C1-4983-A19A-0E513D789A57}.AppStore|iPhoneSimulator.Build.0 = AppStore|iPhoneSimulator
		{A3A2116C-B7C1-4983-A19A-0E513D789A57}.AppStore|x64.ActiveCfg = AppStore|iPhone
		{A3A2116C-B7C1-4983-A19A-0E513D789A57}.AppStore|x86.ActiveCfg = AppStore|iPhone
		{A3A2116C-B7C1-4983-A19A-0E513D789A57}.Debug|Any CPU.ActiveCfg = Debug|iPhone
		{A3A2116C-B7C1-4983-A19A-0E513D789A57}.Debug|ARM.ActiveCfg = Debug|iPhone
		{A3A2116C-B7C1-4983-A19A-0E513D789A57}.Debug|iPhone.ActiveCfg = Debug|iPhone
		{A3A2116C-B7C1-4983-A19A-0E513D789A57}.Debug|iPhone.Build.0 = Debug|iPhone
		{A3A2116C-B7C1-4983-A19A-0E513D789A57}.Debug|iPhoneSimulator.ActiveCfg = Debug|iPhoneSimulator
		{A3A2116C-B7C1-4983-A19A-0E513D789A57}.Debug|iPhoneSimulator.Build.0 = Debug|iPhoneSimulator
		{A3A2116C-B7C1-4983-A19A-0E513D789A57}.Debug|x64.ActiveCfg = Debug|iPhone
		{A3A2116C-B7C1-4983-A19A-0E513D789A57}.Debug|x86.ActiveCfg = Debug|iPhone
		{A3A2116C-B7C1-4983-A19A-0E513D789A57}.Release|Any CPU.ActiveCfg = Release|iPhone
		{A3A2116C-B7C1-4983-A19A-0E513D789A57}.Release|ARM.ActiveCfg = Release|iPhone
		{A3A2116C-B7C1-4983-A19A-0E513D789A57}.Release|iPhone.ActiveCfg = Release|iPhone
		{A3A2116C-B7C1-4983-A19A-0E513D789A57}.Release|iPhone.Build.0 = Release|iPhone
		{A3A2116C-B7C1-4983-A19A-0E513D789A57}.Release|iPhoneSimulator.ActiveCfg = Release|iPhoneSimulator
		{A3A2116C-B7C1-4983-A19A-0E513D789A57}.Release|iPhoneSimulator.Build.0 = Release|iPhoneSimulator
		{A3A2116C-B7C1-4983-A19A-0E513D789A57}.Release|x64.ActiveCfg = Release|iPhone
		{A3A2116C-B7C1-4983-A19A-0E513D789A57}.Release|x86.ActiveCfg = Release|iPhone
		{03E307CA-581C-4ADC-8A2B-B2F63BE8239D}.Ad-Hoc|Any CPU.ActiveCfg = Release|x86
		{03E307CA-581C-4ADC-8A2B-B2F63BE8239D}.Ad-Hoc|Any CPU.Build.0 = Release|x86
		{03E307CA-581C-4ADC-8A2B-B2F63BE8239D}.Ad-Hoc|Any CPU.Deploy.0 = Release|x86
		{03E307CA-581C-4ADC-8A2B-B2F63BE8239D}.Ad-Hoc|ARM.ActiveCfg = Release|ARM
		{03E307CA-581C-4ADC-8A2B-B2F63BE8239D}.Ad-Hoc|ARM.Build.0 = Release|ARM
		{03E307CA-581C-4ADC-8A2B-B2F63BE8239D}.Ad-Hoc|ARM.Deploy.0 = Release|ARM
		{03E307CA-581C-4ADC-8A2B-B2F63BE8239D}.Ad-Hoc|iPhone.ActiveCfg = Release|x86
		{03E307CA-581C-4ADC-8A2B-B2F63BE8239D}.Ad-Hoc|iPhone.Build.0 = Release|x86
		{03E307CA-581C-4ADC-8A2B-B2F63BE8239D}.Ad-Hoc|iPhone.Deploy.0 = Release|x86
		{03E307CA-581C-4ADC-8A2B-B2F63BE8239D}.Ad-Hoc|iPhoneSimulator.ActiveCfg = Release|x86
		{03E307CA-581C-4ADC-8A2B-B2F63BE8239D}.Ad-Hoc|iPhoneSimulator.Build.0 = Release|x86
		{03E307CA-581C-4ADC-8A2B-B2F63BE8239D}.Ad-Hoc|iPhoneSimulator.Deploy.0 = Release|x86
		{03E307CA-581C-4ADC-8A2B-B2F63BE8239D}.Ad-Hoc|x64.ActiveCfg = Release|x64
		{03E307CA-581C-4ADC-8A2B-B2F63BE8239D}.Ad-Hoc|x64.Build.0 = Release|x64
		{03E307CA-581C-4ADC-8A2B-B2F63BE8239D}.Ad-Hoc|x64.Deploy.0 = Release|x64
		{03E307CA-581C-4ADC-8A2B-B2F63BE8239D}.Ad-Hoc|x86.ActiveCfg = Release|x86
		{03E307CA-581C-4ADC-8A2B-B2F63BE8239D}.Ad-Hoc|x86.Build.0 = Release|x86
		{03E307CA-581C-4ADC-8A2B-B2F63BE8239D}.Ad-Hoc|x86.Deploy.0 = Release|x86
		{03E307CA-581C-4ADC-8A2B-B2F63BE8239D}.AppStore|Any CPU.ActiveCfg = Release|x86
		{03E307CA-581C-4ADC-8A2B-B2F63BE8239D}.AppStore|Any CPU.Build.0 = Release|x86
		{03E307CA-581C-4ADC-8A2B-B2F63BE8239D}.AppStore|Any CPU.Deploy.0 = Release|x86
		{03E307CA-581C-4ADC-8A2B-B2F63BE8239D}.AppStore|ARM.ActiveCfg = Release|ARM
		{03E307CA-581C-4ADC-8A2B-B2F63BE8239D}.AppStore|ARM.Build.0 = Release|ARM
		{03E307CA-581C-4ADC-8A2B-B2F63BE8239D}.AppStore|ARM.Deploy.0 = Release|ARM
		{03E307CA-581C-4ADC-8A2B-B2F63BE8239D}.AppStore|iPhone.ActiveCfg = Release|x86
		{03E307CA-581C-4ADC-8A2B-B2F63BE8239D}.AppStore|iPhone.Build.0 = Release|x86
		{03E307CA-581C-4ADC-8A2B-B2F63BE8239D}.AppStore|iPhone.Deploy.0 = Release|x86
		{03E307CA-581C-4ADC-8A2B-B2F63BE8239D}.AppStore|iPhoneSimulator.ActiveCfg = Release|x86
		{03E307CA-581C-4ADC-8A2B-B2F63BE8239D}.AppStore|iPhoneSimulator.Build.0 = Release|x86
		{03E307CA-581C-4ADC-8A2B-B2F63BE8239D}.AppStore|iPhoneSimulator.Deploy.0 = Release|x86
		{03E307CA-581C-4ADC-8A2B-B2F63BE8239D}.AppStore|x64.ActiveCfg = Release|x64
		{03E307CA-581C-4ADC-8A2B-B2F63BE8239D}.AppStore|x64.Build.0 = Release|x64
		{03E307CA-581C-4ADC-8A2B-B2F63BE8239D}.AppStore|x64.Deploy.0 = Release|x64
		{03E307CA-581C-4ADC-8A2B-B2F63BE8239D}.AppStore|x86.ActiveCfg = Release|x86
		{03E307CA-581C-4ADC-8A2B-B2F63BE8239D}.AppStore|x86.Build.0 = Release|x86
		{03E307CA-581C-4ADC-8A2B-B2F63BE8239D}.AppStore|x86.Deploy.0 = Release|x86
		{03E307CA-581C-4ADC-8A2B-B2F63BE8239D}.Debug|Any CPU.ActiveCfg = Debug|x86
		{03E307CA-581C-4ADC-8A2B-B2F63BE8239D}.Debug|ARM.ActiveCfg = Debug|ARM
		{03E307CA-581C-4ADC-8A2B-B2F63BE8239D}.Debug|ARM.Build.0 = Debug|ARM
		{03E307CA-581C-4ADC-8A2B-B2F63BE8239D}.Debug|ARM.Deploy.0 = Debug|ARM
		{03E307CA-581C-4ADC-8A2B-B2F63BE8239D}.Debug|iPhone.ActiveCfg = Debug|x86
		{03E307CA-581C-4ADC-8A2B-B2F63BE8239D}.Debug|iPhoneSimulator.ActiveCfg = Debug|x86
		{03E307CA-581C-4ADC-8A2B-B2F63BE8239D}.Debug|x64.ActiveCfg = Debug|x64
		{03E307CA-581C-4ADC-8A2B-B2F63BE8239D}.Debug|x64.Build.0 = Debug|x64
		{03E307CA-581C-4ADC-8A2B-B2F63BE8239D}.Debug|x64.Deploy.0 = Debug|x64
		{03E307CA-581C-4ADC-8A2B-B2F63BE8239D}.Debug|x86.ActiveCfg = Debug|x86
		{03E307CA-581C-4ADC-8A2B-B2F63BE8239D}.Debug|x86.Build.0 = Debug|x86
		{03E307CA-581C-4ADC-8A2B-B2F63BE8239D}.Debug|x86.Deploy.0 = Debug|x86
		{03E307CA-581C-4ADC-8A2B-B2F63BE8239D}.Release|Any CPU.ActiveCfg = Release|x86
		{03E307CA-581C-4ADC-8A2B-B2F63BE8239D}.Release|ARM.ActiveCfg = Release|ARM
		{03E307CA-581C-4ADC-8A2B-B2F63BE8239D}.Release|ARM.Build.0 = Release|ARM
		{03E307CA-581C-4ADC-8A2B-B2F63BE8239D}.Release|ARM.Deploy.0 = Release|ARM
		{03E307CA-581C-4ADC-8A2B-B2F63BE8239D}.Release|iPhone.ActiveCfg = Release|x86
		{03E307CA-581C-4ADC-8A2B-B2F63BE8239D}.Release|iPhoneSimulator.ActiveCfg = Release|x86
		{03E307CA-581C-4ADC-8A2B-B2F63BE8239D}.Release|x64.ActiveCfg = Release|x64
		{03E307CA-581C-4ADC-8A2B-B2F63BE8239D}.Release|x64.Build.0 = Release|x64
		{03E307CA-581C-4ADC-8A2B-B2F63BE8239D}.Release|x64.Deploy.0 = Release|x64
		{03E307CA-581C-4ADC-8A2B-B2F63BE8239D}.Release|x86.ActiveCfg = Release|x86
		{03E307CA-581C-4ADC-8A2B-B2F63BE8239D}.Release|x86.Build.0 = Release|x86
		{03E307CA-581C-4ADC-8A2B-B2F63BE8239D}.Release|x86.Deploy.0 = Release|x86
		{42D7CDE3-704A-4AFB-9A1D-A843A31D41AF}.Ad-Hoc|Any CPU.ActiveCfg = Debug|Any CPU
		{42D7CDE3-704A-4AFB-9A1D-A843A31D41AF}.Ad-Hoc|Any CPU.Build.0 = Debug|Any CPU
		{42D7CDE3-704A-4AFB-9A1D-A843A31D41AF}.Ad-Hoc|ARM.ActiveCfg = Debug|Any CPU
		{42D7CDE3-704A-4AFB-9A1D-A843A31D41AF}.Ad-Hoc|ARM.Build.0 = Debug|Any CPU
		{42D7CDE3-704A-4AFB-9A1D-A843A31D41AF}.Ad-Hoc|iPhone.ActiveCfg = Debug|Any CPU
		{42D7CDE3-704A-4AFB-9A1D-A843A31D41AF}.Ad-Hoc|iPhone.Build.0 = Debug|Any CPU
		{42D7CDE3-704A-4AFB-9A1D-A843A31D41AF}.Ad-Hoc|iPhoneSimulator.ActiveCfg = Debug|Any CPU
		{42D7CDE3-704A-4AFB-9A1D-A843A31D41AF}.Ad-Hoc|iPhoneSimulator.Build.0 = Debug|Any CPU
		{42D7CDE3-704A-4AFB-9A1D-A843A31D41AF}.Ad-Hoc|x64.ActiveCfg = Debug|Any CPU
		{42D7CDE3-704A-4AFB-9A1D-A843A31D41AF}.Ad-Hoc|x64.Build.0 = Debug|Any CPU
		{42D7CDE3-704A-4AFB-9A1D-A843A31D41AF}.Ad-Hoc|x86.ActiveCfg = Debug|Any CPU
		{42D7CDE3-704A-4AFB-9A1D-A843A31D41AF}.Ad-Hoc|x86.Build.0 = Debug|Any CPU
		{42D7CDE3-704A-4AFB-9A1D-A843A31D41AF}.AppStore|Any CPU.ActiveCfg = Debug|Any CPU
		{42D7CDE3-704A-4AFB-9A1D-A843A31D41AF}.AppStore|Any CPU.Build.0 = Debug|Any CPU
		{42D7CDE3-704A-4AFB-9A1D-A843A31D41AF}.AppStore|ARM.ActiveCfg = Debug|Any CPU
		{42D7CDE3-704A-4AFB-9A1D-A843A31D41AF}.AppStore|ARM.Build.0 = Debug|Any CPU
		{42D7CDE3-704A-4AFB-9A1D-A843A31D41AF}.AppStore|iPhone.ActiveCfg = Debug|Any CPU
		{42D7CDE3-704A-4AFB-9A1D-A843A31D41AF}.AppStore|iPhone.Build.0 = Debug|Any CPU
		{42D7CDE3-704A-4AFB-9A1D-A843A31D41AF}.AppStore|iPhoneSimulator.ActiveCfg = Debug|Any CPU
		{42D7CDE3-704A-4AFB-9A1D-A843A31D41AF}.AppStore|iPhoneSimulator.Build.0 = Debug|Any CPU
		{42D7CDE3-704A-4AFB-9A1D-A843A31D41AF}.AppStore|x64.ActiveCfg = Debug|Any CPU
		{42D7CDE3-704A-4AFB-9A1D-A843A31D41AF}.AppStore|x64.Build.0 = Debug|Any CPU
		{42D7CDE3-704A-4AFB-9A1D-A843A31D41AF}.AppStore|x86.ActiveCfg = Debug|Any CPU
		{42D7CDE3-704A-4AFB-9A1D-A843A31D41AF}.AppStore|x86.Build.0 = Debug|Any CPU
		{42D7CDE3-704A-4AFB-9A1D-A843A31D41AF}.Debug|Any CPU.ActiveCfg = Debug|Any CPU
		{42D7CDE3-704A-4AFB-9A1D-A843A31D41AF}.Debug|Any CPU.Build.0 = Debug|Any CPU
		{42D7CDE3-704A-4AFB-9A1D-A843A31D41AF}.Debug|ARM.ActiveCfg = Debug|Any CPU
		{42D7CDE3-704A-4AFB-9A1D-A843A31D41AF}.Debug|ARM.Build.0 = Debug|Any CPU
		{42D7CDE3-704A-4AFB-9A1D-A843A31D41AF}.Debug|iPhone.ActiveCfg = Debug|Any CPU
		{42D7CDE3-704A-4AFB-9A1D-A843A31D41AF}.Debug|iPhone.Build.0 = Debug|Any CPU
		{42D7CDE3-704A-4AFB-9A1D-A843A31D41AF}.Debug|iPhoneSimulator.ActiveCfg = Debug|Any CPU
		{42D7CDE3-704A-4AFB-9A1D-A843A31D41AF}.Debug|iPhoneSimulator.Build.0 = Debug|Any CPU
		{42D7CDE3-704A-4AFB-9A1D-A843A31D41AF}.Debug|x64.ActiveCfg = Debug|Any CPU
		{42D7CDE3-704A-4AFB-9A1D-A843A31D41AF}.Debug|x64.Build.0 = Debug|Any CPU
		{42D7CDE3-704A-4AFB-9A1D-A843A31D41AF}.Debug|x86.ActiveCfg = Debug|Any CPU
		{42D7CDE3-704A-4AFB-9A1D-A843A31D41AF}.Debug|x86.Build.0 = Debug|Any CPU
		{42D7CDE3-704A-4AFB-9A1D-A843A31D41AF}.Release|Any CPU.ActiveCfg = Release|Any CPU
		{42D7CDE3-704A-4AFB-9A1D-A843A31D41AF}.Release|Any CPU.Build.0 = Release|Any CPU
		{42D7CDE3-704A-4AFB-9A1D-A843A31D41AF}.Release|ARM.ActiveCfg = Release|Any CPU
		{42D7CDE3-704A-4AFB-9A1D-A843A31D41AF}.Release|ARM.Build.0 = Release|Any CPU
		{42D7CDE3-704A-4AFB-9A1D-A843A31D41AF}.Release|iPhone.ActiveCfg = Release|Any CPU
		{42D7CDE3-704A-4AFB-9A1D-A843A31D41AF}.Release|iPhone.Build.0 = Release|Any CPU
		{42D7CDE3-704A-4AFB-9A1D-A843A31D41AF}.Release|iPhoneSimulator.ActiveCfg = Release|Any CPU
		{42D7CDE3-704A-4AFB-9A1D-A843A31D41AF}.Release|iPhoneSimulator.Build.0 = Release|Any CPU
		{42D7CDE3-704A-4AFB-9A1D-A843A31D41AF}.Release|x64.ActiveCfg = Release|Any CPU
		{42D7CDE3-704A-4AFB-9A1D-A843A31D41AF}.Release|x64.Build.0 = Release|Any CPU
		{42D7CDE3-704A-4AFB-9A1D-A843A31D41AF}.Release|x86.ActiveCfg = Release|Any CPU
		{42D7CDE3-704A-4AFB-9A1D-A843A31D41AF}.Release|x86.Build.0 = Release|Any CPU
	EndGlobalSection
	GlobalSection(SolutionProperties) = preSolution
		HideSolutionNode = FALSE
	EndGlobalSection
	GlobalSection(ExtensibilityGlobals) = postSolution
		SolutionGuid = {2EECDB6D-F262-4423-BDFB-54E65A555046}
	EndGlobalSection
EndGlobal
