
Microsoft Visual Studio Solution File, Format Version 12.00
# Visual Studio 15
VisualStudioVersion = 15.0.27130.2027
MinimumVisualStudioVersion = 10.0.40219.1
Project("{FAE04EC0-301F-11D3-BF4B-00C04F79EFBC}") = "App2_Cinemix.Android", "App2_Cinemix\App2_Cinemix.Android\App2_Cinemix.Android.csproj", "{288EB041-4A9C-42AB-AC53-1BBF8E68D840}"
EndProject
Project("{FAE04EC0-301F-11D3-BF4B-00C04F79EFBC}") = "App2_Cinemix.iOS", "App2_Cinemix\App2_Cinemix.iOS\App2_Cinemix.iOS.csproj", "{9D6F8CC9-BCA6-4931-91D4-40E6BEB7FACA}"
EndProject
Project("{FAE04EC0-301F-11D3-BF4B-00C04F79EFBC}") = "App2_Cinemix.UWP", "App2_Cinemix\App2_Cinemix.UWP\App2_Cinemix.UWP.csproj", "{A263FB10-6911-439C-8229-D4679326E746}"
EndProject
Project("{FAE04EC0-301F-11D3-BF4B-00C04F79EFBC}") = "App2_Cinemix", "App2_Cinemix\App2_Cinemix\App2_Cinemix.csproj", "{63A5AC93-9857-4B41-B6E9-754465AF9F3F}"
EndProject
Global
	GlobalSection(SolutionConfigurationPlatforms) = preSolution
		Ad-Hoc|Any CPU = Ad-Hoc|Any CPU
		Ad-Hoc|ARM = Ad-Hoc|ARM
		Ad-Hoc|iPhone = Ad-Hoc|iPhone
		Ad-Hoc|iPhoneSimulator = Ad-Hoc|iPhoneSimulator
		Ad-Hoc|x64 = Ad-Hoc|x64
		Ad-Hoc|x86 = Ad-Hoc|x86
		AppStore|Any CPU = AppStore|Any CPU
		AppStore|ARM = AppStore|ARM
		AppStore|iPhone = AppStore|iPhone
		AppStore|iPhoneSimulator = AppStore|iPhoneSimulator
		AppStore|x64 = AppStore|x64
		AppStore|x86 = AppStore|x86
		Debug|Any CPU = Debug|Any CPU
		Debug|ARM = Debug|ARM
		Debug|iPhone = Debug|iPhone
		Debug|iPhoneSimulator = Debug|iPhoneSimulator
		Debug|x64 = Debug|x64
		Debug|x86 = Debug|x86
		Release|Any CPU = Release|Any CPU
		Release|ARM = Release|ARM
		Release|iPhone = Release|iPhone
		Release|iPhoneSimulator = Release|iPhoneSimulator
		Release|x64 = Release|x64
		Release|x86 = Release|x86
	EndGlobalSection
	GlobalSection(ProjectConfigurationPlatforms) = postSolution
		{288EB041-4A9C-42AB-AC53-1BBF8E68D840}.Ad-Hoc|Any CPU.ActiveCfg = Release|Any CPU
		{288EB041-4A9C-42AB-AC53-1BBF8E68D840}.Ad-Hoc|Any CPU.Build.0 = Release|Any CPU
		{288EB041-4A9C-42AB-AC53-1BBF8E68D840}.Ad-Hoc|Any CPU.Deploy.0 = Release|Any CPU
		{288EB041-4A9C-42AB-AC53-1BBF8E68D840}.Ad-Hoc|ARM.ActiveCfg = Release|Any CPU
		{288EB041-4A9C-42AB-AC53-1BBF8E68D840}.Ad-Hoc|ARM.Build.0 = Release|Any CPU
		{288EB041-4A9C-42AB-AC53-1BBF8E68D840}.Ad-Hoc|ARM.Deploy.0 = Release|Any CPU
		{288EB041-4A9C-42AB-AC53-1BBF8E68D840}.Ad-Hoc|iPhone.ActiveCfg = Release|Any CPU
		{288EB041-4A9C-42AB-AC53-1BBF8E68D840}.Ad-Hoc|iPhone.Build.0 = Release|Any CPU
		{288EB041-4A9C-42AB-AC53-1BBF8E68D840}.Ad-Hoc|iPhone.Deploy.0 = Release|Any CPU
		{288EB041-4A9C-42AB-AC53-1BBF8E68D840}.Ad-Hoc|iPhoneSimulator.ActiveCfg = Release|Any CPU
		{288EB041-4A9C-42AB-AC53-1BBF8E68D840}.Ad-Hoc|iPhoneSimulator.Build.0 = Release|Any CPU
		{288EB041-4A9C-42AB-AC53-1BBF8E68D840}.Ad-Hoc|iPhoneSimulator.Deploy.0 = Release|Any CPU
		{288EB041-4A9C-42AB-AC53-1BBF8E68D840}.Ad-Hoc|x64.ActiveCfg = Release|Any CPU
		{288EB041-4A9C-42AB-AC53-1BBF8E68D840}.Ad-Hoc|x64.Build.0 = Release|Any CPU
		{288EB041-4A9C-42AB-AC53-1BBF8E68D840}.Ad-Hoc|x64.Deploy.0 = Release|Any CPU
		{288EB041-4A9C-42AB-AC53-1BBF8E68D840}.Ad-Hoc|x86.ActiveCfg = Release|Any CPU
		{288EB041-4A9C-42AB-AC53-1BBF8E68D840}.Ad-Hoc|x86.Build.0 = Release|Any CPU
		{288EB041-4A9C-42AB-AC53-1BBF8E68D840}.Ad-Hoc|x86.Deploy.0 = Release|Any CPU
		{288EB041-4A9C-42AB-AC53-1BBF8E68D840}.AppStore|Any CPU.ActiveCfg = Release|Any CPU
		{288EB041-4A9C-42AB-AC53-1BBF8E68D840}.AppStore|Any CPU.Build.0 = Release|Any CPU
		{288EB041-4A9C-42AB-AC53-1BBF8E68D840}.AppStore|Any CPU.Deploy.0 = Release|Any CPU
		{288EB041-4A9C-42AB-AC53-1BBF8E68D840}.AppStore|ARM.ActiveCfg = Release|Any CPU
		{288EB041-4A9C-42AB-AC53-1BBF8E68D840}.AppStore|ARM.Build.0 = Release|Any CPU
		{288EB041-4A9C-42AB-AC53-1BBF8E68D840}.AppStore|ARM.Deploy.0 = Release|Any CPU
		{288EB041-4A9C-42AB-AC53-1BBF8E68D840}.AppStore|iPhone.ActiveCfg = Release|Any CPU
		{288EB041-4A9C-42AB-AC53-1BBF8E68D840}.AppStore|iPhone.Build.0 = Release|Any CPU
		{288EB041-4A9C-42AB-AC53-1BBF8E68D840}.AppStore|iPhone.Deploy.0 = Release|Any CPU
		{288EB041-4A9C-42AB-AC53-1BBF8E68D840}.AppStore|iPhoneSimulator.ActiveCfg = Release|Any CPU
		{288EB041-4A9C-42AB-AC53-1BBF8E68D840}.AppStore|iPhoneSimulator.Build.0 = Release|Any CPU
		{288EB041-4A9C-42AB-AC53-1BBF8E68D840}.AppStore|iPhoneSimulator.Deploy.0 = Release|Any CPU
		{288EB041-4A9C-42AB-AC53-1BBF8E68D840}.AppStore|x64.ActiveCfg = Release|Any CPU
		{288EB041-4A9C-42AB-AC53-1BBF8E68D840}.AppStore|x64.Build.0 = Release|Any CPU
		{288EB041-4A9C-42AB-AC53-1BBF8E68D840}.AppStore|x64.Deploy.0 = Release|Any CPU
		{288EB041-4A9C-42AB-AC53-1BBF8E68D840}.AppStore|x86.ActiveCfg = Release|Any CPU
		{288EB041-4A9C-42AB-AC53-1BBF8E68D840}.AppStore|x86.Build.0 = Release|Any CPU
		{288EB041-4A9C-42AB-AC53-1BBF8E68D840}.AppStore|x86.Deploy.0 = Release|Any CPU
		{288EB041-4A9C-42AB-AC53-1BBF8E68D840}.Debug|Any CPU.ActiveCfg = Debug|Any CPU
		{288EB041-4A9C-42AB-AC53-1BBF8E68D840}.Debug|Any CPU.Build.0 = Debug|Any CPU
		{288EB041-4A9C-42AB-AC53-1BBF8E68D840}.Debug|Any CPU.Deploy.0 = Debug|Any CPU
		{288EB041-4A9C-42AB-AC53-1BBF8E68D840}.Debug|ARM.ActiveCfg = Debug|Any CPU
		{288EB041-4A9C-42AB-AC53-1BBF8E68D840}.Debug|ARM.Build.0 = Debug|Any CPU
		{288EB041-4A9C-42AB-AC53-1BBF8E68D840}.Debug|ARM.Deploy.0 = Debug|Any CPU
		{288EB041-4A9C-42AB-AC53-1BBF8E68D840}.Debug|iPhone.ActiveCfg = Debug|Any CPU
		{288EB041-4A9C-42AB-AC53-1BBF8E68D840}.Debug|iPhone.Build.0 = Debug|Any CPU
		{288EB041-4A9C-42AB-AC53-1BBF8E68D840}.Debug|iPhone.Deploy.0 = Debug|Any CPU
		{288EB041-4A9C-42AB-AC53-1BBF8E68D840}.Debug|iPhoneSimulator.ActiveCfg = Debug|Any CPU
		{288EB041-4A9C-42AB-AC53-1BBF8E68D840}.Debug|iPhoneSimulator.Build.0 = Debug|Any CPU
		{288EB041-4A9C-42AB-AC53-1BBF8E68D840}.Debug|iPhoneSimulator.Deploy.0 = Debug|Any CPU
		{288EB041-4A9C-42AB-AC53-1BBF8E68D840}.Debug|x64.ActiveCfg = Debug|Any CPU
		{288EB041-4A9C-42AB-AC53-1BBF8E68D840}.Debug|x64.Build.0 = Debug|Any CPU
		{288EB041-4A9C-42AB-AC53-1BBF8E68D840}.Debug|x64.Deploy.0 = Debug|Any CPU
		{288EB041-4A9C-42AB-AC53-1BBF8E68D840}.Debug|x86.ActiveCfg = Debug|Any CPU
		{288EB041-4A9C-42AB-AC53-1BBF8E68D840}.Debug|x86.Build.0 = Debug|Any CPU
		{288EB041-4A9C-42AB-AC53-1BBF8E68D840}.Debug|x86.Deploy.0 = Debug|Any CPU
		{288EB041-4A9C-42AB-AC53-1BBF8E68D840}.Release|Any CPU.ActiveCfg = Release|Any CPU
		{288EB041-4A9C-42AB-AC53-1BBF8E68D840}.Release|Any CPU.Build.0 = Release|Any CPU
		{288EB041-4A9C-42AB-AC53-1BBF8E68D840}.Release|Any CPU.Deploy.0 = Release|Any CPU
		{288EB041-4A9C-42AB-AC53-1BBF8E68D840}.Release|ARM.ActiveCfg = Release|Any CPU
		{288EB041-4A9C-42AB-AC53-1BBF8E68D840}.Release|ARM.Build.0 = Release|Any CPU
		{288EB041-4A9C-42AB-AC53-1BBF8E68D840}.Release|ARM.Deploy.0 = Release|Any CPU
		{288EB041-4A9C-42AB-AC53-1BBF8E68D840}.Release|iPhone.ActiveCfg = Release|Any CPU
		{288EB041-4A9C-42AB-AC53-1BBF8E68D840}.Release|iPhone.Build.0 = Release|Any CPU
		{288EB041-4A9C-42AB-AC53-1BBF8E68D840}.Release|iPhone.Deploy.0 = Release|Any CPU
		{288EB041-4A9C-42AB-AC53-1BBF8E68D840}.Release|iPhoneSimulator.ActiveCfg = Release|Any CPU
		{288EB041-4A9C-42AB-AC53-1BBF8E68D840}.Release|iPhoneSimulator.Build.0 = Release|Any CPU
		{288EB041-4A9C-42AB-AC53-1BBF8E68D840}.Release|iPhoneSimulator.Deploy.0 = Release|Any CPU
		{288EB041-4A9C-42AB-AC53-1BBF8E68D840}.Release|x64.ActiveCfg = Release|Any CPU
		{288EB041-4A9C-42AB-AC53-1BBF8E68D840}.Release|x64.Build.0 = Release|Any CPU
		{288EB041-4A9C-42AB-AC53-1BBF8E68D840}.Release|x64.Deploy.0 = Release|Any CPU
		{288EB041-4A9C-42AB-AC53-1BBF8E68D840}.Release|x86.ActiveCfg = Release|Any CPU
		{288EB041-4A9C-42AB-AC53-1BBF8E68D840}.Release|x86.Build.0 = Release|Any CPU
		{288EB041-4A9C-42AB-AC53-1BBF8E68D840}.Release|x86.Deploy.0 = Release|Any CPU
		{9D6F8CC9-BCA6-4931-91D4-40E6BEB7FACA}.Ad-Hoc|Any CPU.ActiveCfg = Ad-Hoc|iPhone
		{9D6F8CC9-BCA6-4931-91D4-40E6BEB7FACA}.Ad-Hoc|ARM.ActiveCfg = Ad-Hoc|iPhone
		{9D6F8CC9-BCA6-4931-91D4-40E6BEB7FACA}.Ad-Hoc|iPhone.ActiveCfg = Ad-Hoc|iPhone
		{9D6F8CC9-BCA6-4931-91D4-40E6BEB7FACA}.Ad-Hoc|iPhone.Build.0 = Ad-Hoc|iPhone
		{9D6F8CC9-BCA6-4931-91D4-40E6BEB7FACA}.Ad-Hoc|iPhoneSimulator.ActiveCfg = Ad-Hoc|iPhoneSimulator
		{9D6F8CC9-BCA6-4931-91D4-40E6BEB7FACA}.Ad-Hoc|iPhoneSimulator.Build.0 = Ad-Hoc|iPhoneSimulator
		{9D6F8CC9-BCA6-4931-91D4-40E6BEB7FACA}.Ad-Hoc|x64.ActiveCfg = Ad-Hoc|iPhone
		{9D6F8CC9-BCA6-4931-91D4-40E6BEB7FACA}.Ad-Hoc|x86.ActiveCfg = Ad-Hoc|iPhone
		{9D6F8CC9-BCA6-4931-91D4-40E6BEB7FACA}.AppStore|Any CPU.ActiveCfg = AppStore|iPhone
		{9D6F8CC9-BCA6-4931-91D4-40E6BEB7FACA}.AppStore|ARM.ActiveCfg = AppStore|iPhone
		{9D6F8CC9-BCA6-4931-91D4-40E6BEB7FACA}.AppStore|iPhone.ActiveCfg = AppStore|iPhone
		{9D6F8CC9-BCA6-4931-91D4-40E6BEB7FACA}.AppStore|iPhone.Build.0 = AppStore|iPhone
		{9D6F8CC9-BCA6-4931-91D4-40E6BEB7FACA}.AppStore|iPhoneSimulator.ActiveCfg = AppStore|iPhoneSimulator
		{9D6F8CC9-BCA6-4931-91D4-40E6BEB7FACA}.AppStore|iPhoneSimulator.Build.0 = AppStore|iPhoneSimulator
		{9D6F8CC9-BCA6-4931-91D4-40E6BEB7FACA}.AppStore|x64.ActiveCfg = AppStore|iPhone
		{9D6F8CC9-BCA6-4931-91D4-40E6BEB7FACA}.AppStore|x86.ActiveCfg = AppStore|iPhone
		{9D6F8CC9-BCA6-4931-91D4-40E6BEB7FACA}.Debug|Any CPU.ActiveCfg = Debug|iPhone
		{9D6F8CC9-BCA6-4931-91D4-40E6BEB7FACA}.Debug|ARM.ActiveCfg = Debug|iPhone
		{9D6F8CC9-BCA6-4931-91D4-40E6BEB7FACA}.Debug|iPhone.ActiveCfg = Debug|iPhone
		{9D6F8CC9-BCA6-4931-91D4-40E6BEB7FACA}.Debug|iPhone.Build.0 = Debug|iPhone
		{9D6F8CC9-BCA6-4931-91D4-40E6BEB7FACA}.Debug|iPhoneSimulator.ActiveCfg = Debug|iPhoneSimulator
		{9D6F8CC9-BCA6-4931-91D4-40E6BEB7FACA}.Debug|iPhoneSimulator.Build.0 = Debug|iPhoneSimulator
		{9D6F8CC9-BCA6-4931-91D4-40E6BEB7FACA}.Debug|x64.ActiveCfg = Debug|iPhone
		{9D6F8CC9-BCA6-4931-91D4-40E6BEB7FACA}.Debug|x86.ActiveCfg = Debug|iPhone
		{9D6F8CC9-BCA6-4931-91D4-40E6BEB7FACA}.Release|Any CPU.ActiveCfg = Release|iPhone
		{9D6F8CC9-BCA6-4931-91D4-40E6BEB7FACA}.Release|ARM.ActiveCfg = Release|iPhone
		{9D6F8CC9-BCA6-4931-91D4-40E6BEB7FACA}.Release|iPhone.ActiveCfg = Release|iPhone
		{9D6F8CC9-BCA6-4931-91D4-40E6BEB7FACA}.Release|iPhone.Build.0 = Release|iPhone
		{9D6F8CC9-BCA6-4931-91D4-40E6BEB7FACA}.Release|iPhoneSimulator.ActiveCfg = Release|iPhoneSimulator
		{9D6F8CC9-BCA6-4931-91D4-40E6BEB7FACA}.Release|iPhoneSimulator.Build.0 = Release|iPhoneSimulator
		{9D6F8CC9-BCA6-4931-91D4-40E6BEB7FACA}.Release|x64.ActiveCfg = Release|iPhone
		{9D6F8CC9-BCA6-4931-91D4-40E6BEB7FACA}.Release|x86.ActiveCfg = Release|iPhone
		{A263FB10-6911-439C-8229-D4679326E746}.Ad-Hoc|Any CPU.ActiveCfg = Release|x86
		{A263FB10-6911-439C-8229-D4679326E746}.Ad-Hoc|Any CPU.Build.0 = Release|x86
		{A263FB10-6911-439C-8229-D4679326E746}.Ad-Hoc|Any CPU.Deploy.0 = Release|x86
		{A263FB10-6911-439C-8229-D4679326E746}.Ad-Hoc|ARM.ActiveCfg = Release|ARM
		{A263FB10-6911-439C-8229-D4679326E746}.Ad-Hoc|ARM.Build.0 = Release|ARM
		{A263FB10-6911-439C-8229-D4679326E746}.Ad-Hoc|ARM.Deploy.0 = Release|ARM
		{A263FB10-6911-439C-8229-D4679326E746}.Ad-Hoc|iPhone.ActiveCfg = Release|x86
		{A263FB10-6911-439C-8229-D4679326E746}.Ad-Hoc|iPhone.Build.0 = Release|x86
		{A263FB10-6911-439C-8229-D4679326E746}.Ad-Hoc|iPhone.Deploy.0 = Release|x86
		{A263FB10-6911-439C-8229-D4679326E746}.Ad-Hoc|iPhoneSimulator.ActiveCfg = Release|x86
		{A263FB10-6911-439C-8229-D4679326E746}.Ad-Hoc|iPhoneSimulator.Build.0 = Release|x86
		{A263FB10-6911-439C-8229-D4679326E746}.Ad-Hoc|iPhoneSimulator.Deploy.0 = Release|x86
		{A263FB10-6911-439C-8229-D4679326E746}.Ad-Hoc|x64.ActiveCfg = Release|x64
		{A263FB10-6911-439C-8229-D4679326E746}.Ad-Hoc|x64.Build.0 = Release|x64
		{A263FB10-6911-439C-8229-D4679326E746}.Ad-Hoc|x64.Deploy.0 = Release|x64
		{A263FB10-6911-439C-8229-D4679326E746}.Ad-Hoc|x86.ActiveCfg = Release|x86
		{A263FB10-6911-439C-8229-D4679326E746}.Ad-Hoc|x86.Build.0 = Release|x86
		{A263FB10-6911-439C-8229-D4679326E746}.Ad-Hoc|x86.Deploy.0 = Release|x86
		{A263FB10-6911-439C-8229-D4679326E746}.AppStore|Any CPU.ActiveCfg = Release|x86
		{A263FB10-6911-439C-8229-D4679326E746}.AppStore|Any CPU.Build.0 = Release|x86
		{A263FB10-6911-439C-8229-D4679326E746}.AppStore|Any CPU.Deploy.0 = Release|x86
		{A263FB10-6911-439C-8229-D4679326E746}.AppStore|ARM.ActiveCfg = Release|ARM
		{A263FB10-6911-439C-8229-D4679326E746}.AppStore|ARM.Build.0 = Release|ARM
		{A263FB10-6911-439C-8229-D4679326E746}.AppStore|ARM.Deploy.0 = Release|ARM
		{A263FB10-6911-439C-8229-D4679326E746}.AppStore|iPhone.ActiveCfg = Release|x86
		{A263FB10-6911-439C-8229-D4679326E746}.AppStore|iPhone.Build.0 = Release|x86
		{A263FB10-6911-439C-8229-D4679326E746}.AppStore|iPhone.Deploy.0 = Release|x86
		{A263FB10-6911-439C-8229-D4679326E746}.AppStore|iPhoneSimulator.ActiveCfg = Release|x86
		{A263FB10-6911-439C-8229-D4679326E746}.AppStore|iPhoneSimulator.Build.0 = Release|x86
		{A263FB10-6911-439C-8229-D4679326E746}.AppStore|iPhoneSimulator.Deploy.0 = Release|x86
		{A263FB10-6911-439C-8229-D4679326E746}.AppStore|x64.ActiveCfg = Release|x64
		{A263FB10-6911-439C-8229-D4679326E746}.AppStore|x64.Build.0 = Release|x64
		{A263FB10-6911-439C-8229-D4679326E746}.AppStore|x64.Deploy.0 = Release|x64
		{A263FB10-6911-439C-8229-D4679326E746}.AppStore|x86.ActiveCfg = Release|x86
		{A263FB10-6911-439C-8229-D4679326E746}.AppStore|x86.Build.0 = Release|x86
		{A263FB10-6911-439C-8229-D4679326E746}.AppStore|x86.Deploy.0 = Release|x86
		{A263FB10-6911-439C-8229-D4679326E746}.Debug|Any CPU.ActiveCfg = Debug|x86
		{A263FB10-6911-439C-8229-D4679326E746}.Debug|ARM.ActiveCfg = Debug|ARM
		{A263FB10-6911-439C-8229-D4679326E746}.Debug|ARM.Build.0 = Debug|ARM
		{A263FB10-6911-439C-8229-D4679326E746}.Debug|ARM.Deploy.0 = Debug|ARM
		{A263FB10-6911-439C-8229-D4679326E746}.Debug|iPhone.ActiveCfg = Debug|x86
		{A263FB10-6911-439C-8229-D4679326E746}.Debug|iPhoneSimulator.ActiveCfg = Debug|x86
		{A263FB10-6911-439C-8229-D4679326E746}.Debug|x64.ActiveCfg = Debug|x64
		{A263FB10-6911-439C-8229-D4679326E746}.Debug|x64.Build.0 = Debug|x64
		{A263FB10-6911-439C-8229-D4679326E746}.Debug|x64.Deploy.0 = Debug|x64
		{A263FB10-6911-439C-8229-D4679326E746}.Debug|x86.ActiveCfg = Debug|x86
		{A263FB10-6911-439C-8229-D4679326E746}.Debug|x86.Build.0 = Debug|x86
		{A263FB10-6911-439C-8229-D4679326E746}.Debug|x86.Deploy.0 = Debug|x86
		{A263FB10-6911-439C-8229-D4679326E746}.Release|Any CPU.ActiveCfg = Release|x86
		{A263FB10-6911-439C-8229-D4679326E746}.Release|ARM.ActiveCfg = Release|ARM
		{A263FB10-6911-439C-8229-D4679326E746}.Release|ARM.Build.0 = Release|ARM
		{A263FB10-6911-439C-8229-D4679326E746}.Release|ARM.Deploy.0 = Release|ARM
		{A263FB10-6911-439C-8229-D4679326E746}.Release|iPhone.ActiveCfg = Release|x86
		{A263FB10-6911-439C-8229-D4679326E746}.Release|iPhoneSimulator.ActiveCfg = Release|x86
		{A263FB10-6911-439C-8229-D4679326E746}.Release|x64.ActiveCfg = Release|x64
		{A263FB10-6911-439C-8229-D4679326E746}.Release|x64.Build.0 = Release|x64
		{A263FB10-6911-439C-8229-D4679326E746}.Release|x64.Deploy.0 = Release|x64
		{A263FB10-6911-439C-8229-D4679326E746}.Release|x86.ActiveCfg = Release|x86
		{A263FB10-6911-439C-8229-D4679326E746}.Release|x86.Build.0 = Release|x86
		{A263FB10-6911-439C-8229-D4679326E746}.Release|x86.Deploy.0 = Release|x86
		{63A5AC93-9857-4B41-B6E9-754465AF9F3F}.Ad-Hoc|Any CPU.ActiveCfg = Debug|Any CPU
		{63A5AC93-9857-4B41-B6E9-754465AF9F3F}.Ad-Hoc|Any CPU.Build.0 = Debug|Any CPU
		{63A5AC93-9857-4B41-B6E9-754465AF9F3F}.Ad-Hoc|ARM.ActiveCfg = Debug|Any CPU
		{63A5AC93-9857-4B41-B6E9-754465AF9F3F}.Ad-Hoc|ARM.Build.0 = Debug|Any CPU
		{63A5AC93-9857-4B41-B6E9-754465AF9F3F}.Ad-Hoc|iPhone.ActiveCfg = Debug|Any CPU
		{63A5AC93-9857-4B41-B6E9-754465AF9F3F}.Ad-Hoc|iPhone.Build.0 = Debug|Any CPU
		{63A5AC93-9857-4B41-B6E9-754465AF9F3F}.Ad-Hoc|iPhoneSimulator.ActiveCfg = Debug|Any CPU
		{63A5AC93-9857-4B41-B6E9-754465AF9F3F}.Ad-Hoc|iPhoneSimulator.Build.0 = Debug|Any CPU
		{63A5AC93-9857-4B41-B6E9-754465AF9F3F}.Ad-Hoc|x64.ActiveCfg = Debug|Any CPU
		{63A5AC93-9857-4B41-B6E9-754465AF9F3F}.Ad-Hoc|x64.Build.0 = Debug|Any CPU
		{63A5AC93-9857-4B41-B6E9-754465AF9F3F}.Ad-Hoc|x86.ActiveCfg = Debug|Any CPU
		{63A5AC93-9857-4B41-B6E9-754465AF9F3F}.Ad-Hoc|x86.Build.0 = Debug|Any CPU
		{63A5AC93-9857-4B41-B6E9-754465AF9F3F}.AppStore|Any CPU.ActiveCfg = Debug|Any CPU
		{63A5AC93-9857-4B41-B6E9-754465AF9F3F}.AppStore|Any CPU.Build.0 = Debug|Any CPU
		{63A5AC93-9857-4B41-B6E9-754465AF9F3F}.AppStore|ARM.ActiveCfg = Debug|Any CPU
		{63A5AC93-9857-4B41-B6E9-754465AF9F3F}.AppStore|ARM.Build.0 = Debug|Any CPU
		{63A5AC93-9857-4B41-B6E9-754465AF9F3F}.AppStore|iPhone.ActiveCfg = Debug|Any CPU
		{63A5AC93-9857-4B41-B6E9-754465AF9F3F}.AppStore|iPhone.Build.0 = Debug|Any CPU
		{63A5AC93-9857-4B41-B6E9-754465AF9F3F}.AppStore|iPhoneSimulator.ActiveCfg = Debug|Any CPU
		{63A5AC93-9857-4B41-B6E9-754465AF9F3F}.AppStore|iPhoneSimulator.Build.0 = Debug|Any CPU
		{63A5AC93-9857-4B41-B6E9-754465AF9F3F}.AppStore|x64.ActiveCfg = Debug|Any CPU
		{63A5AC93-9857-4B41-B6E9-754465AF9F3F}.AppStore|x64.Build.0 = Debug|Any CPU
		{63A5AC93-9857-4B41-B6E9-754465AF9F3F}.AppStore|x86.ActiveCfg = Debug|Any CPU
		{63A5AC93-9857-4B41-B6E9-754465AF9F3F}.AppStore|x86.Build.0 = Debug|Any CPU
		{63A5AC93-9857-4B41-B6E9-754465AF9F3F}.Debug|Any CPU.ActiveCfg = Debug|Any CPU
		{63A5AC93-9857-4B41-B6E9-754465AF9F3F}.Debug|Any CPU.Build.0 = Debug|Any CPU
		{63A5AC93-9857-4B41-B6E9-754465AF9F3F}.Debug|ARM.ActiveCfg = Debug|Any CPU
		{63A5AC93-9857-4B41-B6E9-754465AF9F3F}.Debug|ARM.Build.0 = Debug|Any CPU
		{63A5AC93-9857-4B41-B6E9-754465AF9F3F}.Debug|iPhone.ActiveCfg = Debug|Any CPU
		{63A5AC93-9857-4B41-B6E9-754465AF9F3F}.Debug|iPhone.Build.0 = Debug|Any CPU
		{63A5AC93-9857-4B41-B6E9-754465AF9F3F}.Debug|iPhoneSimulator.ActiveCfg = Debug|Any CPU
		{63A5AC93-9857-4B41-B6E9-754465AF9F3F}.Debug|iPhoneSimulator.Build.0 = Debug|Any CPU
		{63A5AC93-9857-4B41-B6E9-754465AF9F3F}.Debug|x64.ActiveCfg = Debug|Any CPU
		{63A5AC93-9857-4B41-B6E9-754465AF9F3F}.Debug|x64.Build.0 = Debug|Any CPU
		{63A5AC93-9857-4B41-B6E9-754465AF9F3F}.Debug|x86.ActiveCfg = Debug|Any CPU
		{63A5AC93-9857-4B41-B6E9-754465AF9F3F}.Debug|x86.Build.0 = Debug|Any CPU
		{63A5AC93-9857-4B41-B6E9-754465AF9F3F}.Release|Any CPU.ActiveCfg = Release|Any CPU
		{63A5AC93-9857-4B41-B6E9-754465AF9F3F}.Release|Any CPU.Build.0 = Release|Any CPU
		{63A5AC93-9857-4B41-B6E9-754465AF9F3F}.Release|ARM.ActiveCfg = Release|Any CPU
		{63A5AC93-9857-4B41-B6E9-754465AF9F3F}.Release|ARM.Build.0 = Release|Any CPU
		{63A5AC93-9857-4B41-B6E9-754465AF9F3F}.Release|iPhone.ActiveCfg = Release|Any CPU
		{63A5AC93-9857-4B41-B6E9-754465AF9F3F}.Release|iPhone.Build.0 = Release|Any CPU
		{63A5AC93-9857-4B41-B6E9-754465AF9F3F}.Release|iPhoneSimulator.ActiveCfg = Release|Any CPU
		{63A5AC93-9857-4B41-B6E9-754465AF9F3F}.Release|iPhoneSimulator.Build.0 = Release|Any CPU
		{63A5AC93-9857-4B41-B6E9-754465AF9F3F}.Release|x64.ActiveCfg = Release|Any CPU
		{63A5AC93-9857-4B41-B6E9-754465AF9F3F}.Release|x64.Build.0 = Release|Any CPU
		{63A5AC93-9857-4B41-B6E9-754465AF9F3F}.Release|x86.ActiveCfg = Release|Any CPU
		{63A5AC93-9857-4B41-B6E9-754465AF9F3F}.Release|x86.Build.0 = Release|Any CPU
	EndGlobalSection
	GlobalSection(SolutionProperties) = preSolution
		HideSolutionNode = FALSE
	EndGlobalSection
	GlobalSection(ExtensibilityGlobals) = postSolution
		SolutionGuid = {A8AFCFB5-C6D8-4BB1-881D-FCC26D94029E}
	EndGlobalSection
EndGlobal
