
Microsoft Visual Studio Solution File, Format Version 12.00
# Visual Studio 15
VisualStudioVersion = 15.0.27130.2027
MinimumVisualStudioVersion = 10.0.40219.1
Project("{FAE04EC0-301F-11D3-BF4B-00C04F79EFBC}") = "App02_Xamarin.Android", "App02_Xamarin\App02_Xamarin.Android\App02_Xamarin.Android.csproj", "{5F1F1A2F-B9BC-46B1-BB3F-7C2ED0A9FB45}"
EndProject
Project("{FAE04EC0-301F-11D3-BF4B-00C04F79EFBC}") = "App02_Xamarin.iOS", "App02_Xamarin\App02_Xamarin.iOS\App02_Xamarin.iOS.csproj", "{4F2E9EB6-DB36-43FD-A863-B6E3EE49134E}"
EndProject
Project("{FAE04EC0-301F-11D3-BF4B-00C04F79EFBC}") = "App02_Xamarin.UWP", "App02_Xamarin\App02_Xamarin.UWP\App02_Xamarin.UWP.csproj", "{FBDC9DB3-6329-4863-83C5-A4BB7C088291}"
EndProject
Project("{FAE04EC0-301F-11D3-BF4B-00C04F79EFBC}") = "App02_Xamarin", "App02_Xamarin\App02_Xamarin\App02_Xamarin.csproj", "{92F20BE0-8FCF-4FC6-84C7-7FB190251D7C}"
EndProject
Global
	GlobalSection(SolutionConfigurationPlatforms) = preSolution
		Ad-Hoc|Any CPU = Ad-Hoc|Any CPU
		Ad-Hoc|ARM = Ad-Hoc|ARM
		Ad-Hoc|iPhone = Ad-Hoc|iPhone
		Ad-Hoc|iPhoneSimulator = Ad-Hoc|iPhoneSimulator
		Ad-Hoc|x64 = Ad-Hoc|x64
		Ad-Hoc|x86 = Ad-Hoc|x86
		AppStore|Any CPU = AppStore|Any CPU
		AppStore|ARM = AppStore|ARM
		AppStore|iPhone = AppStore|iPhone
		AppStore|iPhoneSimulator = AppStore|iPhoneSimulator
		AppStore|x64 = AppStore|x64
		AppStore|x86 = AppStore|x86
		Debug|Any CPU = Debug|Any CPU
		Debug|ARM = Debug|ARM
		Debug|iPhone = Debug|iPhone
		Debug|iPhoneSimulator = Debug|iPhoneSimulator
		Debug|x64 = Debug|x64
		Debug|x86 = Debug|x86
		Release|Any CPU = Release|Any CPU
		Release|ARM = Release|ARM
		Release|iPhone = Release|iPhone
		Release|iPhoneSimulator = Release|iPhoneSimulator
		Release|x64 = Release|x64
		Release|x86 = Release|x86
	EndGlobalSection
	GlobalSection(ProjectConfigurationPlatforms) = postSolution
		{5F1F1A2F-B9BC-46B1-BB3F-7C2ED0A9FB45}.Ad-Hoc|Any CPU.ActiveCfg = Release|Any CPU
		{5F1F1A2F-B9BC-46B1-BB3F-7C2ED0A9FB45}.Ad-Hoc|Any CPU.Build.0 = Release|Any CPU
		{5F1F1A2F-B9BC-46B1-BB3F-7C2ED0A9FB45}.Ad-Hoc|Any CPU.Deploy.0 = Release|Any CPU
		{5F1F1A2F-B9BC-46B1-BB3F-7C2ED0A9FB45}.Ad-Hoc|ARM.ActiveCfg = Release|Any CPU
		{5F1F1A2F-B9BC-46B1-BB3F-7C2ED0A9FB45}.Ad-Hoc|ARM.Build.0 = Release|Any CPU
		{5F1F1A2F-B9BC-46B1-BB3F-7C2ED0A9FB45}.Ad-Hoc|ARM.Deploy.0 = Release|Any CPU
		{5F1F1A2F-B9BC-46B1-BB3F-7C2ED0A9FB45}.Ad-Hoc|iPhone.ActiveCfg = Release|Any CPU
		{5F1F1A2F-B9BC-46B1-BB3F-7C2ED0A9FB45}.Ad-Hoc|iPhone.Build.0 = Release|Any CPU
		{5F1F1A2F-B9BC-46B1-BB3F-7C2ED0A9FB45}.Ad-Hoc|iPhone.Deploy.0 = Release|Any CPU
		{5F1F1A2F-B9BC-46B1-BB3F-7C2ED0A9FB45}.Ad-Hoc|iPhoneSimulator.ActiveCfg = Release|Any CPU
		{5F1F1A2F-B9BC-46B1-BB3F-7C2ED0A9FB45}.Ad-Hoc|iPhoneSimulator.Build.0 = Release|Any CPU
		{5F1F1A2F-B9BC-46B1-BB3F-7C2ED0A9FB45}.Ad-Hoc|iPhoneSimulator.Deploy.0 = Release|Any CPU
		{5F1F1A2F-B9BC-46B1-BB3F-7C2ED0A9FB45}.Ad-Hoc|x64.ActiveCfg = Release|Any CPU
		{5F1F1A2F-B9BC-46B1-BB3F-7C2ED0A9FB45}.Ad-Hoc|x64.Build.0 = Release|Any CPU
		{5F1F1A2F-B9BC-46B1-BB3F-7C2ED0A9FB45}.Ad-Hoc|x64.Deploy.0 = Release|Any CPU
		{5F1F1A2F-B9BC-46B1-BB3F-7C2ED0A9FB45}.Ad-Hoc|x86.ActiveCfg = Release|Any CPU
		{5F1F1A2F-B9BC-46B1-BB3F-7C2ED0A9FB45}.Ad-Hoc|x86.Build.0 = Release|Any CPU
		{5F1F1A2F-B9BC-46B1-BB3F-7C2ED0A9FB45}.Ad-Hoc|x86.Deploy.0 = Release|Any CPU
		{5F1F1A2F-B9BC-46B1-BB3F-7C2ED0A9FB45}.AppStore|Any CPU.ActiveCfg = Release|Any CPU
		{5F1F1A2F-B9BC-46B1-BB3F-7C2ED0A9FB45}.AppStore|Any CPU.Build.0 = Release|Any CPU
		{5F1F1A2F-B9BC-46B1-BB3F-7C2ED0A9FB45}.AppStore|Any CPU.Deploy.0 = Release|Any CPU
		{5F1F1A2F-B9BC-46B1-BB3F-7C2ED0A9FB45}.AppStore|ARM.ActiveCfg = Release|Any CPU
		{5F1F1A2F-B9BC-46B1-BB3F-7C2ED0A9FB45}.AppStore|ARM.Build.0 = Release|Any CPU
		{5F1F1A2F-B9BC-46B1-BB3F-7C2ED0A9FB45}.AppStore|ARM.Deploy.0 = Release|Any CPU
		{5F1F1A2F-B9BC-46B1-BB3F-7C2ED0A9FB45}.AppStore|iPhone.ActiveCfg = Release|Any CPU
		{5F1F1A2F-B9BC-46B1-BB3F-7C2ED0A9FB45}.AppStore|iPhone.Build.0 = Release|Any CPU
		{5F1F1A2F-B9BC-46B1-BB3F-7C2ED0A9FB45}.AppStore|iPhone.Deploy.0 = Release|Any CPU
		{5F1F1A2F-B9BC-46B1-BB3F-7C2ED0A9FB45}.AppStore|iPhoneSimulator.ActiveCfg = Release|Any CPU
		{5F1F1A2F-B9BC-46B1-BB3F-7C2ED0A9FB45}.AppStore|iPhoneSimulator.Build.0 = Release|Any CPU
		{5F1F1A2F-B9BC-46B1-BB3F-7C2ED0A9FB45}.AppStore|iPhoneSimulator.Deploy.0 = Release|Any CPU
		{5F1F1A2F-B9BC-46B1-BB3F-7C2ED0A9FB45}.AppStore|x64.ActiveCfg = Release|Any CPU
		{5F1F1A2F-B9BC-46B1-BB3F-7C2ED0A9FB45}.AppStore|x64.Build.0 = Release|Any CPU
		{5F1F1A2F-B9BC-46B1-BB3F-7C2ED0A9FB45}.AppStore|x64.Deploy.0 = Release|Any CPU
		{5F1F1A2F-B9BC-46B1-BB3F-7C2ED0A9FB45}.AppStore|x86.ActiveCfg = Release|Any CPU
		{5F1F1A2F-B9BC-46B1-BB3F-7C2ED0A9FB45}.AppStore|x86.Build.0 = Release|Any CPU
		{5F1F1A2F-B9BC-46B1-BB3F-7C2ED0A9FB45}.AppStore|x86.Deploy.0 = Release|Any CPU
		{5F1F1A2F-B9BC-46B1-BB3F-7C2ED0A9FB45}.Debug|Any CPU.ActiveCfg = Debug|Any CPU
		{5F1F1A2F-B9BC-46B1-BB3F-7C2ED0A9FB45}.Debug|Any CPU.Build.0 = Debug|Any CPU
		{5F1F1A2F-B9BC-46B1-BB3F-7C2ED0A9FB45}.Debug|Any CPU.Deploy.0 = Debug|Any CPU
		{5F1F1A2F-B9BC-46B1-BB3F-7C2ED0A9FB45}.Debug|ARM.ActiveCfg = Debug|Any CPU
		{5F1F1A2F-B9BC-46B1-BB3F-7C2ED0A9FB45}.Debug|ARM.Build.0 = Debug|Any CPU
		{5F1F1A2F-B9BC-46B1-BB3F-7C2ED0A9FB45}.Debug|ARM.Deploy.0 = Debug|Any CPU
		{5F1F1A2F-B9BC-46B1-BB3F-7C2ED0A9FB45}.Debug|iPhone.ActiveCfg = Debug|Any CPU
		{5F1F1A2F-B9BC-46B1-BB3F-7C2ED0A9FB45}.Debug|iPhone.Build.0 = Debug|Any CPU
		{5F1F1A2F-B9BC-46B1-BB3F-7C2ED0A9FB45}.Debug|iPhone.Deploy.0 = Debug|Any CPU
		{5F1F1A2F-B9BC-46B1-BB3F-7C2ED0A9FB45}.Debug|iPhoneSimulator.ActiveCfg = Debug|Any CPU
		{5F1F1A2F-B9BC-46B1-BB3F-7C2ED0A9FB45}.Debug|iPhoneSimulator.Build.0 = Debug|Any CPU
		{5F1F1A2F-B9BC-46B1-BB3F-7C2ED0A9FB45}.Debug|iPhoneSimulator.Deploy.0 = Debug|Any CPU
		{5F1F1A2F-B9BC-46B1-BB3F-7C2ED0A9FB45}.Debug|x64.ActiveCfg = Debug|Any CPU
		{5F1F1A2F-B9BC-46B1-BB3F-7C2ED0A9FB45}.Debug|x64.Build.0 = Debug|Any CPU
		{5F1F1A2F-B9BC-46B1-BB3F-7C2ED0A9FB45}.Debug|x64.Deploy.0 = Debug|Any CPU
		{5F1F1A2F-B9BC-46B1-BB3F-7C2ED0A9FB45}.Debug|x86.ActiveCfg = Debug|Any CPU
		{5F1F1A2F-B9BC-46B1-BB3F-7C2ED0A9FB45}.Debug|x86.Build.0 = Debug|Any CPU
		{5F1F1A2F-B9BC-46B1-BB3F-7C2ED0A9FB45}.Debug|x86.Deploy.0 = Debug|Any CPU
		{5F1F1A2F-B9BC-46B1-BB3F-7C2ED0A9FB45}.Release|Any CPU.ActiveCfg = Release|Any CPU
		{5F1F1A2F-B9BC-46B1-BB3F-7C2ED0A9FB45}.Release|Any CPU.Build.0 = Release|Any CPU
		{5F1F1A2F-B9BC-46B1-BB3F-7C2ED0A9FB45}.Release|Any CPU.Deploy.0 = Release|Any CPU
		{5F1F1A2F-B9BC-46B1-BB3F-7C2ED0A9FB45}.Release|ARM.ActiveCfg = Release|Any CPU
		{5F1F1A2F-B9BC-46B1-BB3F-7C2ED0A9FB45}.Release|ARM.Build.0 = Release|Any CPU
		{5F1F1A2F-B9BC-46B1-BB3F-7C2ED0A9FB45}.Release|ARM.Deploy.0 = Release|Any CPU
		{5F1F1A2F-B9BC-46B1-BB3F-7C2ED0A9FB45}.Release|iPhone.ActiveCfg = Release|Any CPU
		{5F1F1A2F-B9BC-46B1-BB3F-7C2ED0A9FB45}.Release|iPhone.Build.0 = Release|Any CPU
		{5F1F1A2F-B9BC-46B1-BB3F-7C2ED0A9FB45}.Release|iPhone.Deploy.0 = Release|Any CPU
		{5F1F1A2F-B9BC-46B1-BB3F-7C2ED0A9FB45}.Release|iPhoneSimulator.ActiveCfg = Release|Any CPU
		{5F1F1A2F-B9BC-46B1-BB3F-7C2ED0A9FB45}.Release|iPhoneSimulator.Build.0 = Release|Any CPU
		{5F1F1A2F-B9BC-46B1-BB3F-7C2ED0A9FB45}.Release|iPhoneSimulator.Deploy.0 = Release|Any CPU
		{5F1F1A2F-B9BC-46B1-BB3F-7C2ED0A9FB45}.Release|x64.ActiveCfg = Release|Any CPU
		{5F1F1A2F-B9BC-46B1-BB3F-7C2ED0A9FB45}.Release|x64.Build.0 = Release|Any CPU
		{5F1F1A2F-B9BC-46B1-BB3F-7C2ED0A9FB45}.Release|x64.Deploy.0 = Release|Any CPU
		{5F1F1A2F-B9BC-46B1-BB3F-7C2ED0A9FB45}.Release|x86.ActiveCfg = Release|Any CPU
		{5F1F1A2F-B9BC-46B1-BB3F-7C2ED0A9FB45}.Release|x86.Build.0 = Release|Any CPU
		{5F1F1A2F-B9BC-46B1-BB3F-7C2ED0A9FB45}.Release|x86.Deploy.0 = Release|Any CPU
		{4F2E9EB6-DB36-43FD-A863-B6E3EE49134E}.Ad-Hoc|Any CPU.ActiveCfg = Ad-Hoc|iPhone
		{4F2E9EB6-DB36-43FD-A863-B6E3EE49134E}.Ad-Hoc|ARM.ActiveCfg = Ad-Hoc|iPhone
		{4F2E9EB6-DB36-43FD-A863-B6E3EE49134E}.Ad-Hoc|iPhone.ActiveCfg = Ad-Hoc|iPhone
		{4F2E9EB6-DB36-43FD-A863-B6E3EE49134E}.Ad-Hoc|iPhone.Build.0 = Ad-Hoc|iPhone
		{4F2E9EB6-DB36-43FD-A863-B6E3EE49134E}.Ad-Hoc|iPhoneSimulator.ActiveCfg = Ad-Hoc|iPhoneSimulator
		{4F2E9EB6-DB36-43FD-A863-B6E3EE49134E}.Ad-Hoc|iPhoneSimulator.Build.0 = Ad-Hoc|iPhoneSimulator
		{4F2E9EB6-DB36-43FD-A863-B6E3EE49134E}.Ad-Hoc|x64.ActiveCfg = Ad-Hoc|iPhone
		{4F2E9EB6-DB36-43FD-A863-B6E3EE49134E}.Ad-Hoc|x86.ActiveCfg = Ad-Hoc|iPhone
		{4F2E9EB6-DB36-43FD-A863-B6E3EE49134E}.AppStore|Any CPU.ActiveCfg = AppStore|iPhone
		{4F2E9EB6-DB36-43FD-A863-B6E3EE49134E}.AppStore|ARM.ActiveCfg = AppStore|iPhone
		{4F2E9EB6-DB36-43FD-A863-B6E3EE49134E}.AppStore|iPhone.ActiveCfg = AppStore|iPhone
		{4F2E9EB6-DB36-43FD-A863-B6E3EE49134E}.AppStore|iPhone.Build.0 = AppStore|iPhone
		{4F2E9EB6-DB36-43FD-A863-B6E3EE49134E}.AppStore|iPhoneSimulator.ActiveCfg = AppStore|iPhoneSimulator
		{4F2E9EB6-DB36-43FD-A863-B6E3EE49134E}.AppStore|iPhoneSimulator.Build.0 = AppStore|iPhoneSimulator
		{4F2E9EB6-DB36-43FD-A863-B6E3EE49134E}.AppStore|x64.ActiveCfg = AppStore|iPhone
		{4F2E9EB6-DB36-43FD-A863-B6E3EE49134E}.AppStore|x86.ActiveCfg = AppStore|iPhone
		{4F2E9EB6-DB36-43FD-A863-B6E3EE49134E}.Debug|Any CPU.ActiveCfg = Debug|iPhone
		{4F2E9EB6-DB36-43FD-A863-B6E3EE49134E}.Debug|ARM.ActiveCfg = Debug|iPhone
		{4F2E9EB6-DB36-43FD-A863-B6E3EE49134E}.Debug|iPhone.ActiveCfg = Debug|iPhone
		{4F2E9EB6-DB36-43FD-A863-B6E3EE49134E}.Debug|iPhone.Build.0 = Debug|iPhone
		{4F2E9EB6-DB36-43FD-A863-B6E3EE49134E}.Debug|iPhoneSimulator.ActiveCfg = Debug|iPhoneSimulator
		{4F2E9EB6-DB36-43FD-A863-B6E3EE49134E}.Debug|iPhoneSimulator.Build.0 = Debug|iPhoneSimulator
		{4F2E9EB6-DB36-43FD-A863-B6E3EE49134E}.Debug|x64.ActiveCfg = Debug|iPhone
		{4F2E9EB6-DB36-43FD-A863-B6E3EE49134E}.Debug|x86.ActiveCfg = Debug|iPhone
		{4F2E9EB6-DB36-43FD-A863-B6E3EE49134E}.Release|Any CPU.ActiveCfg = Release|iPhone
		{4F2E9EB6-DB36-43FD-A863-B6E3EE49134E}.Release|ARM.ActiveCfg = Release|iPhone
		{4F2E9EB6-DB36-43FD-A863-B6E3EE49134E}.Release|iPhone.ActiveCfg = Release|iPhone
		{4F2E9EB6-DB36-43FD-A863-B6E3EE49134E}.Release|iPhone.Build.0 = Release|iPhone
		{4F2E9EB6-DB36-43FD-A863-B6E3EE49134E}.Release|iPhoneSimulator.ActiveCfg = Release|iPhoneSimulator
		{4F2E9EB6-DB36-43FD-A863-B6E3EE49134E}.Release|iPhoneSimulator.Build.0 = Release|iPhoneSimulator
		{4F2E9EB6-DB36-43FD-A863-B6E3EE49134E}.Release|x64.ActiveCfg = Release|iPhone
		{4F2E9EB6-DB36-43FD-A863-B6E3EE49134E}.Release|x86.ActiveCfg = Release|iPhone
		{FBDC9DB3-6329-4863-83C5-A4BB7C088291}.Ad-Hoc|Any CPU.ActiveCfg = Release|x86
		{FBDC9DB3-6329-4863-83C5-A4BB7C088291}.Ad-Hoc|Any CPU.Build.0 = Release|x86
		{FBDC9DB3-6329-4863-83C5-A4BB7C088291}.Ad-Hoc|Any CPU.Deploy.0 = Release|x86
		{FBDC9DB3-6329-4863-83C5-A4BB7C088291}.Ad-Hoc|ARM.ActiveCfg = Release|ARM
		{FBDC9DB3-6329-4863-83C5-A4BB7C088291}.Ad-Hoc|ARM.Build.0 = Release|ARM
		{FBDC9DB3-6329-4863-83C5-A4BB7C088291}.Ad-Hoc|ARM.Deploy.0 = Release|ARM
		{FBDC9DB3-6329-4863-83C5-A4BB7C088291}.Ad-Hoc|iPhone.ActiveCfg = Release|x86
		{FBDC9DB3-6329-4863-83C5-A4BB7C088291}.Ad-Hoc|iPhone.Build.0 = Release|x86
		{FBDC9DB3-6329-4863-83C5-A4BB7C088291}.Ad-Hoc|iPhone.Deploy.0 = Release|x86
		{FBDC9DB3-6329-4863-83C5-A4BB7C088291}.Ad-Hoc|iPhoneSimulator.ActiveCfg = Release|x86
		{FBDC9DB3-6329-4863-83C5-A4BB7C088291}.Ad-Hoc|iPhoneSimulator.Build.0 = Release|x86
		{FBDC9DB3-6329-4863-83C5-A4BB7C088291}.Ad-Hoc|iPhoneSimulator.Deploy.0 = Release|x86
		{FBDC9DB3-6329-4863-83C5-A4BB7C088291}.Ad-Hoc|x64.ActiveCfg = Release|x64
		{FBDC9DB3-6329-4863-83C5-A4BB7C088291}.Ad-Hoc|x64.Build.0 = Release|x64
		{FBDC9DB3-6329-4863-83C5-A4BB7C088291}.Ad-Hoc|x64.Deploy.0 = Release|x64
		{FBDC9DB3-6329-4863-83C5-A4BB7C088291}.Ad-Hoc|x86.ActiveCfg = Release|x86
		{FBDC9DB3-6329-4863-83C5-A4BB7C088291}.Ad-Hoc|x86.Build.0 = Release|x86
		{FBDC9DB3-6329-4863-83C5-A4BB7C088291}.Ad-Hoc|x86.Deploy.0 = Release|x86
		{FBDC9DB3-6329-4863-83C5-A4BB7C088291}.AppStore|Any CPU.ActiveCfg = Release|x86
		{FBDC9DB3-6329-4863-83C5-A4BB7C088291}.AppStore|Any CPU.Build.0 = Release|x86
		{FBDC9DB3-6329-4863-83C5-A4BB7C088291}.AppStore|Any CPU.Deploy.0 = Release|x86
		{FBDC9DB3-6329-4863-83C5-A4BB7C088291}.AppStore|ARM.ActiveCfg = Release|ARM
		{FBDC9DB3-6329-4863-83C5-A4BB7C088291}.AppStore|ARM.Build.0 = Release|ARM
		{FBDC9DB3-6329-4863-83C5-A4BB7C088291}.AppStore|ARM.Deploy.0 = Release|ARM
		{FBDC9DB3-6329-4863-83C5-A4BB7C088291}.AppStore|iPhone.ActiveCfg = Release|x86
		{FBDC9DB3-6329-4863-83C5-A4BB7C088291}.AppStore|iPhone.Build.0 = Release|x86
		{FBDC9DB3-6329-4863-83C5-A4BB7C088291}.AppStore|iPhone.Deploy.0 = Release|x86
		{FBDC9DB3-6329-4863-83C5-A4BB7C088291}.AppStore|iPhoneSimulator.ActiveCfg = Release|x86
		{FBDC9DB3-6329-4863-83C5-A4BB7C088291}.AppStore|iPhoneSimulator.Build.0 = Release|x86
		{FBDC9DB3-6329-4863-83C5-A4BB7C088291}.AppStore|iPhoneSimulator.Deploy.0 = Release|x86
		{FBDC9DB3-6329-4863-83C5-A4BB7C088291}.AppStore|x64.ActiveCfg = Release|x64
		{FBDC9DB3-6329-4863-83C5-A4BB7C088291}.AppStore|x64.Build.0 = Release|x64
		{FBDC9DB3-6329-4863-83C5-A4BB7C088291}.AppStore|x64.Deploy.0 = Release|x64
		{FBDC9DB3-6329-4863-83C5-A4BB7C088291}.AppStore|x86.ActiveCfg = Release|x86
		{FBDC9DB3-6329-4863-83C5-A4BB7C088291}.AppStore|x86.Build.0 = Release|x86
		{FBDC9DB3-6329-4863-83C5-A4BB7C088291}.AppStore|x86.Deploy.0 = Release|x86
		{FBDC9DB3-6329-4863-83C5-A4BB7C088291}.Debug|Any CPU.ActiveCfg = Debug|x86
		{FBDC9DB3-6329-4863-83C5-A4BB7C088291}.Debug|ARM.ActiveCfg = Debug|ARM
		{FBDC9DB3-6329-4863-83C5-A4BB7C088291}.Debug|ARM.Build.0 = Debug|ARM
		{FBDC9DB3-6329-4863-83C5-A4BB7C088291}.Debug|ARM.Deploy.0 = Debug|ARM
		{FBDC9DB3-6329-4863-83C5-A4BB7C088291}.Debug|iPhone.ActiveCfg = Debug|x86
		{FBDC9DB3-6329-4863-83C5-A4BB7C088291}.Debug|iPhoneSimulator.ActiveCfg = Debug|x86
		{FBDC9DB3-6329-4863-83C5-A4BB7C088291}.Debug|x64.ActiveCfg = Debug|x64
		{FBDC9DB3-6329-4863-83C5-A4BB7C088291}.Debug|x64.Build.0 = Debug|x64
		{FBDC9DB3-6329-4863-83C5-A4BB7C088291}.Debug|x64.Deploy.0 = Debug|x64
		{FBDC9DB3-6329-4863-83C5-A4BB7C088291}.Debug|x86.ActiveCfg = Debug|x86
		{FBDC9DB3-6329-4863-83C5-A4BB7C088291}.Debug|x86.Build.0 = Debug|x86
		{FBDC9DB3-6329-4863-83C5-A4BB7C088291}.Debug|x86.Deploy.0 = Debug|x86
		{FBDC9DB3-6329-4863-83C5-A4BB7C088291}.Release|Any CPU.ActiveCfg = Release|x86
		{FBDC9DB3-6329-4863-83C5-A4BB7C088291}.Release|ARM.ActiveCfg = Release|ARM
		{FBDC9DB3-6329-4863-83C5-A4BB7C088291}.Release|ARM.Build.0 = Release|ARM
		{FBDC9DB3-6329-4863-83C5-A4BB7C088291}.Release|ARM.Deploy.0 = Release|ARM
		{FBDC9DB3-6329-4863-83C5-A4BB7C088291}.Release|iPhone.ActiveCfg = Release|x86
		{FBDC9DB3-6329-4863-83C5-A4BB7C088291}.Release|iPhoneSimulator.ActiveCfg = Release|x86
		{FBDC9DB3-6329-4863-83C5-A4BB7C088291}.Release|x64.ActiveCfg = Release|x64
		{FBDC9DB3-6329-4863-83C5-A4BB7C088291}.Release|x64.Build.0 = Release|x64
		{FBDC9DB3-6329-4863-83C5-A4BB7C088291}.Release|x64.Deploy.0 = Release|x64
		{FBDC9DB3-6329-4863-83C5-A4BB7C088291}.Release|x86.ActiveCfg = Release|x86
		{FBDC9DB3-6329-4863-83C5-A4BB7C088291}.Release|x86.Build.0 = Release|x86
		{FBDC9DB3-6329-4863-83C5-A4BB7C088291}.Release|x86.Deploy.0 = Release|x86
		{92F20BE0-8FCF-4FC6-84C7-7FB190251D7C}.Ad-Hoc|Any CPU.ActiveCfg = Debug|Any CPU
		{92F20BE0-8FCF-4FC6-84C7-7FB190251D7C}.Ad-Hoc|Any CPU.Build.0 = Debug|Any CPU
		{92F20BE0-8FCF-4FC6-84C7-7FB190251D7C}.Ad-Hoc|ARM.ActiveCfg = Debug|Any CPU
		{92F20BE0-8FCF-4FC6-84C7-7FB190251D7C}.Ad-Hoc|ARM.Build.0 = Debug|Any CPU
		{92F20BE0-8FCF-4FC6-84C7-7FB190251D7C}.Ad-Hoc|iPhone.ActiveCfg = Debug|Any CPU
		{92F20BE0-8FCF-4FC6-84C7-7FB190251D7C}.Ad-Hoc|iPhone.Build.0 = Debug|Any CPU
		{92F20BE0-8FCF-4FC6-84C7-7FB190251D7C}.Ad-Hoc|iPhoneSimulator.ActiveCfg = Debug|Any CPU
		{92F20BE0-8FCF-4FC6-84C7-7FB190251D7C}.Ad-Hoc|iPhoneSimulator.Build.0 = Debug|Any CPU
		{92F20BE0-8FCF-4FC6-84C7-7FB190251D7C}.Ad-Hoc|x64.ActiveCfg = Debug|Any CPU
		{92F20BE0-8FCF-4FC6-84C7-7FB190251D7C}.Ad-Hoc|x64.Build.0 = Debug|Any CPU
		{92F20BE0-8FCF-4FC6-84C7-7FB190251D7C}.Ad-Hoc|x86.ActiveCfg = Debug|Any CPU
		{92F20BE0-8FCF-4FC6-84C7-7FB190251D7C}.Ad-Hoc|x86.Build.0 = Debug|Any CPU
		{92F20BE0-8FCF-4FC6-84C7-7FB190251D7C}.AppStore|Any CPU.ActiveCfg = Debug|Any CPU
		{92F20BE0-8FCF-4FC6-84C7-7FB190251D7C}.AppStore|Any CPU.Build.0 = Debug|Any CPU
		{92F20BE0-8FCF-4FC6-84C7-7FB190251D7C}.AppStore|ARM.ActiveCfg = Debug|Any CPU
		{92F20BE0-8FCF-4FC6-84C7-7FB190251D7C}.AppStore|ARM.Build.0 = Debug|Any CPU
		{92F20BE0-8FCF-4FC6-84C7-7FB190251D7C}.AppStore|iPhone.ActiveCfg = Debug|Any CPU
		{92F20BE0-8FCF-4FC6-84C7-7FB190251D7C}.AppStore|iPhone.Build.0 = Debug|Any CPU
		{92F20BE0-8FCF-4FC6-84C7-7FB190251D7C}.AppStore|iPhoneSimulator.ActiveCfg = Debug|Any CPU
		{92F20BE0-8FCF-4FC6-84C7-7FB190251D7C}.AppStore|iPhoneSimulator.Build.0 = Debug|Any CPU
		{92F20BE0-8FCF-4FC6-84C7-7FB190251D7C}.AppStore|x64.ActiveCfg = Debug|Any CPU
		{92F20BE0-8FCF-4FC6-84C7-7FB190251D7C}.AppStore|x64.Build.0 = Debug|Any CPU
		{92F20BE0-8FCF-4FC6-84C7-7FB190251D7C}.AppStore|x86.ActiveCfg = Debug|Any CPU
		{92F20BE0-8FCF-4FC6-84C7-7FB190251D7C}.AppStore|x86.Build.0 = Debug|Any CPU
		{92F20BE0-8FCF-4FC6-84C7-7FB190251D7C}.Debug|Any CPU.ActiveCfg = Debug|Any CPU
		{92F20BE0-8FCF-4FC6-84C7-7FB190251D7C}.Debug|Any CPU.Build.0 = Debug|Any CPU
		{92F20BE0-8FCF-4FC6-84C7-7FB190251D7C}.Debug|ARM.ActiveCfg = Debug|Any CPU
		{92F20BE0-8FCF-4FC6-84C7-7FB190251D7C}.Debug|ARM.Build.0 = Debug|Any CPU
		{92F20BE0-8FCF-4FC6-84C7-7FB190251D7C}.Debug|iPhone.ActiveCfg = Debug|Any CPU
		{92F20BE0-8FCF-4FC6-84C7-7FB190251D7C}.Debug|iPhone.Build.0 = Debug|Any CPU
		{92F20BE0-8FCF-4FC6-84C7-7FB190251D7C}.Debug|iPhoneSimulator.ActiveCfg = Debug|Any CPU
		{92F20BE0-8FCF-4FC6-84C7-7FB190251D7C}.Debug|iPhoneSimulator.Build.0 = Debug|Any CPU
		{92F20BE0-8FCF-4FC6-84C7-7FB190251D7C}.Debug|x64.ActiveCfg = Debug|Any CPU
		{92F20BE0-8FCF-4FC6-84C7-7FB190251D7C}.Debug|x64.Build.0 = Debug|Any CPU
		{92F20BE0-8FCF-4FC6-84C7-7FB190251D7C}.Debug|x86.ActiveCfg = Debug|Any CPU
		{92F20BE0-8FCF-4FC6-84C7-7FB190251D7C}.Debug|x86.Build.0 = Debug|Any CPU
		{92F20BE0-8FCF-4FC6-84C7-7FB190251D7C}.Release|Any CPU.ActiveCfg = Release|Any CPU
		{92F20BE0-8FCF-4FC6-84C7-7FB190251D7C}.Release|Any CPU.Build.0 = Release|Any CPU
		{92F20BE0-8FCF-4FC6-84C7-7FB190251D7C}.Release|ARM.ActiveCfg = Release|Any CPU
		{92F20BE0-8FCF-4FC6-84C7-7FB190251D7C}.Release|ARM.Build.0 = Release|Any CPU
		{92F20BE0-8FCF-4FC6-84C7-7FB190251D7C}.Release|iPhone.ActiveCfg = Release|Any CPU
		{92F20BE0-8FCF-4FC6-84C7-7FB190251D7C}.Release|iPhone.Build.0 = Release|Any CPU
		{92F20BE0-8FCF-4FC6-84C7-7FB190251D7C}.Release|iPhoneSimulator.ActiveCfg = Release|Any CPU
		{92F20BE0-8FCF-4FC6-84C7-7FB190251D7C}.Release|iPhoneSimulator.Build.0 = Release|Any CPU
		{92F20BE0-8FCF-4FC6-84C7-7FB190251D7C}.Release|x64.ActiveCfg = Release|Any CPU
		{92F20BE0-8FCF-4FC6-84C7-7FB190251D7C}.Release|x64.Build.0 = Release|Any CPU
		{92F20BE0-8FCF-4FC6-84C7-7FB190251D7C}.Release|x86.ActiveCfg = Release|Any CPU
		{92F20BE0-8FCF-4FC6-84C7-7FB190251D7C}.Release|x86.Build.0 = Release|Any CPU
	EndGlobalSection
	GlobalSection(SolutionProperties) = preSolution
		HideSolutionNode = FALSE
	EndGlobalSection
	GlobalSection(ExtensibilityGlobals) = postSolution
		SolutionGuid = {B633CC0F-58C5-40CC-A646-35EBAD9C41E8}
	EndGlobalSection
EndGlobal
