
Microsoft Visual Studio Solution File, Format Version 12.00
# Visual Studio 15
VisualStudioVersion = 15.0.27130.2027
MinimumVisualStudioVersion = 10.0.40219.1
Project("{FAE04EC0-301F-11D3-BF4B-00C04F79EFBC}") = "App01_ConsultarCEP.Android", "App01_ConsultarCEP\App01_ConsultarCEP.Android\App01_ConsultarCEP.Android.csproj", "{6A095A1F-4E27-41F9-BD99-3A0A19887662}"
EndProject
Project("{FAE04EC0-301F-11D3-BF4B-00C04F79EFBC}") = "App01_ConsultarCEP.iOS", "App01_ConsultarCEP\App01_ConsultarCEP.iOS\App01_ConsultarCEP.iOS.csproj", "{26E2B5E1-5903-43C8-88B9-8C6CE84F6BB0}"
EndProject
Project("{FAE04EC0-301F-11D3-BF4B-00C04F79EFBC}") = "App01_ConsultarCEP.UWP", "App01_ConsultarCEP\App01_ConsultarCEP.UWP\App01_ConsultarCEP.UWP.csproj", "{18AE940B-9438-4C14-B885-BA1BBDFA9B0E}"
EndProject
Project("{FAE04EC0-301F-11D3-BF4B-00C04F79EFBC}") = "App01_ConsultarCEP", "App01_ConsultarCEP\App01_ConsultarCEP\App01_ConsultarCEP.csproj", "{8C7303AE-5683-45F1-8475-90EE00C7BE2A}"
EndProject
Global
	GlobalSection(SolutionConfigurationPlatforms) = preSolution
		Ad-Hoc|Any CPU = Ad-Hoc|Any CPU
		Ad-Hoc|ARM = Ad-Hoc|ARM
		Ad-Hoc|iPhone = Ad-Hoc|iPhone
		Ad-Hoc|iPhoneSimulator = Ad-Hoc|iPhoneSimulator
		Ad-Hoc|x64 = Ad-Hoc|x64
		Ad-Hoc|x86 = Ad-Hoc|x86
		AppStore|Any CPU = AppStore|Any CPU
		AppStore|ARM = AppStore|ARM
		AppStore|iPhone = AppStore|iPhone
		AppStore|iPhoneSimulator = AppStore|iPhoneSimulator
		AppStore|x64 = AppStore|x64
		AppStore|x86 = AppStore|x86
		Debug|Any CPU = Debug|Any CPU
		Debug|ARM = Debug|ARM
		Debug|iPhone = Debug|iPhone
		Debug|iPhoneSimulator = Debug|iPhoneSimulator
		Debug|x64 = Debug|x64
		Debug|x86 = Debug|x86
		Release|Any CPU = Release|Any CPU
		Release|ARM = Release|ARM
		Release|iPhone = Release|iPhone
		Release|iPhoneSimulator = Release|iPhoneSimulator
		Release|x64 = Release|x64
		Release|x86 = Release|x86
	EndGlobalSection
	GlobalSection(ProjectConfigurationPlatforms) = postSolution
		{6A095A1F-4E27-41F9-BD99-3A0A19887662}.Ad-Hoc|Any CPU.ActiveCfg = Release|Any CPU
		{6A095A1F-4E27-41F9-BD99-3A0A19887662}.Ad-Hoc|Any CPU.Build.0 = Release|Any CPU
		{6A095A1F-4E27-41F9-BD99-3A0A19887662}.Ad-Hoc|Any CPU.Deploy.0 = Release|Any CPU
		{6A095A1F-4E27-41F9-BD99-3A0A19887662}.Ad-Hoc|ARM.ActiveCfg = Release|Any CPU
		{6A095A1F-4E27-41F9-BD99-3A0A19887662}.Ad-Hoc|ARM.Build.0 = Release|Any CPU
		{6A095A1F-4E27-41F9-BD99-3A0A19887662}.Ad-Hoc|ARM.Deploy.0 = Release|Any CPU
		{6A095A1F-4E27-41F9-BD99-3A0A19887662}.Ad-Hoc|iPhone.ActiveCfg = Release|Any CPU
		{6A095A1F-4E27-41F9-BD99-3A0A19887662}.Ad-Hoc|iPhone.Build.0 = Release|Any CPU
		{6A095A1F-4E27-41F9-BD99-3A0A19887662}.Ad-Hoc|iPhone.Deploy.0 = Release|Any CPU
		{6A095A1F-4E27-41F9-BD99-3A0A19887662}.Ad-Hoc|iPhoneSimulator.ActiveCfg = Release|Any CPU
		{6A095A1F-4E27-41F9-BD99-3A0A19887662}.Ad-Hoc|iPhoneSimulator.Build.0 = Release|Any CPU
		{6A095A1F-4E27-41F9-BD99-3A0A19887662}.Ad-Hoc|iPhoneSimulator.Deploy.0 = Release|Any CPU
		{6A095A1F-4E27-41F9-BD99-3A0A19887662}.Ad-Hoc|x64.ActiveCfg = Release|Any CPU
		{6A095A1F-4E27-41F9-BD99-3A0A19887662}.Ad-Hoc|x64.Build.0 = Release|Any CPU
		{6A095A1F-4E27-41F9-BD99-3A0A19887662}.Ad-Hoc|x64.Deploy.0 = Release|Any CPU
		{6A095A1F-4E27-41F9-BD99-3A0A19887662}.Ad-Hoc|x86.ActiveCfg = Release|Any CPU
		{6A095A1F-4E27-41F9-BD99-3A0A19887662}.Ad-Hoc|x86.Build.0 = Release|Any CPU
		{6A095A1F-4E27-41F9-BD99-3A0A19887662}.Ad-Hoc|x86.Deploy.0 = Release|Any CPU
		{6A095A1F-4E27-41F9-BD99-3A0A19887662}.AppStore|Any CPU.ActiveCfg = Release|Any CPU
		{6A095A1F-4E27-41F9-BD99-3A0A19887662}.AppStore|Any CPU.Build.0 = Release|Any CPU
		{6A095A1F-4E27-41F9-BD99-3A0A19887662}.AppStore|Any CPU.Deploy.0 = Release|Any CPU
		{6A095A1F-4E27-41F9-BD99-3A0A19887662}.AppStore|ARM.ActiveCfg = Release|Any CPU
		{6A095A1F-4E27-41F9-BD99-3A0A19887662}.AppStore|ARM.Build.0 = Release|Any CPU
		{6A095A1F-4E27-41F9-BD99-3A0A19887662}.AppStore|ARM.Deploy.0 = Release|Any CPU
		{6A095A1F-4E27-41F9-BD99-3A0A19887662}.AppStore|iPhone.ActiveCfg = Release|Any CPU
		{6A095A1F-4E27-41F9-BD99-3A0A19887662}.AppStore|iPhone.Build.0 = Release|Any CPU
		{6A095A1F-4E27-41F9-BD99-3A0A19887662}.AppStore|iPhone.Deploy.0 = Release|Any CPU
		{6A095A1F-4E27-41F9-BD99-3A0A19887662}.AppStore|iPhoneSimulator.ActiveCfg = Release|Any CPU
		{6A095A1F-4E27-41F9-BD99-3A0A19887662}.AppStore|iPhoneSimulator.Build.0 = Release|Any CPU
		{6A095A1F-4E27-41F9-BD99-3A0A19887662}.AppStore|iPhoneSimulator.Deploy.0 = Release|Any CPU
		{6A095A1F-4E27-41F9-BD99-3A0A19887662}.AppStore|x64.ActiveCfg = Release|Any CPU
		{6A095A1F-4E27-41F9-BD99-3A0A19887662}.AppStore|x64.Build.0 = Release|Any CPU
		{6A095A1F-4E27-41F9-BD99-3A0A19887662}.AppStore|x64.Deploy.0 = Release|Any CPU
		{6A095A1F-4E27-41F9-BD99-3A0A19887662}.AppStore|x86.ActiveCfg = Release|Any CPU
		{6A095A1F-4E27-41F9-BD99-3A0A19887662}.AppStore|x86.Build.0 = Release|Any CPU
		{6A095A1F-4E27-41F9-BD99-3A0A19887662}.AppStore|x86.Deploy.0 = Release|Any CPU
		{6A095A1F-4E27-41F9-BD99-3A0A19887662}.Debug|Any CPU.ActiveCfg = Debug|Any CPU
		{6A095A1F-4E27-41F9-BD99-3A0A19887662}.Debug|Any CPU.Build.0 = Debug|Any CPU
		{6A095A1F-4E27-41F9-BD99-3A0A19887662}.Debug|Any CPU.Deploy.0 = Debug|Any CPU
		{6A095A1F-4E27-41F9-BD99-3A0A19887662}.Debug|ARM.ActiveCfg = Debug|Any CPU
		{6A095A1F-4E27-41F9-BD99-3A0A19887662}.Debug|ARM.Build.0 = Debug|Any CPU
		{6A095A1F-4E27-41F9-BD99-3A0A19887662}.Debug|ARM.Deploy.0 = Debug|Any CPU
		{6A095A1F-4E27-41F9-BD99-3A0A19887662}.Debug|iPhone.ActiveCfg = Debug|Any CPU
		{6A095A1F-4E27-41F9-BD99-3A0A19887662}.Debug|iPhone.Build.0 = Debug|Any CPU
		{6A095A1F-4E27-41F9-BD99-3A0A19887662}.Debug|iPhone.Deploy.0 = Debug|Any CPU
		{6A095A1F-4E27-41F9-BD99-3A0A19887662}.Debug|iPhoneSimulator.ActiveCfg = Debug|Any CPU
		{6A095A1F-4E27-41F9-BD99-3A0A19887662}.Debug|iPhoneSimulator.Build.0 = Debug|Any CPU
		{6A095A1F-4E27-41F9-BD99-3A0A19887662}.Debug|iPhoneSimulator.Deploy.0 = Debug|Any CPU
		{6A095A1F-4E27-41F9-BD99-3A0A19887662}.Debug|x64.ActiveCfg = Debug|Any CPU
		{6A095A1F-4E27-41F9-BD99-3A0A19887662}.Debug|x64.Build.0 = Debug|Any CPU
		{6A095A1F-4E27-41F9-BD99-3A0A19887662}.Debug|x64.Deploy.0 = Debug|Any CPU
		{6A095A1F-4E27-41F9-BD99-3A0A19887662}.Debug|x86.ActiveCfg = Debug|Any CPU
		{6A095A1F-4E27-41F9-BD99-3A0A19887662}.Debug|x86.Build.0 = Debug|Any CPU
		{6A095A1F-4E27-41F9-BD99-3A0A19887662}.Debug|x86.Deploy.0 = Debug|Any CPU
		{6A095A1F-4E27-41F9-BD99-3A0A19887662}.Release|Any CPU.ActiveCfg = Release|Any CPU
		{6A095A1F-4E27-41F9-BD99-3A0A19887662}.Release|Any CPU.Build.0 = Release|Any CPU
		{6A095A1F-4E27-41F9-BD99-3A0A19887662}.Release|Any CPU.Deploy.0 = Release|Any CPU
		{6A095A1F-4E27-41F9-BD99-3A0A19887662}.Release|ARM.ActiveCfg = Release|Any CPU
		{6A095A1F-4E27-41F9-BD99-3A0A19887662}.Release|ARM.Build.0 = Release|Any CPU
		{6A095A1F-4E27-41F9-BD99-3A0A19887662}.Release|ARM.Deploy.0 = Release|Any CPU
		{6A095A1F-4E27-41F9-BD99-3A0A19887662}.Release|iPhone.ActiveCfg = Release|Any CPU
		{6A095A1F-4E27-41F9-BD99-3A0A19887662}.Release|iPhone.Build.0 = Release|Any CPU
		{6A095A1F-4E27-41F9-BD99-3A0A19887662}.Release|iPhone.Deploy.0 = Release|Any CPU
		{6A095A1F-4E27-41F9-BD99-3A0A19887662}.Release|iPhoneSimulator.ActiveCfg = Release|Any CPU
		{6A095A1F-4E27-41F9-BD99-3A0A19887662}.Release|iPhoneSimulator.Build.0 = Release|Any CPU
		{6A095A1F-4E27-41F9-BD99-3A0A19887662}.Release|iPhoneSimulator.Deploy.0 = Release|Any CPU
		{6A095A1F-4E27-41F9-BD99-3A0A19887662}.Release|x64.ActiveCfg = Release|Any CPU
		{6A095A1F-4E27-41F9-BD99-3A0A19887662}.Release|x64.Build.0 = Release|Any CPU
		{6A095A1F-4E27-41F9-BD99-3A0A19887662}.Release|x64.Deploy.0 = Release|Any CPU
		{6A095A1F-4E27-41F9-BD99-3A0A19887662}.Release|x86.ActiveCfg = Release|Any CPU
		{6A095A1F-4E27-41F9-BD99-3A0A19887662}.Release|x86.Build.0 = Release|Any CPU
		{6A095A1F-4E27-41F9-BD99-3A0A19887662}.Release|x86.Deploy.0 = Release|Any CPU
		{26E2B5E1-5903-43C8-88B9-8C6CE84F6BB0}.Ad-Hoc|Any CPU.ActiveCfg = Ad-Hoc|iPhone
		{26E2B5E1-5903-43C8-88B9-8C6CE84F6BB0}.Ad-Hoc|ARM.ActiveCfg = Ad-Hoc|iPhone
		{26E2B5E1-5903-43C8-88B9-8C6CE84F6BB0}.Ad-Hoc|iPhone.ActiveCfg = Ad-Hoc|iPhone
		{26E2B5E1-5903-43C8-88B9-8C6CE84F6BB0}.Ad-Hoc|iPhone.Build.0 = Ad-Hoc|iPhone
		{26E2B5E1-5903-43C8-88B9-8C6CE84F6BB0}.Ad-Hoc|iPhoneSimulator.ActiveCfg = Ad-Hoc|iPhoneSimulator
		{26E2B5E1-5903-43C8-88B9-8C6CE84F6BB0}.Ad-Hoc|iPhoneSimulator.Build.0 = Ad-Hoc|iPhoneSimulator
		{26E2B5E1-5903-43C8-88B9-8C6CE84F6BB0}.Ad-Hoc|x64.ActiveCfg = Ad-Hoc|iPhone
		{26E2B5E1-5903-43C8-88B9-8C6CE84F6BB0}.Ad-Hoc|x86.ActiveCfg = Ad-Hoc|iPhone
		{26E2B5E1-5903-43C8-88B9-8C6CE84F6BB0}.AppStore|Any CPU.ActiveCfg = AppStore|iPhone
		{26E2B5E1-5903-43C8-88B9-8C6CE84F6BB0}.AppStore|ARM.ActiveCfg = AppStore|iPhone
		{26E2B5E1-5903-43C8-88B9-8C6CE84F6BB0}.AppStore|iPhone.ActiveCfg = AppStore|iPhone
		{26E2B5E1-5903-43C8-88B9-8C6CE84F6BB0}.AppStore|iPhone.Build.0 = AppStore|iPhone
		{26E2B5E1-5903-43C8-88B9-8C6CE84F6BB0}.AppStore|iPhoneSimulator.ActiveCfg = AppStore|iPhoneSimulator
		{26E2B5E1-5903-43C8-88B9-8C6CE84F6BB0}.AppStore|iPhoneSimulator.Build.0 = AppStore|iPhoneSimulator
		{26E2B5E1-5903-43C8-88B9-8C6CE84F6BB0}.AppStore|x64.ActiveCfg = AppStore|iPhone
		{26E2B5E1-5903-43C8-88B9-8C6CE84F6BB0}.AppStore|x86.ActiveCfg = AppStore|iPhone
		{26E2B5E1-5903-43C8-88B9-8C6CE84F6BB0}.Debug|Any CPU.ActiveCfg = Debug|iPhone
		{26E2B5E1-5903-43C8-88B9-8C6CE84F6BB0}.Debug|ARM.ActiveCfg = Debug|iPhone
		{26E2B5E1-5903-43C8-88B9-8C6CE84F6BB0}.Debug|iPhone.ActiveCfg = Debug|iPhone
		{26E2B5E1-5903-43C8-88B9-8C6CE84F6BB0}.Debug|iPhone.Build.0 = Debug|iPhone
		{26E2B5E1-5903-43C8-88B9-8C6CE84F6BB0}.Debug|iPhoneSimulator.ActiveCfg = Debug|iPhoneSimulator
		{26E2B5E1-5903-43C8-88B9-8C6CE84F6BB0}.Debug|iPhoneSimulator.Build.0 = Debug|iPhoneSimulator
		{26E2B5E1-5903-43C8-88B9-8C6CE84F6BB0}.Debug|x64.ActiveCfg = Debug|iPhone
		{26E2B5E1-5903-43C8-88B9-8C6CE84F6BB0}.Debug|x86.ActiveCfg = Debug|iPhone
		{26E2B5E1-5903-43C8-88B9-8C6CE84F6BB0}.Release|Any CPU.ActiveCfg = Release|iPhone
		{26E2B5E1-5903-43C8-88B9-8C6CE84F6BB0}.Release|ARM.ActiveCfg = Release|iPhone
		{26E2B5E1-5903-43C8-88B9-8C6CE84F6BB0}.Release|iPhone.ActiveCfg = Release|iPhone
		{26E2B5E1-5903-43C8-88B9-8C6CE84F6BB0}.Release|iPhone.Build.0 = Release|iPhone
		{26E2B5E1-5903-43C8-88B9-8C6CE84F6BB0}.Release|iPhoneSimulator.ActiveCfg = Release|iPhoneSimulator
		{26E2B5E1-5903-43C8-88B9-8C6CE84F6BB0}.Release|iPhoneSimulator.Build.0 = Release|iPhoneSimulator
		{26E2B5E1-5903-43C8-88B9-8C6CE84F6BB0}.Release|x64.ActiveCfg = Release|iPhone
		{26E2B5E1-5903-43C8-88B9-8C6CE84F6BB0}.Release|x86.ActiveCfg = Release|iPhone
		{18AE940B-9438-4C14-B885-BA1BBDFA9B0E}.Ad-Hoc|Any CPU.ActiveCfg = Release|x86
		{18AE940B-9438-4C14-B885-BA1BBDFA9B0E}.Ad-Hoc|Any CPU.Build.0 = Release|x86
		{18AE940B-9438-4C14-B885-BA1BBDFA9B0E}.Ad-Hoc|Any CPU.Deploy.0 = Release|x86
		{18AE940B-9438-4C14-B885-BA1BBDFA9B0E}.Ad-Hoc|ARM.ActiveCfg = Release|ARM
		{18AE940B-9438-4C14-B885-BA1BBDFA9B0E}.Ad-Hoc|ARM.Build.0 = Release|ARM
		{18AE940B-9438-4C14-B885-BA1BBDFA9B0E}.Ad-Hoc|ARM.Deploy.0 = Release|ARM
		{18AE940B-9438-4C14-B885-BA1BBDFA9B0E}.Ad-Hoc|iPhone.ActiveCfg = Release|x86
		{18AE940B-9438-4C14-B885-BA1BBDFA9B0E}.Ad-Hoc|iPhone.Build.0 = Release|x86
		{18AE940B-9438-4C14-B885-BA1BBDFA9B0E}.Ad-Hoc|iPhone.Deploy.0 = Release|x86
		{18AE940B-9438-4C14-B885-BA1BBDFA9B0E}.Ad-Hoc|iPhoneSimulator.ActiveCfg = Release|x86
		{18AE940B-9438-4C14-B885-BA1BBDFA9B0E}.Ad-Hoc|iPhoneSimulator.Build.0 = Release|x86
		{18AE940B-9438-4C14-B885-BA1BBDFA9B0E}.Ad-Hoc|iPhoneSimulator.Deploy.0 = Release|x86
		{18AE940B-9438-4C14-B885-BA1BBDFA9B0E}.Ad-Hoc|x64.ActiveCfg = Release|x64
		{18AE940B-9438-4C14-B885-BA1BBDFA9B0E}.Ad-Hoc|x64.Build.0 = Release|x64
		{18AE940B-9438-4C14-B885-BA1BBDFA9B0E}.Ad-Hoc|x64.Deploy.0 = Release|x64
		{18AE940B-9438-4C14-B885-BA1BBDFA9B0E}.Ad-Hoc|x86.ActiveCfg = Release|x86
		{18AE940B-9438-4C14-B885-BA1BBDFA9B0E}.Ad-Hoc|x86.Build.0 = Release|x86
		{18AE940B-9438-4C14-B885-BA1BBDFA9B0E}.Ad-Hoc|x86.Deploy.0 = Release|x86
		{18AE940B-9438-4C14-B885-BA1BBDFA9B0E}.AppStore|Any CPU.ActiveCfg = Release|x86
		{18AE940B-9438-4C14-B885-BA1BBDFA9B0E}.AppStore|Any CPU.Build.0 = Release|x86
		{18AE940B-9438-4C14-B885-BA1BBDFA9B0E}.AppStore|Any CPU.Deploy.0 = Release|x86
		{18AE940B-9438-4C14-B885-BA1BBDFA9B0E}.AppStore|ARM.ActiveCfg = Release|ARM
		{18AE940B-9438-4C14-B885-BA1BBDFA9B0E}.AppStore|ARM.Build.0 = Release|ARM
		{18AE940B-9438-4C14-B885-BA1BBDFA9B0E}.AppStore|ARM.Deploy.0 = Release|ARM
		{18AE940B-9438-4C14-B885-BA1BBDFA9B0E}.AppStore|iPhone.ActiveCfg = Release|x86
		{18AE940B-9438-4C14-B885-BA1BBDFA9B0E}.AppStore|iPhone.Build.0 = Release|x86
		{18AE940B-9438-4C14-B885-BA1BBDFA9B0E}.AppStore|iPhone.Deploy.0 = Release|x86
		{18AE940B-9438-4C14-B885-BA1BBDFA9B0E}.AppStore|iPhoneSimulator.ActiveCfg = Release|x86
		{18AE940B-9438-4C14-B885-BA1BBDFA9B0E}.AppStore|iPhoneSimulator.Build.0 = Release|x86
		{18AE940B-9438-4C14-B885-BA1BBDFA9B0E}.AppStore|iPhoneSimulator.Deploy.0 = Release|x86
		{18AE940B-9438-4C14-B885-BA1BBDFA9B0E}.AppStore|x64.ActiveCfg = Release|x64
		{18AE940B-9438-4C14-B885-BA1BBDFA9B0E}.AppStore|x64.Build.0 = Release|x64
		{18AE940B-9438-4C14-B885-BA1BBDFA9B0E}.AppStore|x64.Deploy.0 = Release|x64
		{18AE940B-9438-4C14-B885-BA1BBDFA9B0E}.AppStore|x86.ActiveCfg = Release|x86
		{18AE940B-9438-4C14-B885-BA1BBDFA9B0E}.AppStore|x86.Build.0 = Release|x86
		{18AE940B-9438-4C14-B885-BA1BBDFA9B0E}.AppStore|x86.Deploy.0 = Release|x86
		{18AE940B-9438-4C14-B885-BA1BBDFA9B0E}.Debug|Any CPU.ActiveCfg = Debug|x86
		{18AE940B-9438-4C14-B885-BA1BBDFA9B0E}.Debug|ARM.ActiveCfg = Debug|ARM
		{18AE940B-9438-4C14-B885-BA1BBDFA9B0E}.Debug|ARM.Build.0 = Debug|ARM
		{18AE940B-9438-4C14-B885-BA1BBDFA9B0E}.Debug|ARM.Deploy.0 = Debug|ARM
		{18AE940B-9438-4C14-B885-BA1BBDFA9B0E}.Debug|iPhone.ActiveCfg = Debug|x86
		{18AE940B-9438-4C14-B885-BA1BBDFA9B0E}.Debug|iPhoneSimulator.ActiveCfg = Debug|x86
		{18AE940B-9438-4C14-B885-BA1BBDFA9B0E}.Debug|x64.ActiveCfg = Debug|x64
		{18AE940B-9438-4C14-B885-BA1BBDFA9B0E}.Debug|x64.Build.0 = Debug|x64
		{18AE940B-9438-4C14-B885-BA1BBDFA9B0E}.Debug|x64.Deploy.0 = Debug|x64
		{18AE940B-9438-4C14-B885-BA1BBDFA9B0E}.Debug|x86.ActiveCfg = Debug|x86
		{18AE940B-9438-4C14-B885-BA1BBDFA9B0E}.Debug|x86.Build.0 = Debug|x86
		{18AE940B-9438-4C14-B885-BA1BBDFA9B0E}.Debug|x86.Deploy.0 = Debug|x86
		{18AE940B-9438-4C14-B885-BA1BBDFA9B0E}.Release|Any CPU.ActiveCfg = Release|x86
		{18AE940B-9438-4C14-B885-BA1BBDFA9B0E}.Release|ARM.ActiveCfg = Release|ARM
		{18AE940B-9438-4C14-B885-BA1BBDFA9B0E}.Release|ARM.Build.0 = Release|ARM
		{18AE940B-9438-4C14-B885-BA1BBDFA9B0E}.Release|ARM.Deploy.0 = Release|ARM
		{18AE940B-9438-4C14-B885-BA1BBDFA9B0E}.Release|iPhone.ActiveCfg = Release|x86
		{18AE940B-9438-4C14-B885-BA1BBDFA9B0E}.Release|iPhoneSimulator.ActiveCfg = Release|x86
		{18AE940B-9438-4C14-B885-BA1BBDFA9B0E}.Release|x64.ActiveCfg = Release|x64
		{18AE940B-9438-4C14-B885-BA1BBDFA9B0E}.Release|x64.Build.0 = Release|x64
		{18AE940B-9438-4C14-B885-BA1BBDFA9B0E}.Release|x64.Deploy.0 = Release|x64
		{18AE940B-9438-4C14-B885-BA1BBDFA9B0E}.Release|x86.ActiveCfg = Release|x86
		{18AE940B-9438-4C14-B885-BA1BBDFA9B0E}.Release|x86.Build.0 = Release|x86
		{18AE940B-9438-4C14-B885-BA1BBDFA9B0E}.Release|x86.Deploy.0 = Release|x86
		{8C7303AE-5683-45F1-8475-90EE00C7BE2A}.Ad-Hoc|Any CPU.ActiveCfg = Debug|Any CPU
		{8C7303AE-5683-45F1-8475-90EE00C7BE2A}.Ad-Hoc|Any CPU.Build.0 = Debug|Any CPU
		{8C7303AE-5683-45F1-8475-90EE00C7BE2A}.Ad-Hoc|ARM.ActiveCfg = Debug|Any CPU
		{8C7303AE-5683-45F1-8475-90EE00C7BE2A}.Ad-Hoc|ARM.Build.0 = Debug|Any CPU
		{8C7303AE-5683-45F1-8475-90EE00C7BE2A}.Ad-Hoc|iPhone.ActiveCfg = Debug|Any CPU
		{8C7303AE-5683-45F1-8475-90EE00C7BE2A}.Ad-Hoc|iPhone.Build.0 = Debug|Any CPU
		{8C7303AE-5683-45F1-8475-90EE00C7BE2A}.Ad-Hoc|iPhoneSimulator.ActiveCfg = Debug|Any CPU
		{8C7303AE-5683-45F1-8475-90EE00C7BE2A}.Ad-Hoc|iPhoneSimulator.Build.0 = Debug|Any CPU
		{8C7303AE-5683-45F1-8475-90EE00C7BE2A}.Ad-Hoc|x64.ActiveCfg = Debug|Any CPU
		{8C7303AE-5683-45F1-8475-90EE00C7BE2A}.Ad-Hoc|x64.Build.0 = Debug|Any CPU
		{8C7303AE-5683-45F1-8475-90EE00C7BE2A}.Ad-Hoc|x86.ActiveCfg = Debug|Any CPU
		{8C7303AE-5683-45F1-8475-90EE00C7BE2A}.Ad-Hoc|x86.Build.0 = Debug|Any CPU
		{8C7303AE-5683-45F1-8475-90EE00C7BE2A}.AppStore|Any CPU.ActiveCfg = Debug|Any CPU
		{8C7303AE-5683-45F1-8475-90EE00C7BE2A}.AppStore|Any CPU.Build.0 = Debug|Any CPU
		{8C7303AE-5683-45F1-8475-90EE00C7BE2A}.AppStore|ARM.ActiveCfg = Debug|Any CPU
		{8C7303AE-5683-45F1-8475-90EE00C7BE2A}.AppStore|ARM.Build.0 = Debug|Any CPU
		{8C7303AE-5683-45F1-8475-90EE00C7BE2A}.AppStore|iPhone.ActiveCfg = Debug|Any CPU
		{8C7303AE-5683-45F1-8475-90EE00C7BE2A}.AppStore|iPhone.Build.0 = Debug|Any CPU
		{8C7303AE-5683-45F1-8475-90EE00C7BE2A}.AppStore|iPhoneSimulator.ActiveCfg = Debug|Any CPU
		{8C7303AE-5683-45F1-8475-90EE00C7BE2A}.AppStore|iPhoneSimulator.Build.0 = Debug|Any CPU
		{8C7303AE-5683-45F1-8475-90EE00C7BE2A}.AppStore|x64.ActiveCfg = Debug|Any CPU
		{8C7303AE-5683-45F1-8475-90EE00C7BE2A}.AppStore|x64.Build.0 = Debug|Any CPU
		{8C7303AE-5683-45F1-8475-90EE00C7BE2A}.AppStore|x86.ActiveCfg = Debug|Any CPU
		{8C7303AE-5683-45F1-8475-90EE00C7BE2A}.AppStore|x86.Build.0 = Debug|Any CPU
		{8C7303AE-5683-45F1-8475-90EE00C7BE2A}.Debug|Any CPU.ActiveCfg = Debug|Any CPU
		{8C7303AE-5683-45F1-8475-90EE00C7BE2A}.Debug|Any CPU.Build.0 = Debug|Any CPU
		{8C7303AE-5683-45F1-8475-90EE00C7BE2A}.Debug|ARM.ActiveCfg = Debug|Any CPU
		{8C7303AE-5683-45F1-8475-90EE00C7BE2A}.Debug|ARM.Build.0 = Debug|Any CPU
		{8C7303AE-5683-45F1-8475-90EE00C7BE2A}.Debug|iPhone.ActiveCfg = Debug|Any CPU
		{8C7303AE-5683-45F1-8475-90EE00C7BE2A}.Debug|iPhone.Build.0 = Debug|Any CPU
		{8C7303AE-5683-45F1-8475-90EE00C7BE2A}.Debug|iPhoneSimulator.ActiveCfg = Debug|Any CPU
		{8C7303AE-5683-45F1-8475-90EE00C7BE2A}.Debug|iPhoneSimulator.Build.0 = Debug|Any CPU
		{8C7303AE-5683-45F1-8475-90EE00C7BE2A}.Debug|x64.ActiveCfg = Debug|Any CPU
		{8C7303AE-5683-45F1-8475-90EE00C7BE2A}.Debug|x64.Build.0 = Debug|Any CPU
		{8C7303AE-5683-45F1-8475-90EE00C7BE2A}.Debug|x86.ActiveCfg = Debug|Any CPU
		{8C7303AE-5683-45F1-8475-90EE00C7BE2A}.Debug|x86.Build.0 = Debug|Any CPU
		{8C7303AE-5683-45F1-8475-90EE00C7BE2A}.Release|Any CPU.ActiveCfg = Release|Any CPU
		{8C7303AE-5683-45F1-8475-90EE00C7BE2A}.Release|Any CPU.Build.0 = Release|Any CPU
		{8C7303AE-5683-45F1-8475-90EE00C7BE2A}.Release|ARM.ActiveCfg = Release|Any CPU
		{8C7303AE-5683-45F1-8475-90EE00C7BE2A}.Release|ARM.Build.0 = Release|Any CPU
		{8C7303AE-5683-45F1-8475-90EE00C7BE2A}.Release|iPhone.ActiveCfg = Release|Any CPU
		{8C7303AE-5683-45F1-8475-90EE00C7BE2A}.Release|iPhone.Build.0 = Release|Any CPU
		{8C7303AE-5683-45F1-8475-90EE00C7BE2A}.Release|iPhoneSimulator.ActiveCfg = Release|Any CPU
		{8C7303AE-5683-45F1-8475-90EE00C7BE2A}.Release|iPhoneSimulator.Build.0 = Release|Any CPU
		{8C7303AE-5683-45F1-8475-90EE00C7BE2A}.Release|x64.ActiveCfg = Release|Any CPU
		{8C7303AE-5683-45F1-8475-90EE00C7BE2A}.Release|x64.Build.0 = Release|Any CPU
		{8C7303AE-5683-45F1-8475-90EE00C7BE2A}.Release|x86.ActiveCfg = Release|Any CPU
		{8C7303AE-5683-45F1-8475-90EE00C7BE2A}.Release|x86.Build.0 = Release|Any CPU
	EndGlobalSection
	GlobalSection(SolutionProperties) = preSolution
		HideSolutionNode = FALSE
	EndGlobalSection
	GlobalSection(ExtensibilityGlobals) = postSolution
		SolutionGuid = {A4680188-2989-4222-9C36-4291B9B880B7}
	EndGlobalSection
EndGlobal
