
Microsoft Visual Studio Solution File, Format Version 12.00
# Visual Studio 15
VisualStudioVersion = 15.0.27130.2027
MinimumVisualStudioVersion = 10.0.40219.1
Project("{FAE04EC0-301F-11D3-BF4B-00C04F79EFBC}") = "App01_ConsultarCEP.Android", "App01_ConsultarCEP\App01_ConsultarCEP.Android\App01_ConsultarCEP.Android.csproj", "{F8BA33DA-C137-48EE-BACA-72D67463FBDF}"
EndProject
Project("{FAE04EC0-301F-11D3-BF4B-00C04F79EFBC}") = "App01_ConsultarCEP.iOS", "App01_ConsultarCEP\App01_ConsultarCEP.iOS\App01_ConsultarCEP.iOS.csproj", "{AB04707E-E2A5-4079-A778-64B2C6111F70}"
EndProject
Project("{FAE04EC0-301F-11D3-BF4B-00C04F79EFBC}") = "App01_ConsultarCEP.UWP", "App01_ConsultarCEP\App01_ConsultarCEP.UWP\App01_ConsultarCEP.UWP.csproj", "{020E7294-E5DA-4F83-8D27-A3775A7EADD6}"
EndProject
Project("{FAE04EC0-301F-11D3-BF4B-00C04F79EFBC}") = "App01_ConsultarCEP", "App01_ConsultarCEP\App01_ConsultarCEP\App01_ConsultarCEP.csproj", "{E915BD70-7EE6-40F9-910B-2B7BA207B259}"
EndProject
Global
	GlobalSection(SolutionConfigurationPlatforms) = preSolution
		Ad-Hoc|Any CPU = Ad-Hoc|Any CPU
		Ad-Hoc|ARM = Ad-Hoc|ARM
		Ad-Hoc|iPhone = Ad-Hoc|iPhone
		Ad-Hoc|iPhoneSimulator = Ad-Hoc|iPhoneSimulator
		Ad-Hoc|x64 = Ad-Hoc|x64
		Ad-Hoc|x86 = Ad-Hoc|x86
		AppStore|Any CPU = AppStore|Any CPU
		AppStore|ARM = AppStore|ARM
		AppStore|iPhone = AppStore|iPhone
		AppStore|iPhoneSimulator = AppStore|iPhoneSimulator
		AppStore|x64 = AppStore|x64
		AppStore|x86 = AppStore|x86
		Debug|Any CPU = Debug|Any CPU
		Debug|ARM = Debug|ARM
		Debug|iPhone = Debug|iPhone
		Debug|iPhoneSimulator = Debug|iPhoneSimulator
		Debug|x64 = Debug|x64
		Debug|x86 = Debug|x86
		Release|Any CPU = Release|Any CPU
		Release|ARM = Release|ARM
		Release|iPhone = Release|iPhone
		Release|iPhoneSimulator = Release|iPhoneSimulator
		Release|x64 = Release|x64
		Release|x86 = Release|x86
	EndGlobalSection
	GlobalSection(ProjectConfigurationPlatforms) = postSolution
		{F8BA33DA-C137-48EE-BACA-72D67463FBDF}.Ad-Hoc|Any CPU.ActiveCfg = Release|Any CPU
		{F8BA33DA-C137-48EE-BACA-72D67463FBDF}.Ad-Hoc|Any CPU.Build.0 = Release|Any CPU
		{F8BA33DA-C137-48EE-BACA-72D67463FBDF}.Ad-Hoc|Any CPU.Deploy.0 = Release|Any CPU
		{F8BA33DA-C137-48EE-BACA-72D67463FBDF}.Ad-Hoc|ARM.ActiveCfg = Release|Any CPU
		{F8BA33DA-C137-48EE-BACA-72D67463FBDF}.Ad-Hoc|ARM.Build.0 = Release|Any CPU
		{F8BA33DA-C137-48EE-BACA-72D67463FBDF}.Ad-Hoc|ARM.Deploy.0 = Release|Any CPU
		{F8BA33DA-C137-48EE-BACA-72D67463FBDF}.Ad-Hoc|iPhone.ActiveCfg = Release|Any CPU
		{F8BA33DA-C137-48EE-BACA-72D67463FBDF}.Ad-Hoc|iPhone.Build.0 = Release|Any CPU
		{F8BA33DA-C137-48EE-BACA-72D67463FBDF}.Ad-Hoc|iPhone.Deploy.0 = Release|Any CPU
		{F8BA33DA-C137-48EE-BACA-72D67463FBDF}.Ad-Hoc|iPhoneSimulator.ActiveCfg = Release|Any CPU
		{F8BA33DA-C137-48EE-BACA-72D67463FBDF}.Ad-Hoc|iPhoneSimulator.Build.0 = Release|Any CPU
		{F8BA33DA-C137-48EE-BACA-72D67463FBDF}.Ad-Hoc|iPhoneSimulator.Deploy.0 = Release|Any CPU
		{F8BA33DA-C137-48EE-BACA-72D67463FBDF}.Ad-Hoc|x64.ActiveCfg = Release|Any CPU
		{F8BA33DA-C137-48EE-BACA-72D67463FBDF}.Ad-Hoc|x64.Build.0 = Release|Any CPU
		{F8BA33DA-C137-48EE-BACA-72D67463FBDF}.Ad-Hoc|x64.Deploy.0 = Release|Any CPU
		{F8BA33DA-C137-48EE-BACA-72D67463FBDF}.Ad-Hoc|x86.ActiveCfg = Release|Any CPU
		{F8BA33DA-C137-48EE-BACA-72D67463FBDF}.Ad-Hoc|x86.Build.0 = Release|Any CPU
		{F8BA33DA-C137-48EE-BACA-72D67463FBDF}.Ad-Hoc|x86.Deploy.0 = Release|Any CPU
		{F8BA33DA-C137-48EE-BACA-72D67463FBDF}.AppStore|Any CPU.ActiveCfg = Release|Any CPU
		{F8BA33DA-C137-48EE-BACA-72D67463FBDF}.AppStore|Any CPU.Build.0 = Release|Any CPU
		{F8BA33DA-C137-48EE-BACA-72D67463FBDF}.AppStore|Any CPU.Deploy.0 = Release|Any CPU
		{F8BA33DA-C137-48EE-BACA-72D67463FBDF}.AppStore|ARM.ActiveCfg = Release|Any CPU
		{F8BA33DA-C137-48EE-BACA-72D67463FBDF}.AppStore|ARM.Build.0 = Release|Any CPU
		{F8BA33DA-C137-48EE-BACA-72D67463FBDF}.AppStore|ARM.Deploy.0 = Release|Any CPU
		{F8BA33DA-C137-48EE-BACA-72D67463FBDF}.AppStore|iPhone.ActiveCfg = Release|Any CPU
		{F8BA33DA-C137-48EE-BACA-72D67463FBDF}.AppStore|iPhone.Build.0 = Release|Any CPU
		{F8BA33DA-C137-48EE-BACA-72D67463FBDF}.AppStore|iPhone.Deploy.0 = Release|Any CPU
		{F8BA33DA-C137-48EE-BACA-72D67463FBDF}.AppStore|iPhoneSimulator.ActiveCfg = Release|Any CPU
		{F8BA33DA-C137-48EE-BACA-72D67463FBDF}.AppStore|iPhoneSimulator.Build.0 = Release|Any CPU
		{F8BA33DA-C137-48EE-BACA-72D67463FBDF}.AppStore|iPhoneSimulator.Deploy.0 = Release|Any CPU
		{F8BA33DA-C137-48EE-BACA-72D67463FBDF}.AppStore|x64.ActiveCfg = Release|Any CPU
		{F8BA33DA-C137-48EE-BACA-72D67463FBDF}.AppStore|x64.Build.0 = Release|Any CPU
		{F8BA33DA-C137-48EE-BACA-72D67463FBDF}.AppStore|x64.Deploy.0 = Release|Any CPU
		{F8BA33DA-C137-48EE-BACA-72D67463FBDF}.AppStore|x86.ActiveCfg = Release|Any CPU
		{F8BA33DA-C137-48EE-BACA-72D67463FBDF}.AppStore|x86.Build.0 = Release|Any CPU
		{F8BA33DA-C137-48EE-BACA-72D67463FBDF}.AppStore|x86.Deploy.0 = Release|Any CPU
		{F8BA33DA-C137-48EE-BACA-72D67463FBDF}.Debug|Any CPU.ActiveCfg = Debug|Any CPU
		{F8BA33DA-C137-48EE-BACA-72D67463FBDF}.Debug|Any CPU.Build.0 = Debug|Any CPU
		{F8BA33DA-C137-48EE-BACA-72D67463FBDF}.Debug|Any CPU.Deploy.0 = Debug|Any CPU
		{F8BA33DA-C137-48EE-BACA-72D67463FBDF}.Debug|ARM.ActiveCfg = Debug|Any CPU
		{F8BA33DA-C137-48EE-BACA-72D67463FBDF}.Debug|ARM.Build.0 = Debug|Any CPU
		{F8BA33DA-C137-48EE-BACA-72D67463FBDF}.Debug|ARM.Deploy.0 = Debug|Any CPU
		{F8BA33DA-C137-48EE-BACA-72D67463FBDF}.Debug|iPhone.ActiveCfg = Debug|Any CPU
		{F8BA33DA-C137-48EE-BACA-72D67463FBDF}.Debug|iPhone.Build.0 = Debug|Any CPU
		{F8BA33DA-C137-48EE-BACA-72D67463FBDF}.Debug|iPhone.Deploy.0 = Debug|Any CPU
		{F8BA33DA-C137-48EE-BACA-72D67463FBDF}.Debug|iPhoneSimulator.ActiveCfg = Debug|Any CPU
		{F8BA33DA-C137-48EE-BACA-72D67463FBDF}.Debug|iPhoneSimulator.Build.0 = Debug|Any CPU
		{F8BA33DA-C137-48EE-BACA-72D67463FBDF}.Debug|iPhoneSimulator.Deploy.0 = Debug|Any CPU
		{F8BA33DA-C137-48EE-BACA-72D67463FBDF}.Debug|x64.ActiveCfg = Debug|Any CPU
		{F8BA33DA-C137-48EE-BACA-72D67463FBDF}.Debug|x64.Build.0 = Debug|Any CPU
		{F8BA33DA-C137-48EE-BACA-72D67463FBDF}.Debug|x64.Deploy.0 = Debug|Any CPU
		{F8BA33DA-C137-48EE-BACA-72D67463FBDF}.Debug|x86.ActiveCfg = Debug|Any CPU
		{F8BA33DA-C137-48EE-BACA-72D67463FBDF}.Debug|x86.Build.0 = Debug|Any CPU
		{F8BA33DA-C137-48EE-BACA-72D67463FBDF}.Debug|x86.Deploy.0 = Debug|Any CPU
		{F8BA33DA-C137-48EE-BACA-72D67463FBDF}.Release|Any CPU.ActiveCfg = Release|Any CPU
		{F8BA33DA-C137-48EE-BACA-72D67463FBDF}.Release|Any CPU.Build.0 = Release|Any CPU
		{F8BA33DA-C137-48EE-BACA-72D67463FBDF}.Release|Any CPU.Deploy.0 = Release|Any CPU
		{F8BA33DA-C137-48EE-BACA-72D67463FBDF}.Release|ARM.ActiveCfg = Release|Any CPU
		{F8BA33DA-C137-48EE-BACA-72D67463FBDF}.Release|ARM.Build.0 = Release|Any CPU
		{F8BA33DA-C137-48EE-BACA-72D67463FBDF}.Release|ARM.Deploy.0 = Release|Any CPU
		{F8BA33DA-C137-48EE-BACA-72D67463FBDF}.Release|iPhone.ActiveCfg = Release|Any CPU
		{F8BA33DA-C137-48EE-BACA-72D67463FBDF}.Release|iPhone.Build.0 = Release|Any CPU
		{F8BA33DA-C137-48EE-BACA-72D67463FBDF}.Release|iPhone.Deploy.0 = Release|Any CPU
		{F8BA33DA-C137-48EE-BACA-72D67463FBDF}.Release|iPhoneSimulator.ActiveCfg = Release|Any CPU
		{F8BA33DA-C137-48EE-BACA-72D67463FBDF}.Release|iPhoneSimulator.Build.0 = Release|Any CPU
		{F8BA33DA-C137-48EE-BACA-72D67463FBDF}.Release|iPhoneSimulator.Deploy.0 = Release|Any CPU
		{F8BA33DA-C137-48EE-BACA-72D67463FBDF}.Release|x64.ActiveCfg = Release|Any CPU
		{F8BA33DA-C137-48EE-BACA-72D67463FBDF}.Release|x64.Build.0 = Release|Any CPU
		{F8BA33DA-C137-48EE-BACA-72D67463FBDF}.Release|x64.Deploy.0 = Release|Any CPU
		{F8BA33DA-C137-48EE-BACA-72D67463FBDF}.Release|x86.ActiveCfg = Release|Any CPU
		{F8BA33DA-C137-48EE-BACA-72D67463FBDF}.Release|x86.Build.0 = Release|Any CPU
		{F8BA33DA-C137-48EE-BACA-72D67463FBDF}.Release|x86.Deploy.0 = Release|Any CPU
		{AB04707E-E2A5-4079-A778-64B2C6111F70}.Ad-Hoc|Any CPU.ActiveCfg = Ad-Hoc|iPhone
		{AB04707E-E2A5-4079-A778-64B2C6111F70}.Ad-Hoc|ARM.ActiveCfg = Ad-Hoc|iPhone
		{AB04707E-E2A5-4079-A778-64B2C6111F70}.Ad-Hoc|iPhone.ActiveCfg = Ad-Hoc|iPhone
		{AB04707E-E2A5-4079-A778-64B2C6111F70}.Ad-Hoc|iPhone.Build.0 = Ad-Hoc|iPhone
		{AB04707E-E2A5-4079-A778-64B2C6111F70}.Ad-Hoc|iPhoneSimulator.ActiveCfg = Ad-Hoc|iPhoneSimulator
		{AB04707E-E2A5-4079-A778-64B2C6111F70}.Ad-Hoc|iPhoneSimulator.Build.0 = Ad-Hoc|iPhoneSimulator
		{AB04707E-E2A5-4079-A778-64B2C6111F70}.Ad-Hoc|x64.ActiveCfg = Ad-Hoc|iPhone
		{AB04707E-E2A5-4079-A778-64B2C6111F70}.Ad-Hoc|x86.ActiveCfg = Ad-Hoc|iPhone
		{AB04707E-E2A5-4079-A778-64B2C6111F70}.AppStore|Any CPU.ActiveCfg = AppStore|iPhone
		{AB04707E-E2A5-4079-A778-64B2C6111F70}.AppStore|ARM.ActiveCfg = AppStore|iPhone
		{AB04707E-E2A5-4079-A778-64B2C6111F70}.AppStore|iPhone.ActiveCfg = AppStore|iPhone
		{AB04707E-E2A5-4079-A778-64B2C6111F70}.AppStore|iPhone.Build.0 = AppStore|iPhone
		{AB04707E-E2A5-4079-A778-64B2C6111F70}.AppStore|iPhoneSimulator.ActiveCfg = AppStore|iPhoneSimulator
		{AB04707E-E2A5-4079-A778-64B2C6111F70}.AppStore|iPhoneSimulator.Build.0 = AppStore|iPhoneSimulator
		{AB04707E-E2A5-4079-A778-64B2C6111F70}.AppStore|x64.ActiveCfg = AppStore|iPhone
		{AB04707E-E2A5-4079-A778-64B2C6111F70}.AppStore|x86.ActiveCfg = AppStore|iPhone
		{AB04707E-E2A5-4079-A778-64B2C6111F70}.Debug|Any CPU.ActiveCfg = Debug|iPhone
		{AB04707E-E2A5-4079-A778-64B2C6111F70}.Debug|ARM.ActiveCfg = Debug|iPhone
		{AB04707E-E2A5-4079-A778-64B2C6111F70}.Debug|iPhone.ActiveCfg = Debug|iPhone
		{AB04707E-E2A5-4079-A778-64B2C6111F70}.Debug|iPhone.Build.0 = Debug|iPhone
		{AB04707E-E2A5-4079-A778-64B2C6111F70}.Debug|iPhoneSimulator.ActiveCfg = Debug|iPhoneSimulator
		{AB04707E-E2A5-4079-A778-64B2C6111F70}.Debug|iPhoneSimulator.Build.0 = Debug|iPhoneSimulator
		{AB04707E-E2A5-4079-A778-64B2C6111F70}.Debug|x64.ActiveCfg = Debug|iPhone
		{AB04707E-E2A5-4079-A778-64B2C6111F70}.Debug|x86.ActiveCfg = Debug|iPhone
		{AB04707E-E2A5-4079-A778-64B2C6111F70}.Release|Any CPU.ActiveCfg = Release|iPhone
		{AB04707E-E2A5-4079-A778-64B2C6111F70}.Release|ARM.ActiveCfg = Release|iPhone
		{AB04707E-E2A5-4079-A778-64B2C6111F70}.Release|iPhone.ActiveCfg = Release|iPhone
		{AB04707E-E2A5-4079-A778-64B2C6111F70}.Release|iPhone.Build.0 = Release|iPhone
		{AB04707E-E2A5-4079-A778-64B2C6111F70}.Release|iPhoneSimulator.ActiveCfg = Release|iPhoneSimulator
		{AB04707E-E2A5-4079-A778-64B2C6111F70}.Release|iPhoneSimulator.Build.0 = Release|iPhoneSimulator
		{AB04707E-E2A5-4079-A778-64B2C6111F70}.Release|x64.ActiveCfg = Release|iPhone
		{AB04707E-E2A5-4079-A778-64B2C6111F70}.Release|x86.ActiveCfg = Release|iPhone
		{020E7294-E5DA-4F83-8D27-A3775A7EADD6}.Ad-Hoc|Any CPU.ActiveCfg = Release|x86
		{020E7294-E5DA-4F83-8D27-A3775A7EADD6}.Ad-Hoc|Any CPU.Build.0 = Release|x86
		{020E7294-E5DA-4F83-8D27-A3775A7EADD6}.Ad-Hoc|Any CPU.Deploy.0 = Release|x86
		{020E7294-E5DA-4F83-8D27-A3775A7EADD6}.Ad-Hoc|ARM.ActiveCfg = Release|ARM
		{020E7294-E5DA-4F83-8D27-A3775A7EADD6}.Ad-Hoc|ARM.Build.0 = Release|ARM
		{020E7294-E5DA-4F83-8D27-A3775A7EADD6}.Ad-Hoc|ARM.Deploy.0 = Release|ARM
		{020E7294-E5DA-4F83-8D27-A3775A7EADD6}.Ad-Hoc|iPhone.ActiveCfg = Release|x86
		{020E7294-E5DA-4F83-8D27-A3775A7EADD6}.Ad-Hoc|iPhone.Build.0 = Release|x86
		{020E7294-E5DA-4F83-8D27-A3775A7EADD6}.Ad-Hoc|iPhone.Deploy.0 = Release|x86
		{020E7294-E5DA-4F83-8D27-A3775A7EADD6}.Ad-Hoc|iPhoneSimulator.ActiveCfg = Release|x86
		{020E7294-E5DA-4F83-8D27-A3775A7EADD6}.Ad-Hoc|iPhoneSimulator.Build.0 = Release|x86
		{020E7294-E5DA-4F83-8D27-A3775A7EADD6}.Ad-Hoc|iPhoneSimulator.Deploy.0 = Release|x86
		{020E7294-E5DA-4F83-8D27-A3775A7EADD6}.Ad-Hoc|x64.ActiveCfg = Release|x64
		{020E7294-E5DA-4F83-8D27-A3775A7EADD6}.Ad-Hoc|x64.Build.0 = Release|x64
		{020E7294-E5DA-4F83-8D27-A3775A7EADD6}.Ad-Hoc|x64.Deploy.0 = Release|x64
		{020E7294-E5DA-4F83-8D27-A3775A7EADD6}.Ad-Hoc|x86.ActiveCfg = Release|x86
		{020E7294-E5DA-4F83-8D27-A3775A7EADD6}.Ad-Hoc|x86.Build.0 = Release|x86
		{020E7294-E5DA-4F83-8D27-A3775A7EADD6}.Ad-Hoc|x86.Deploy.0 = Release|x86
		{020E7294-E5DA-4F83-8D27-A3775A7EADD6}.AppStore|Any CPU.ActiveCfg = Release|x86
		{020E7294-E5DA-4F83-8D27-A3775A7EADD6}.AppStore|Any CPU.Build.0 = Release|x86
		{020E7294-E5DA-4F83-8D27-A3775A7EADD6}.AppStore|Any CPU.Deploy.0 = Release|x86
		{020E7294-E5DA-4F83-8D27-A3775A7EADD6}.AppStore|ARM.ActiveCfg = Release|ARM
		{020E7294-E5DA-4F83-8D27-A3775A7EADD6}.AppStore|ARM.Build.0 = Release|ARM
		{020E7294-E5DA-4F83-8D27-A3775A7EADD6}.AppStore|ARM.Deploy.0 = Release|ARM
		{020E7294-E5DA-4F83-8D27-A3775A7EADD6}.AppStore|iPhone.ActiveCfg = Release|x86
		{020E7294-E5DA-4F83-8D27-A3775A7EADD6}.AppStore|iPhone.Build.0 = Release|x86
		{020E7294-E5DA-4F83-8D27-A3775A7EADD6}.AppStore|iPhone.Deploy.0 = Release|x86
		{020E7294-E5DA-4F83-8D27-A3775A7EADD6}.AppStore|iPhoneSimulator.ActiveCfg = Release|x86
		{020E7294-E5DA-4F83-8D27-A3775A7EADD6}.AppStore|iPhoneSimulator.Build.0 = Release|x86
		{020E7294-E5DA-4F83-8D27-A3775A7EADD6}.AppStore|iPhoneSimulator.Deploy.0 = Release|x86
		{020E7294-E5DA-4F83-8D27-A3775A7EADD6}.AppStore|x64.ActiveCfg = Release|x64
		{020E7294-E5DA-4F83-8D27-A3775A7EADD6}.AppStore|x64.Build.0 = Release|x64
		{020E7294-E5DA-4F83-8D27-A3775A7EADD6}.AppStore|x64.Deploy.0 = Release|x64
		{020E7294-E5DA-4F83-8D27-A3775A7EADD6}.AppStore|x86.ActiveCfg = Release|x86
		{020E7294-E5DA-4F83-8D27-A3775A7EADD6}.AppStore|x86.Build.0 = Release|x86
		{020E7294-E5DA-4F83-8D27-A3775A7EADD6}.AppStore|x86.Deploy.0 = Release|x86
		{020E7294-E5DA-4F83-8D27-A3775A7EADD6}.Debug|Any CPU.ActiveCfg = Debug|x86
		{020E7294-E5DA-4F83-8D27-A3775A7EADD6}.Debug|ARM.ActiveCfg = Debug|ARM
		{020E7294-E5DA-4F83-8D27-A3775A7EADD6}.Debug|ARM.Build.0 = Debug|ARM
		{020E7294-E5DA-4F83-8D27-A3775A7EADD6}.Debug|ARM.Deploy.0 = Debug|ARM
		{020E7294-E5DA-4F83-8D27-A3775A7EADD6}.Debug|iPhone.ActiveCfg = Debug|x86
		{020E7294-E5DA-4F83-8D27-A3775A7EADD6}.Debug|iPhoneSimulator.ActiveCfg = Debug|x86
		{020E7294-E5DA-4F83-8D27-A3775A7EADD6}.Debug|x64.ActiveCfg = Debug|x64
		{020E7294-E5DA-4F83-8D27-A3775A7EADD6}.Debug|x64.Build.0 = Debug|x64
		{020E7294-E5DA-4F83-8D27-A3775A7EADD6}.Debug|x64.Deploy.0 = Debug|x64
		{020E7294-E5DA-4F83-8D27-A3775A7EADD6}.Debug|x86.ActiveCfg = Debug|x86
		{020E7294-E5DA-4F83-8D27-A3775A7EADD6}.Debug|x86.Build.0 = Debug|x86
		{020E7294-E5DA-4F83-8D27-A3775A7EADD6}.Debug|x86.Deploy.0 = Debug|x86
		{020E7294-E5DA-4F83-8D27-A3775A7EADD6}.Release|Any CPU.ActiveCfg = Release|x86
		{020E7294-E5DA-4F83-8D27-A3775A7EADD6}.Release|ARM.ActiveCfg = Release|ARM
		{020E7294-E5DA-4F83-8D27-A3775A7EADD6}.Release|ARM.Build.0 = Release|ARM
		{020E7294-E5DA-4F83-8D27-A3775A7EADD6}.Release|ARM.Deploy.0 = Release|ARM
		{020E7294-E5DA-4F83-8D27-A3775A7EADD6}.Release|iPhone.ActiveCfg = Release|x86
		{020E7294-E5DA-4F83-8D27-A3775A7EADD6}.Release|iPhoneSimulator.ActiveCfg = Release|x86
		{020E7294-E5DA-4F83-8D27-A3775A7EADD6}.Release|x64.ActiveCfg = Release|x64
		{020E7294-E5DA-4F83-8D27-A3775A7EADD6}.Release|x64.Build.0 = Release|x64
		{020E7294-E5DA-4F83-8D27-A3775A7EADD6}.Release|x64.Deploy.0 = Release|x64
		{020E7294-E5DA-4F83-8D27-A3775A7EADD6}.Release|x86.ActiveCfg = Release|x86
		{020E7294-E5DA-4F83-8D27-A3775A7EADD6}.Release|x86.Build.0 = Release|x86
		{020E7294-E5DA-4F83-8D27-A3775A7EADD6}.Release|x86.Deploy.0 = Release|x86
		{E915BD70-7EE6-40F9-910B-2B7BA207B259}.Ad-Hoc|Any CPU.ActiveCfg = Debug|Any CPU
		{E915BD70-7EE6-40F9-910B-2B7BA207B259}.Ad-Hoc|Any CPU.Build.0 = Debug|Any CPU
		{E915BD70-7EE6-40F9-910B-2B7BA207B259}.Ad-Hoc|ARM.ActiveCfg = Debug|Any CPU
		{E915BD70-7EE6-40F9-910B-2B7BA207B259}.Ad-Hoc|ARM.Build.0 = Debug|Any CPU
		{E915BD70-7EE6-40F9-910B-2B7BA207B259}.Ad-Hoc|iPhone.ActiveCfg = Debug|Any CPU
		{E915BD70-7EE6-40F9-910B-2B7BA207B259}.Ad-Hoc|iPhone.Build.0 = Debug|Any CPU
		{E915BD70-7EE6-40F9-910B-2B7BA207B259}.Ad-Hoc|iPhoneSimulator.ActiveCfg = Debug|Any CPU
		{E915BD70-7EE6-40F9-910B-2B7BA207B259}.Ad-Hoc|iPhoneSimulator.Build.0 = Debug|Any CPU
		{E915BD70-7EE6-40F9-910B-2B7BA207B259}.Ad-Hoc|x64.ActiveCfg = Debug|Any CPU
		{E915BD70-7EE6-40F9-910B-2B7BA207B259}.Ad-Hoc|x64.Build.0 = Debug|Any CPU
		{E915BD70-7EE6-40F9-910B-2B7BA207B259}.Ad-Hoc|x86.ActiveCfg = Debug|Any CPU
		{E915BD70-7EE6-40F9-910B-2B7BA207B259}.Ad-Hoc|x86.Build.0 = Debug|Any CPU
		{E915BD70-7EE6-40F9-910B-2B7BA207B259}.AppStore|Any CPU.ActiveCfg = Debug|Any CPU
		{E915BD70-7EE6-40F9-910B-2B7BA207B259}.AppStore|Any CPU.Build.0 = Debug|Any CPU
		{E915BD70-7EE6-40F9-910B-2B7BA207B259}.AppStore|ARM.ActiveCfg = Debug|Any CPU
		{E915BD70-7EE6-40F9-910B-2B7BA207B259}.AppStore|ARM.Build.0 = Debug|Any CPU
		{E915BD70-7EE6-40F9-910B-2B7BA207B259}.AppStore|iPhone.ActiveCfg = Debug|Any CPU
		{E915BD70-7EE6-40F9-910B-2B7BA207B259}.AppStore|iPhone.Build.0 = Debug|Any CPU
		{E915BD70-7EE6-40F9-910B-2B7BA207B259}.AppStore|iPhoneSimulator.ActiveCfg = Debug|Any CPU
		{E915BD70-7EE6-40F9-910B-2B7BA207B259}.AppStore|iPhoneSimulator.Build.0 = Debug|Any CPU
		{E915BD70-7EE6-40F9-910B-2B7BA207B259}.AppStore|x64.ActiveCfg = Debug|Any CPU
		{E915BD70-7EE6-40F9-910B-2B7BA207B259}.AppStore|x64.Build.0 = Debug|Any CPU
		{E915BD70-7EE6-40F9-910B-2B7BA207B259}.AppStore|x86.ActiveCfg = Debug|Any CPU
		{E915BD70-7EE6-40F9-910B-2B7BA207B259}.AppStore|x86.Build.0 = Debug|Any CPU
		{E915BD70-7EE6-40F9-910B-2B7BA207B259}.Debug|Any CPU.ActiveCfg = Debug|Any CPU
		{E915BD70-7EE6-40F9-910B-2B7BA207B259}.Debug|Any CPU.Build.0 = Debug|Any CPU
		{E915BD70-7EE6-40F9-910B-2B7BA207B259}.Debug|ARM.ActiveCfg = Debug|Any CPU
		{E915BD70-7EE6-40F9-910B-2B7BA207B259}.Debug|ARM.Build.0 = Debug|Any CPU
		{E915BD70-7EE6-40F9-910B-2B7BA207B259}.Debug|iPhone.ActiveCfg = Debug|Any CPU
		{E915BD70-7EE6-40F9-910B-2B7BA207B259}.Debug|iPhone.Build.0 = Debug|Any CPU
		{E915BD70-7EE6-40F9-910B-2B7BA207B259}.Debug|iPhoneSimulator.ActiveCfg = Debug|Any CPU
		{E915BD70-7EE6-40F9-910B-2B7BA207B259}.Debug|iPhoneSimulator.Build.0 = Debug|Any CPU
		{E915BD70-7EE6-40F9-910B-2B7BA207B259}.Debug|x64.ActiveCfg = Debug|Any CPU
		{E915BD70-7EE6-40F9-910B-2B7BA207B259}.Debug|x64.Build.0 = Debug|Any CPU
		{E915BD70-7EE6-40F9-910B-2B7BA207B259}.Debug|x86.ActiveCfg = Debug|Any CPU
		{E915BD70-7EE6-40F9-910B-2B7BA207B259}.Debug|x86.Build.0 = Debug|Any CPU
		{E915BD70-7EE6-40F9-910B-2B7BA207B259}.Release|Any CPU.ActiveCfg = Release|Any CPU
		{E915BD70-7EE6-40F9-910B-2B7BA207B259}.Release|Any CPU.Build.0 = Release|Any CPU
		{E915BD70-7EE6-40F9-910B-2B7BA207B259}.Release|ARM.ActiveCfg = Release|Any CPU
		{E915BD70-7EE6-40F9-910B-2B7BA207B259}.Release|ARM.Build.0 = Release|Any CPU
		{E915BD70-7EE6-40F9-910B-2B7BA207B259}.Release|iPhone.ActiveCfg = Release|Any CPU
		{E915BD70-7EE6-40F9-910B-2B7BA207B259}.Release|iPhone.Build.0 = Release|Any CPU
		{E915BD70-7EE6-40F9-910B-2B7BA207B259}.Release|iPhoneSimulator.ActiveCfg = Release|Any CPU
		{E915BD70-7EE6-40F9-910B-2B7BA207B259}.Release|iPhoneSimulator.Build.0 = Release|Any CPU
		{E915BD70-7EE6-40F9-910B-2B7BA207B259}.Release|x64.ActiveCfg = Release|Any CPU
		{E915BD70-7EE6-40F9-910B-2B7BA207B259}.Release|x64.Build.0 = Release|Any CPU
		{E915BD70-7EE6-40F9-910B-2B7BA207B259}.Release|x86.ActiveCfg = Release|Any CPU
		{E915BD70-7EE6-40F9-910B-2B7BA207B259}.Release|x86.Build.0 = Release|Any CPU
	EndGlobalSection
	GlobalSection(SolutionProperties) = preSolution
		HideSolutionNode = FALSE
	EndGlobalSection
	GlobalSection(ExtensibilityGlobals) = postSolution
		SolutionGuid = {0A488B19-617E-4F5C-BD65-4D2ADE483904}
	EndGlobalSection
EndGlobal
