
Microsoft Visual Studio Solution File, Format Version 12.00
# Visual Studio 15
VisualStudioVersion = 15.0.27130.2027
MinimumVisualStudioVersion = 10.0.40219.1
Project("{FAE04EC0-301F-11D3-BF4B-00C04F79EFBC}") = "App1_Cell.Android", "App1_Cell\App1_Cell.Android\App1_Cell.Android.csproj", "{936816EB-62FA-494E-AF90-BA654B4E8D16}"
EndProject
Project("{FAE04EC0-301F-11D3-BF4B-00C04F79EFBC}") = "App1_Cell.iOS", "App1_Cell\App1_Cell.iOS\App1_Cell.iOS.csproj", "{F561285D-5675-459F-BF67-CA5057008781}"
EndProject
Project("{FAE04EC0-301F-11D3-BF4B-00C04F79EFBC}") = "App1_Cell.UWP", "App1_Cell\App1_Cell.UWP\App1_Cell.UWP.csproj", "{ABE44EB4-6CAB-43FC-A84D-E26F60EE9207}"
EndProject
Project("{FAE04EC0-301F-11D3-BF4B-00C04F79EFBC}") = "App1_Cell", "App1_Cell\App1_Cell\App1_Cell.csproj", "{6E1D06DF-C91B-491D-B737-987140AD144E}"
EndProject
Global
	GlobalSection(SolutionConfigurationPlatforms) = preSolution
		Ad-Hoc|Any CPU = Ad-Hoc|Any CPU
		Ad-Hoc|ARM = Ad-Hoc|ARM
		Ad-Hoc|iPhone = Ad-Hoc|iPhone
		Ad-Hoc|iPhoneSimulator = Ad-Hoc|iPhoneSimulator
		Ad-Hoc|x64 = Ad-Hoc|x64
		Ad-Hoc|x86 = Ad-Hoc|x86
		AppStore|Any CPU = AppStore|Any CPU
		AppStore|ARM = AppStore|ARM
		AppStore|iPhone = AppStore|iPhone
		AppStore|iPhoneSimulator = AppStore|iPhoneSimulator
		AppStore|x64 = AppStore|x64
		AppStore|x86 = AppStore|x86
		Debug|Any CPU = Debug|Any CPU
		Debug|ARM = Debug|ARM
		Debug|iPhone = Debug|iPhone
		Debug|iPhoneSimulator = Debug|iPhoneSimulator
		Debug|x64 = Debug|x64
		Debug|x86 = Debug|x86
		Release|Any CPU = Release|Any CPU
		Release|ARM = Release|ARM
		Release|iPhone = Release|iPhone
		Release|iPhoneSimulator = Release|iPhoneSimulator
		Release|x64 = Release|x64
		Release|x86 = Release|x86
	EndGlobalSection
	GlobalSection(ProjectConfigurationPlatforms) = postSolution
		{936816EB-62FA-494E-AF90-BA654B4E8D16}.Ad-Hoc|Any CPU.ActiveCfg = Release|Any CPU
		{936816EB-62FA-494E-AF90-BA654B4E8D16}.Ad-Hoc|Any CPU.Build.0 = Release|Any CPU
		{936816EB-62FA-494E-AF90-BA654B4E8D16}.Ad-Hoc|Any CPU.Deploy.0 = Release|Any CPU
		{936816EB-62FA-494E-AF90-BA654B4E8D16}.Ad-Hoc|ARM.ActiveCfg = Release|Any CPU
		{936816EB-62FA-494E-AF90-BA654B4E8D16}.Ad-Hoc|ARM.Build.0 = Release|Any CPU
		{936816EB-62FA-494E-AF90-BA654B4E8D16}.Ad-Hoc|ARM.Deploy.0 = Release|Any CPU
		{936816EB-62FA-494E-AF90-BA654B4E8D16}.Ad-Hoc|iPhone.ActiveCfg = Release|Any CPU
		{936816EB-62FA-494E-AF90-BA654B4E8D16}.Ad-Hoc|iPhone.Build.0 = Release|Any CPU
		{936816EB-62FA-494E-AF90-BA654B4E8D16}.Ad-Hoc|iPhone.Deploy.0 = Release|Any CPU
		{936816EB-62FA-494E-AF90-BA654B4E8D16}.Ad-Hoc|iPhoneSimulator.ActiveCfg = Release|Any CPU
		{936816EB-62FA-494E-AF90-BA654B4E8D16}.Ad-Hoc|iPhoneSimulator.Build.0 = Release|Any CPU
		{936816EB-62FA-494E-AF90-BA654B4E8D16}.Ad-Hoc|iPhoneSimulator.Deploy.0 = Release|Any CPU
		{936816EB-62FA-494E-AF90-BA654B4E8D16}.Ad-Hoc|x64.ActiveCfg = Release|Any CPU
		{936816EB-62FA-494E-AF90-BA654B4E8D16}.Ad-Hoc|x64.Build.0 = Release|Any CPU
		{936816EB-62FA-494E-AF90-BA654B4E8D16}.Ad-Hoc|x64.Deploy.0 = Release|Any CPU
		{936816EB-62FA-494E-AF90-BA654B4E8D16}.Ad-Hoc|x86.ActiveCfg = Release|Any CPU
		{936816EB-62FA-494E-AF90-BA654B4E8D16}.Ad-Hoc|x86.Build.0 = Release|Any CPU
		{936816EB-62FA-494E-AF90-BA654B4E8D16}.Ad-Hoc|x86.Deploy.0 = Release|Any CPU
		{936816EB-62FA-494E-AF90-BA654B4E8D16}.AppStore|Any CPU.ActiveCfg = Release|Any CPU
		{936816EB-62FA-494E-AF90-BA654B4E8D16}.AppStore|Any CPU.Build.0 = Release|Any CPU
		{936816EB-62FA-494E-AF90-BA654B4E8D16}.AppStore|Any CPU.Deploy.0 = Release|Any CPU
		{936816EB-62FA-494E-AF90-BA654B4E8D16}.AppStore|ARM.ActiveCfg = Release|Any CPU
		{936816EB-62FA-494E-AF90-BA654B4E8D16}.AppStore|ARM.Build.0 = Release|Any CPU
		{936816EB-62FA-494E-AF90-BA654B4E8D16}.AppStore|ARM.Deploy.0 = Release|Any CPU
		{936816EB-62FA-494E-AF90-BA654B4E8D16}.AppStore|iPhone.ActiveCfg = Release|Any CPU
		{936816EB-62FA-494E-AF90-BA654B4E8D16}.AppStore|iPhone.Build.0 = Release|Any CPU
		{936816EB-62FA-494E-AF90-BA654B4E8D16}.AppStore|iPhone.Deploy.0 = Release|Any CPU
		{936816EB-62FA-494E-AF90-BA654B4E8D16}.AppStore|iPhoneSimulator.ActiveCfg = Release|Any CPU
		{936816EB-62FA-494E-AF90-BA654B4E8D16}.AppStore|iPhoneSimulator.Build.0 = Release|Any CPU
		{936816EB-62FA-494E-AF90-BA654B4E8D16}.AppStore|iPhoneSimulator.Deploy.0 = Release|Any CPU
		{936816EB-62FA-494E-AF90-BA654B4E8D16}.AppStore|x64.ActiveCfg = Release|Any CPU
		{936816EB-62FA-494E-AF90-BA654B4E8D16}.AppStore|x64.Build.0 = Release|Any CPU
		{936816EB-62FA-494E-AF90-BA654B4E8D16}.AppStore|x64.Deploy.0 = Release|Any CPU
		{936816EB-62FA-494E-AF90-BA654B4E8D16}.AppStore|x86.ActiveCfg = Release|Any CPU
		{936816EB-62FA-494E-AF90-BA654B4E8D16}.AppStore|x86.Build.0 = Release|Any CPU
		{936816EB-62FA-494E-AF90-BA654B4E8D16}.AppStore|x86.Deploy.0 = Release|Any CPU
		{936816EB-62FA-494E-AF90-BA654B4E8D16}.Debug|Any CPU.ActiveCfg = Debug|Any CPU
		{936816EB-62FA-494E-AF90-BA654B4E8D16}.Debug|Any CPU.Build.0 = Debug|Any CPU
		{936816EB-62FA-494E-AF90-BA654B4E8D16}.Debug|Any CPU.Deploy.0 = Debug|Any CPU
		{936816EB-62FA-494E-AF90-BA654B4E8D16}.Debug|ARM.ActiveCfg = Debug|Any CPU
		{936816EB-62FA-494E-AF90-BA654B4E8D16}.Debug|ARM.Build.0 = Debug|Any CPU
		{936816EB-62FA-494E-AF90-BA654B4E8D16}.Debug|ARM.Deploy.0 = Debug|Any CPU
		{936816EB-62FA-494E-AF90-BA654B4E8D16}.Debug|iPhone.ActiveCfg = Debug|Any CPU
		{936816EB-62FA-494E-AF90-BA654B4E8D16}.Debug|iPhone.Build.0 = Debug|Any CPU
		{936816EB-62FA-494E-AF90-BA654B4E8D16}.Debug|iPhone.Deploy.0 = Debug|Any CPU
		{936816EB-62FA-494E-AF90-BA654B4E8D16}.Debug|iPhoneSimulator.ActiveCfg = Debug|Any CPU
		{936816EB-62FA-494E-AF90-BA654B4E8D16}.Debug|iPhoneSimulator.Build.0 = Debug|Any CPU
		{936816EB-62FA-494E-AF90-BA654B4E8D16}.Debug|iPhoneSimulator.Deploy.0 = Debug|Any CPU
		{936816EB-62FA-494E-AF90-BA654B4E8D16}.Debug|x64.ActiveCfg = Debug|Any CPU
		{936816EB-62FA-494E-AF90-BA654B4E8D16}.Debug|x64.Build.0 = Debug|Any CPU
		{936816EB-62FA-494E-AF90-BA654B4E8D16}.Debug|x64.Deploy.0 = Debug|Any CPU
		{936816EB-62FA-494E-AF90-BA654B4E8D16}.Debug|x86.ActiveCfg = Debug|Any CPU
		{936816EB-62FA-494E-AF90-BA654B4E8D16}.Debug|x86.Build.0 = Debug|Any CPU
		{936816EB-62FA-494E-AF90-BA654B4E8D16}.Debug|x86.Deploy.0 = Debug|Any CPU
		{936816EB-62FA-494E-AF90-BA654B4E8D16}.Release|Any CPU.ActiveCfg = Release|Any CPU
		{936816EB-62FA-494E-AF90-BA654B4E8D16}.Release|Any CPU.Build.0 = Release|Any CPU
		{936816EB-62FA-494E-AF90-BA654B4E8D16}.Release|Any CPU.Deploy.0 = Release|Any CPU
		{936816EB-62FA-494E-AF90-BA654B4E8D16}.Release|ARM.ActiveCfg = Release|Any CPU
		{936816EB-62FA-494E-AF90-BA654B4E8D16}.Release|ARM.Build.0 = Release|Any CPU
		{936816EB-62FA-494E-AF90-BA654B4E8D16}.Release|ARM.Deploy.0 = Release|Any CPU
		{936816EB-62FA-494E-AF90-BA654B4E8D16}.Release|iPhone.ActiveCfg = Release|Any CPU
		{936816EB-62FA-494E-AF90-BA654B4E8D16}.Release|iPhone.Build.0 = Release|Any CPU
		{936816EB-62FA-494E-AF90-BA654B4E8D16}.Release|iPhone.Deploy.0 = Release|Any CPU
		{936816EB-62FA-494E-AF90-BA654B4E8D16}.Release|iPhoneSimulator.ActiveCfg = Release|Any CPU
		{936816EB-62FA-494E-AF90-BA654B4E8D16}.Release|iPhoneSimulator.Build.0 = Release|Any CPU
		{936816EB-62FA-494E-AF90-BA654B4E8D16}.Release|iPhoneSimulator.Deploy.0 = Release|Any CPU
		{936816EB-62FA-494E-AF90-BA654B4E8D16}.Release|x64.ActiveCfg = Release|Any CPU
		{936816EB-62FA-494E-AF90-BA654B4E8D16}.Release|x64.Build.0 = Release|Any CPU
		{936816EB-62FA-494E-AF90-BA654B4E8D16}.Release|x64.Deploy.0 = Release|Any CPU
		{936816EB-62FA-494E-AF90-BA654B4E8D16}.Release|x86.ActiveCfg = Release|Any CPU
		{936816EB-62FA-494E-AF90-BA654B4E8D16}.Release|x86.Build.0 = Release|Any CPU
		{936816EB-62FA-494E-AF90-BA654B4E8D16}.Release|x86.Deploy.0 = Release|Any CPU
		{F561285D-5675-459F-BF67-CA5057008781}.Ad-Hoc|Any CPU.ActiveCfg = Ad-Hoc|iPhone
		{F561285D-5675-459F-BF67-CA5057008781}.Ad-Hoc|ARM.ActiveCfg = Ad-Hoc|iPhone
		{F561285D-5675-459F-BF67-CA5057008781}.Ad-Hoc|iPhone.ActiveCfg = Ad-Hoc|iPhone
		{F561285D-5675-459F-BF67-CA5057008781}.Ad-Hoc|iPhone.Build.0 = Ad-Hoc|iPhone
		{F561285D-5675-459F-BF67-CA5057008781}.Ad-Hoc|iPhoneSimulator.ActiveCfg = Ad-Hoc|iPhoneSimulator
		{F561285D-5675-459F-BF67-CA5057008781}.Ad-Hoc|iPhoneSimulator.Build.0 = Ad-Hoc|iPhoneSimulator
		{F561285D-5675-459F-BF67-CA5057008781}.Ad-Hoc|x64.ActiveCfg = Ad-Hoc|iPhone
		{F561285D-5675-459F-BF67-CA5057008781}.Ad-Hoc|x86.ActiveCfg = Ad-Hoc|iPhone
		{F561285D-5675-459F-BF67-CA5057008781}.AppStore|Any CPU.ActiveCfg = AppStore|iPhone
		{F561285D-5675-459F-BF67-CA5057008781}.AppStore|ARM.ActiveCfg = AppStore|iPhone
		{F561285D-5675-459F-BF67-CA5057008781}.AppStore|iPhone.ActiveCfg = AppStore|iPhone
		{F561285D-5675-459F-BF67-CA5057008781}.AppStore|iPhone.Build.0 = AppStore|iPhone
		{F561285D-5675-459F-BF67-CA5057008781}.AppStore|iPhoneSimulator.ActiveCfg = AppStore|iPhoneSimulator
		{F561285D-5675-459F-BF67-CA5057008781}.AppStore|iPhoneSimulator.Build.0 = AppStore|iPhoneSimulator
		{F561285D-5675-459F-BF67-CA5057008781}.AppStore|x64.ActiveCfg = AppStore|iPhone
		{F561285D-5675-459F-BF67-CA5057008781}.AppStore|x86.ActiveCfg = AppStore|iPhone
		{F561285D-5675-459F-BF67-CA5057008781}.Debug|Any CPU.ActiveCfg = Debug|iPhone
		{F561285D-5675-459F-BF67-CA5057008781}.Debug|ARM.ActiveCfg = Debug|iPhone
		{F561285D-5675-459F-BF67-CA5057008781}.Debug|iPhone.ActiveCfg = Debug|iPhone
		{F561285D-5675-459F-BF67-CA5057008781}.Debug|iPhone.Build.0 = Debug|iPhone
		{F561285D-5675-459F-BF67-CA5057008781}.Debug|iPhoneSimulator.ActiveCfg = Debug|iPhoneSimulator
		{F561285D-5675-459F-BF67-CA5057008781}.Debug|iPhoneSimulator.Build.0 = Debug|iPhoneSimulator
		{F561285D-5675-459F-BF67-CA5057008781}.Debug|x64.ActiveCfg = Debug|iPhone
		{F561285D-5675-459F-BF67-CA5057008781}.Debug|x86.ActiveCfg = Debug|iPhone
		{F561285D-5675-459F-BF67-CA5057008781}.Release|Any CPU.ActiveCfg = Release|iPhone
		{F561285D-5675-459F-BF67-CA5057008781}.Release|ARM.ActiveCfg = Release|iPhone
		{F561285D-5675-459F-BF67-CA5057008781}.Release|iPhone.ActiveCfg = Release|iPhone
		{F561285D-5675-459F-BF67-CA5057008781}.Release|iPhone.Build.0 = Release|iPhone
		{F561285D-5675-459F-BF67-CA5057008781}.Release|iPhoneSimulator.ActiveCfg = Release|iPhoneSimulator
		{F561285D-5675-459F-BF67-CA5057008781}.Release|iPhoneSimulator.Build.0 = Release|iPhoneSimulator
		{F561285D-5675-459F-BF67-CA5057008781}.Release|x64.ActiveCfg = Release|iPhone
		{F561285D-5675-459F-BF67-CA5057008781}.Release|x86.ActiveCfg = Release|iPhone
		{ABE44EB4-6CAB-43FC-A84D-E26F60EE9207}.Ad-Hoc|Any CPU.ActiveCfg = Release|x86
		{ABE44EB4-6CAB-43FC-A84D-E26F60EE9207}.Ad-Hoc|Any CPU.Build.0 = Release|x86
		{ABE44EB4-6CAB-43FC-A84D-E26F60EE9207}.Ad-Hoc|Any CPU.Deploy.0 = Release|x86
		{ABE44EB4-6CAB-43FC-A84D-E26F60EE9207}.Ad-Hoc|ARM.ActiveCfg = Release|ARM
		{ABE44EB4-6CAB-43FC-A84D-E26F60EE9207}.Ad-Hoc|ARM.Build.0 = Release|ARM
		{ABE44EB4-6CAB-43FC-A84D-E26F60EE9207}.Ad-Hoc|ARM.Deploy.0 = Release|ARM
		{ABE44EB4-6CAB-43FC-A84D-E26F60EE9207}.Ad-Hoc|iPhone.ActiveCfg = Release|x86
		{ABE44EB4-6CAB-43FC-A84D-E26F60EE9207}.Ad-Hoc|iPhone.Build.0 = Release|x86
		{ABE44EB4-6CAB-43FC-A84D-E26F60EE9207}.Ad-Hoc|iPhone.Deploy.0 = Release|x86
		{ABE44EB4-6CAB-43FC-A84D-E26F60EE9207}.Ad-Hoc|iPhoneSimulator.ActiveCfg = Release|x86
		{ABE44EB4-6CAB-43FC-A84D-E26F60EE9207}.Ad-Hoc|iPhoneSimulator.Build.0 = Release|x86
		{ABE44EB4-6CAB-43FC-A84D-E26F60EE9207}.Ad-Hoc|iPhoneSimulator.Deploy.0 = Release|x86
		{ABE44EB4-6CAB-43FC-A84D-E26F60EE9207}.Ad-Hoc|x64.ActiveCfg = Release|x64
		{ABE44EB4-6CAB-43FC-A84D-E26F60EE9207}.Ad-Hoc|x64.Build.0 = Release|x64
		{ABE44EB4-6CAB-43FC-A84D-E26F60EE9207}.Ad-Hoc|x64.Deploy.0 = Release|x64
		{ABE44EB4-6CAB-43FC-A84D-E26F60EE9207}.Ad-Hoc|x86.ActiveCfg = Release|x86
		{ABE44EB4-6CAB-43FC-A84D-E26F60EE9207}.Ad-Hoc|x86.Build.0 = Release|x86
		{ABE44EB4-6CAB-43FC-A84D-E26F60EE9207}.Ad-Hoc|x86.Deploy.0 = Release|x86
		{ABE44EB4-6CAB-43FC-A84D-E26F60EE9207}.AppStore|Any CPU.ActiveCfg = Release|x86
		{ABE44EB4-6CAB-43FC-A84D-E26F60EE9207}.AppStore|Any CPU.Build.0 = Release|x86
		{ABE44EB4-6CAB-43FC-A84D-E26F60EE9207}.AppStore|Any CPU.Deploy.0 = Release|x86
		{ABE44EB4-6CAB-43FC-A84D-E26F60EE9207}.AppStore|ARM.ActiveCfg = Release|ARM
		{ABE44EB4-6CAB-43FC-A84D-E26F60EE9207}.AppStore|ARM.Build.0 = Release|ARM
		{ABE44EB4-6CAB-43FC-A84D-E26F60EE9207}.AppStore|ARM.Deploy.0 = Release|ARM
		{ABE44EB4-6CAB-43FC-A84D-E26F60EE9207}.AppStore|iPhone.ActiveCfg = Release|x86
		{ABE44EB4-6CAB-43FC-A84D-E26F60EE9207}.AppStore|iPhone.Build.0 = Release|x86
		{ABE44EB4-6CAB-43FC-A84D-E26F60EE9207}.AppStore|iPhone.Deploy.0 = Release|x86
		{ABE44EB4-6CAB-43FC-A84D-E26F60EE9207}.AppStore|iPhoneSimulator.ActiveCfg = Release|x86
		{ABE44EB4-6CAB-43FC-A84D-E26F60EE9207}.AppStore|iPhoneSimulator.Build.0 = Release|x86
		{ABE44EB4-6CAB-43FC-A84D-E26F60EE9207}.AppStore|iPhoneSimulator.Deploy.0 = Release|x86
		{ABE44EB4-6CAB-43FC-A84D-E26F60EE9207}.AppStore|x64.ActiveCfg = Release|x64
		{ABE44EB4-6CAB-43FC-A84D-E26F60EE9207}.AppStore|x64.Build.0 = Release|x64
		{ABE44EB4-6CAB-43FC-A84D-E26F60EE9207}.AppStore|x64.Deploy.0 = Release|x64
		{ABE44EB4-6CAB-43FC-A84D-E26F60EE9207}.AppStore|x86.ActiveCfg = Release|x86
		{ABE44EB4-6CAB-43FC-A84D-E26F60EE9207}.AppStore|x86.Build.0 = Release|x86
		{ABE44EB4-6CAB-43FC-A84D-E26F60EE9207}.AppStore|x86.Deploy.0 = Release|x86
		{ABE44EB4-6CAB-43FC-A84D-E26F60EE9207}.Debug|Any CPU.ActiveCfg = Debug|x86
		{ABE44EB4-6CAB-43FC-A84D-E26F60EE9207}.Debug|ARM.ActiveCfg = Debug|ARM
		{ABE44EB4-6CAB-43FC-A84D-E26F60EE9207}.Debug|ARM.Build.0 = Debug|ARM
		{ABE44EB4-6CAB-43FC-A84D-E26F60EE9207}.Debug|ARM.Deploy.0 = Debug|ARM
		{ABE44EB4-6CAB-43FC-A84D-E26F60EE9207}.Debug|iPhone.ActiveCfg = Debug|x86
		{ABE44EB4-6CAB-43FC-A84D-E26F60EE9207}.Debug|iPhoneSimulator.ActiveCfg = Debug|x86
		{ABE44EB4-6CAB-43FC-A84D-E26F60EE9207}.Debug|x64.ActiveCfg = Debug|x64
		{ABE44EB4-6CAB-43FC-A84D-E26F60EE9207}.Debug|x64.Build.0 = Debug|x64
		{ABE44EB4-6CAB-43FC-A84D-E26F60EE9207}.Debug|x64.Deploy.0 = Debug|x64
		{ABE44EB4-6CAB-43FC-A84D-E26F60EE9207}.Debug|x86.ActiveCfg = Debug|x86
		{ABE44EB4-6CAB-43FC-A84D-E26F60EE9207}.Debug|x86.Build.0 = Debug|x86
		{ABE44EB4-6CAB-43FC-A84D-E26F60EE9207}.Debug|x86.Deploy.0 = Debug|x86
		{ABE44EB4-6CAB-43FC-A84D-E26F60EE9207}.Release|Any CPU.ActiveCfg = Release|x86
		{ABE44EB4-6CAB-43FC-A84D-E26F60EE9207}.Release|ARM.ActiveCfg = Release|ARM
		{ABE44EB4-6CAB-43FC-A84D-E26F60EE9207}.Release|ARM.Build.0 = Release|ARM
		{ABE44EB4-6CAB-43FC-A84D-E26F60EE9207}.Release|ARM.Deploy.0 = Release|ARM
		{ABE44EB4-6CAB-43FC-A84D-E26F60EE9207}.Release|iPhone.ActiveCfg = Release|x86
		{ABE44EB4-6CAB-43FC-A84D-E26F60EE9207}.Release|iPhoneSimulator.ActiveCfg = Release|x86
		{ABE44EB4-6CAB-43FC-A84D-E26F60EE9207}.Release|x64.ActiveCfg = Release|x64
		{ABE44EB4-6CAB-43FC-A84D-E26F60EE9207}.Release|x64.Build.0 = Release|x64
		{ABE44EB4-6CAB-43FC-A84D-E26F60EE9207}.Release|x64.Deploy.0 = Release|x64
		{ABE44EB4-6CAB-43FC-A84D-E26F60EE9207}.Release|x86.ActiveCfg = Release|x86
		{ABE44EB4-6CAB-43FC-A84D-E26F60EE9207}.Release|x86.Build.0 = Release|x86
		{ABE44EB4-6CAB-43FC-A84D-E26F60EE9207}.Release|x86.Deploy.0 = Release|x86
		{6E1D06DF-C91B-491D-B737-987140AD144E}.Ad-Hoc|Any CPU.ActiveCfg = Debug|Any CPU
		{6E1D06DF-C91B-491D-B737-987140AD144E}.Ad-Hoc|Any CPU.Build.0 = Debug|Any CPU
		{6E1D06DF-C91B-491D-B737-987140AD144E}.Ad-Hoc|ARM.ActiveCfg = Debug|Any CPU
		{6E1D06DF-C91B-491D-B737-987140AD144E}.Ad-Hoc|ARM.Build.0 = Debug|Any CPU
		{6E1D06DF-C91B-491D-B737-987140AD144E}.Ad-Hoc|iPhone.ActiveCfg = Debug|Any CPU
		{6E1D06DF-C91B-491D-B737-987140AD144E}.Ad-Hoc|iPhone.Build.0 = Debug|Any CPU
		{6E1D06DF-C91B-491D-B737-987140AD144E}.Ad-Hoc|iPhoneSimulator.ActiveCfg = Debug|Any CPU
		{6E1D06DF-C91B-491D-B737-987140AD144E}.Ad-Hoc|iPhoneSimulator.Build.0 = Debug|Any CPU
		{6E1D06DF-C91B-491D-B737-987140AD144E}.Ad-Hoc|x64.ActiveCfg = Debug|Any CPU
		{6E1D06DF-C91B-491D-B737-987140AD144E}.Ad-Hoc|x64.Build.0 = Debug|Any CPU
		{6E1D06DF-C91B-491D-B737-987140AD144E}.Ad-Hoc|x86.ActiveCfg = Debug|Any CPU
		{6E1D06DF-C91B-491D-B737-987140AD144E}.Ad-Hoc|x86.Build.0 = Debug|Any CPU
		{6E1D06DF-C91B-491D-B737-987140AD144E}.AppStore|Any CPU.ActiveCfg = Debug|Any CPU
		{6E1D06DF-C91B-491D-B737-987140AD144E}.AppStore|Any CPU.Build.0 = Debug|Any CPU
		{6E1D06DF-C91B-491D-B737-987140AD144E}.AppStore|ARM.ActiveCfg = Debug|Any CPU
		{6E1D06DF-C91B-491D-B737-987140AD144E}.AppStore|ARM.Build.0 = Debug|Any CPU
		{6E1D06DF-C91B-491D-B737-987140AD144E}.AppStore|iPhone.ActiveCfg = Debug|Any CPU
		{6E1D06DF-C91B-491D-B737-987140AD144E}.AppStore|iPhone.Build.0 = Debug|Any CPU
		{6E1D06DF-C91B-491D-B737-987140AD144E}.AppStore|iPhoneSimulator.ActiveCfg = Debug|Any CPU
		{6E1D06DF-C91B-491D-B737-987140AD144E}.AppStore|iPhoneSimulator.Build.0 = Debug|Any CPU
		{6E1D06DF-C91B-491D-B737-987140AD144E}.AppStore|x64.ActiveCfg = Debug|Any CPU
		{6E1D06DF-C91B-491D-B737-987140AD144E}.AppStore|x64.Build.0 = Debug|Any CPU
		{6E1D06DF-C91B-491D-B737-987140AD144E}.AppStore|x86.ActiveCfg = Debug|Any CPU
		{6E1D06DF-C91B-491D-B737-987140AD144E}.AppStore|x86.Build.0 = Debug|Any CPU
		{6E1D06DF-C91B-491D-B737-987140AD144E}.Debug|Any CPU.ActiveCfg = Debug|Any CPU
		{6E1D06DF-C91B-491D-B737-987140AD144E}.Debug|Any CPU.Build.0 = Debug|Any CPU
		{6E1D06DF-C91B-491D-B737-987140AD144E}.Debug|ARM.ActiveCfg = Debug|Any CPU
		{6E1D06DF-C91B-491D-B737-987140AD144E}.Debug|ARM.Build.0 = Debug|Any CPU
		{6E1D06DF-C91B-491D-B737-987140AD144E}.Debug|iPhone.ActiveCfg = Debug|Any CPU
		{6E1D06DF-C91B-491D-B737-987140AD144E}.Debug|iPhone.Build.0 = Debug|Any CPU
		{6E1D06DF-C91B-491D-B737-987140AD144E}.Debug|iPhoneSimulator.ActiveCfg = Debug|Any CPU
		{6E1D06DF-C91B-491D-B737-987140AD144E}.Debug|iPhoneSimulator.Build.0 = Debug|Any CPU
		{6E1D06DF-C91B-491D-B737-987140AD144E}.Debug|x64.ActiveCfg = Debug|Any CPU
		{6E1D06DF-C91B-491D-B737-987140AD144E}.Debug|x64.Build.0 = Debug|Any CPU
		{6E1D06DF-C91B-491D-B737-987140AD144E}.Debug|x86.ActiveCfg = Debug|Any CPU
		{6E1D06DF-C91B-491D-B737-987140AD144E}.Debug|x86.Build.0 = Debug|Any CPU
		{6E1D06DF-C91B-491D-B737-987140AD144E}.Release|Any CPU.ActiveCfg = Release|Any CPU
		{6E1D06DF-C91B-491D-B737-987140AD144E}.Release|Any CPU.Build.0 = Release|Any CPU
		{6E1D06DF-C91B-491D-B737-987140AD144E}.Release|ARM.ActiveCfg = Release|Any CPU
		{6E1D06DF-C91B-491D-B737-987140AD144E}.Release|ARM.Build.0 = Release|Any CPU
		{6E1D06DF-C91B-491D-B737-987140AD144E}.Release|iPhone.ActiveCfg = Release|Any CPU
		{6E1D06DF-C91B-491D-B737-987140AD144E}.Release|iPhone.Build.0 = Release|Any CPU
		{6E1D06DF-C91B-491D-B737-987140AD144E}.Release|iPhoneSimulator.ActiveCfg = Release|Any CPU
		{6E1D06DF-C91B-491D-B737-987140AD144E}.Release|iPhoneSimulator.Build.0 = Release|Any CPU
		{6E1D06DF-C91B-491D-B737-987140AD144E}.Release|x64.ActiveCfg = Release|Any CPU
		{6E1D06DF-C91B-491D-B737-987140AD144E}.Release|x64.Build.0 = Release|Any CPU
		{6E1D06DF-C91B-491D-B737-987140AD144E}.Release|x86.ActiveCfg = Release|Any CPU
		{6E1D06DF-C91B-491D-B737-987140AD144E}.Release|x86.Build.0 = Release|Any CPU
	EndGlobalSection
	GlobalSection(SolutionProperties) = preSolution
		HideSolutionNode = FALSE
	EndGlobalSection
	GlobalSection(ExtensibilityGlobals) = postSolution
		SolutionGuid = {5AF6AD55-B1FE-49B2-9B6A-BC13574D3B59}
	EndGlobalSection
EndGlobal
