
Microsoft Visual Studio Solution File, Format Version 12.00
# Visual Studio 15
VisualStudioVersion = 15.0.27130.2027
MinimumVisualStudioVersion = 10.0.40219.1
Project("{FAE04EC0-301F-11D3-BF4B-00C04F79EFBC}") = "App1_Vagas.Android", "App1_Vagas\App1_Vagas.Android\App1_Vagas.Android.csproj", "{612DB7E1-098B-46FA-A4D9-37151679948A}"
EndProject
Project("{FAE04EC0-301F-11D3-BF4B-00C04F79EFBC}") = "App1_Vagas.iOS", "App1_Vagas\App1_Vagas.iOS\App1_Vagas.iOS.csproj", "{1BE528F2-FACA-4399-9D44-9C869E7556A2}"
EndProject
Project("{FAE04EC0-301F-11D3-BF4B-00C04F79EFBC}") = "App1_Vagas.UWP", "App1_Vagas\App1_Vagas.UWP\App1_Vagas.UWP.csproj", "{015E074A-14B6-4263-9D5B-B97EC512423F}"
EndProject
Project("{FAE04EC0-301F-11D3-BF4B-00C04F79EFBC}") = "App1_Vagas", "App1_Vagas\App1_Vagas\App1_Vagas.csproj", "{44E1F4EF-27D4-445A-9BCC-0D10746FEB84}"
EndProject
Global
	GlobalSection(SolutionConfigurationPlatforms) = preSolution
		Ad-Hoc|Any CPU = Ad-Hoc|Any CPU
		Ad-Hoc|ARM = Ad-Hoc|ARM
		Ad-Hoc|iPhone = Ad-Hoc|iPhone
		Ad-Hoc|iPhoneSimulator = Ad-Hoc|iPhoneSimulator
		Ad-Hoc|x64 = Ad-Hoc|x64
		Ad-Hoc|x86 = Ad-Hoc|x86
		AppStore|Any CPU = AppStore|Any CPU
		AppStore|ARM = AppStore|ARM
		AppStore|iPhone = AppStore|iPhone
		AppStore|iPhoneSimulator = AppStore|iPhoneSimulator
		AppStore|x64 = AppStore|x64
		AppStore|x86 = AppStore|x86
		Debug|Any CPU = Debug|Any CPU
		Debug|ARM = Debug|ARM
		Debug|iPhone = Debug|iPhone
		Debug|iPhoneSimulator = Debug|iPhoneSimulator
		Debug|x64 = Debug|x64
		Debug|x86 = Debug|x86
		Release|Any CPU = Release|Any CPU
		Release|ARM = Release|ARM
		Release|iPhone = Release|iPhone
		Release|iPhoneSimulator = Release|iPhoneSimulator
		Release|x64 = Release|x64
		Release|x86 = Release|x86
	EndGlobalSection
	GlobalSection(ProjectConfigurationPlatforms) = postSolution
		{612DB7E1-098B-46FA-A4D9-37151679948A}.Ad-Hoc|Any CPU.ActiveCfg = Release|Any CPU
		{612DB7E1-098B-46FA-A4D9-37151679948A}.Ad-Hoc|Any CPU.Build.0 = Release|Any CPU
		{612DB7E1-098B-46FA-A4D9-37151679948A}.Ad-Hoc|Any CPU.Deploy.0 = Release|Any CPU
		{612DB7E1-098B-46FA-A4D9-37151679948A}.Ad-Hoc|ARM.ActiveCfg = Release|Any CPU
		{612DB7E1-098B-46FA-A4D9-37151679948A}.Ad-Hoc|ARM.Build.0 = Release|Any CPU
		{612DB7E1-098B-46FA-A4D9-37151679948A}.Ad-Hoc|ARM.Deploy.0 = Release|Any CPU
		{612DB7E1-098B-46FA-A4D9-37151679948A}.Ad-Hoc|iPhone.ActiveCfg = Release|Any CPU
		{612DB7E1-098B-46FA-A4D9-37151679948A}.Ad-Hoc|iPhone.Build.0 = Release|Any CPU
		{612DB7E1-098B-46FA-A4D9-37151679948A}.Ad-Hoc|iPhone.Deploy.0 = Release|Any CPU
		{612DB7E1-098B-46FA-A4D9-37151679948A}.Ad-Hoc|iPhoneSimulator.ActiveCfg = Release|Any CPU
		{612DB7E1-098B-46FA-A4D9-37151679948A}.Ad-Hoc|iPhoneSimulator.Build.0 = Release|Any CPU
		{612DB7E1-098B-46FA-A4D9-37151679948A}.Ad-Hoc|iPhoneSimulator.Deploy.0 = Release|Any CPU
		{612DB7E1-098B-46FA-A4D9-37151679948A}.Ad-Hoc|x64.ActiveCfg = Release|Any CPU
		{612DB7E1-098B-46FA-A4D9-37151679948A}.Ad-Hoc|x64.Build.0 = Release|Any CPU
		{612DB7E1-098B-46FA-A4D9-37151679948A}.Ad-Hoc|x64.Deploy.0 = Release|Any CPU
		{612DB7E1-098B-46FA-A4D9-37151679948A}.Ad-Hoc|x86.ActiveCfg = Release|Any CPU
		{612DB7E1-098B-46FA-A4D9-37151679948A}.Ad-Hoc|x86.Build.0 = Release|Any CPU
		{612DB7E1-098B-46FA-A4D9-37151679948A}.Ad-Hoc|x86.Deploy.0 = Release|Any CPU
		{612DB7E1-098B-46FA-A4D9-37151679948A}.AppStore|Any CPU.ActiveCfg = Release|Any CPU
		{612DB7E1-098B-46FA-A4D9-37151679948A}.AppStore|Any CPU.Build.0 = Release|Any CPU
		{612DB7E1-098B-46FA-A4D9-37151679948A}.AppStore|Any CPU.Deploy.0 = Release|Any CPU
		{612DB7E1-098B-46FA-A4D9-37151679948A}.AppStore|ARM.ActiveCfg = Release|Any CPU
		{612DB7E1-098B-46FA-A4D9-37151679948A}.AppStore|ARM.Build.0 = Release|Any CPU
		{612DB7E1-098B-46FA-A4D9-37151679948A}.AppStore|ARM.Deploy.0 = Release|Any CPU
		{612DB7E1-098B-46FA-A4D9-37151679948A}.AppStore|iPhone.ActiveCfg = Release|Any CPU
		{612DB7E1-098B-46FA-A4D9-37151679948A}.AppStore|iPhone.Build.0 = Release|Any CPU
		{612DB7E1-098B-46FA-A4D9-37151679948A}.AppStore|iPhone.Deploy.0 = Release|Any CPU
		{612DB7E1-098B-46FA-A4D9-37151679948A}.AppStore|iPhoneSimulator.ActiveCfg = Release|Any CPU
		{612DB7E1-098B-46FA-A4D9-37151679948A}.AppStore|iPhoneSimulator.Build.0 = Release|Any CPU
		{612DB7E1-098B-46FA-A4D9-37151679948A}.AppStore|iPhoneSimulator.Deploy.0 = Release|Any CPU
		{612DB7E1-098B-46FA-A4D9-37151679948A}.AppStore|x64.ActiveCfg = Release|Any CPU
		{612DB7E1-098B-46FA-A4D9-37151679948A}.AppStore|x64.Build.0 = Release|Any CPU
		{612DB7E1-098B-46FA-A4D9-37151679948A}.AppStore|x64.Deploy.0 = Release|Any CPU
		{612DB7E1-098B-46FA-A4D9-37151679948A}.AppStore|x86.ActiveCfg = Release|Any CPU
		{612DB7E1-098B-46FA-A4D9-37151679948A}.AppStore|x86.Build.0 = Release|Any CPU
		{612DB7E1-098B-46FA-A4D9-37151679948A}.AppStore|x86.Deploy.0 = Release|Any CPU
		{612DB7E1-098B-46FA-A4D9-37151679948A}.Debug|Any CPU.ActiveCfg = Debug|Any CPU
		{612DB7E1-098B-46FA-A4D9-37151679948A}.Debug|Any CPU.Build.0 = Debug|Any CPU
		{612DB7E1-098B-46FA-A4D9-37151679948A}.Debug|Any CPU.Deploy.0 = Debug|Any CPU
		{612DB7E1-098B-46FA-A4D9-37151679948A}.Debug|ARM.ActiveCfg = Debug|Any CPU
		{612DB7E1-098B-46FA-A4D9-37151679948A}.Debug|ARM.Build.0 = Debug|Any CPU
		{612DB7E1-098B-46FA-A4D9-37151679948A}.Debug|ARM.Deploy.0 = Debug|Any CPU
		{612DB7E1-098B-46FA-A4D9-37151679948A}.Debug|iPhone.ActiveCfg = Debug|Any CPU
		{612DB7E1-098B-46FA-A4D9-37151679948A}.Debug|iPhone.Build.0 = Debug|Any CPU
		{612DB7E1-098B-46FA-A4D9-37151679948A}.Debug|iPhone.Deploy.0 = Debug|Any CPU
		{612DB7E1-098B-46FA-A4D9-37151679948A}.Debug|iPhoneSimulator.ActiveCfg = Debug|Any CPU
		{612DB7E1-098B-46FA-A4D9-37151679948A}.Debug|iPhoneSimulator.Build.0 = Debug|Any CPU
		{612DB7E1-098B-46FA-A4D9-37151679948A}.Debug|iPhoneSimulator.Deploy.0 = Debug|Any CPU
		{612DB7E1-098B-46FA-A4D9-37151679948A}.Debug|x64.ActiveCfg = Debug|Any CPU
		{612DB7E1-098B-46FA-A4D9-37151679948A}.Debug|x64.Build.0 = Debug|Any CPU
		{612DB7E1-098B-46FA-A4D9-37151679948A}.Debug|x64.Deploy.0 = Debug|Any CPU
		{612DB7E1-098B-46FA-A4D9-37151679948A}.Debug|x86.ActiveCfg = Debug|Any CPU
		{612DB7E1-098B-46FA-A4D9-37151679948A}.Debug|x86.Build.0 = Debug|Any CPU
		{612DB7E1-098B-46FA-A4D9-37151679948A}.Debug|x86.Deploy.0 = Debug|Any CPU
		{612DB7E1-098B-46FA-A4D9-37151679948A}.Release|Any CPU.ActiveCfg = Release|Any CPU
		{612DB7E1-098B-46FA-A4D9-37151679948A}.Release|Any CPU.Build.0 = Release|Any CPU
		{612DB7E1-098B-46FA-A4D9-37151679948A}.Release|Any CPU.Deploy.0 = Release|Any CPU
		{612DB7E1-098B-46FA-A4D9-37151679948A}.Release|ARM.ActiveCfg = Release|Any CPU
		{612DB7E1-098B-46FA-A4D9-37151679948A}.Release|ARM.Build.0 = Release|Any CPU
		{612DB7E1-098B-46FA-A4D9-37151679948A}.Release|ARM.Deploy.0 = Release|Any CPU
		{612DB7E1-098B-46FA-A4D9-37151679948A}.Release|iPhone.ActiveCfg = Release|Any CPU
		{612DB7E1-098B-46FA-A4D9-37151679948A}.Release|iPhone.Build.0 = Release|Any CPU
		{612DB7E1-098B-46FA-A4D9-37151679948A}.Release|iPhone.Deploy.0 = Release|Any CPU
		{612DB7E1-098B-46FA-A4D9-37151679948A}.Release|iPhoneSimulator.ActiveCfg = Release|Any CPU
		{612DB7E1-098B-46FA-A4D9-37151679948A}.Release|iPhoneSimulator.Build.0 = Release|Any CPU
		{612DB7E1-098B-46FA-A4D9-37151679948A}.Release|iPhoneSimulator.Deploy.0 = Release|Any CPU
		{612DB7E1-098B-46FA-A4D9-37151679948A}.Release|x64.ActiveCfg = Release|Any CPU
		{612DB7E1-098B-46FA-A4D9-37151679948A}.Release|x64.Build.0 = Release|Any CPU
		{612DB7E1-098B-46FA-A4D9-37151679948A}.Release|x64.Deploy.0 = Release|Any CPU
		{612DB7E1-098B-46FA-A4D9-37151679948A}.Release|x86.ActiveCfg = Release|Any CPU
		{612DB7E1-098B-46FA-A4D9-37151679948A}.Release|x86.Build.0 = Release|Any CPU
		{612DB7E1-098B-46FA-A4D9-37151679948A}.Release|x86.Deploy.0 = Release|Any CPU
		{1BE528F2-FACA-4399-9D44-9C869E7556A2}.Ad-Hoc|Any CPU.ActiveCfg = Ad-Hoc|iPhone
		{1BE528F2-FACA-4399-9D44-9C869E7556A2}.Ad-Hoc|ARM.ActiveCfg = Ad-Hoc|iPhone
		{1BE528F2-FACA-4399-9D44-9C869E7556A2}.Ad-Hoc|iPhone.ActiveCfg = Ad-Hoc|iPhone
		{1BE528F2-FACA-4399-9D44-9C869E7556A2}.Ad-Hoc|iPhone.Build.0 = Ad-Hoc|iPhone
		{1BE528F2-FACA-4399-9D44-9C869E7556A2}.Ad-Hoc|iPhoneSimulator.ActiveCfg = Ad-Hoc|iPhoneSimulator
		{1BE528F2-FACA-4399-9D44-9C869E7556A2}.Ad-Hoc|iPhoneSimulator.Build.0 = Ad-Hoc|iPhoneSimulator
		{1BE528F2-FACA-4399-9D44-9C869E7556A2}.Ad-Hoc|x64.ActiveCfg = Ad-Hoc|iPhone
		{1BE528F2-FACA-4399-9D44-9C869E7556A2}.Ad-Hoc|x86.ActiveCfg = Ad-Hoc|iPhone
		{1BE528F2-FACA-4399-9D44-9C869E7556A2}.AppStore|Any CPU.ActiveCfg = AppStore|iPhone
		{1BE528F2-FACA-4399-9D44-9C869E7556A2}.AppStore|ARM.ActiveCfg = AppStore|iPhone
		{1BE528F2-FACA-4399-9D44-9C869E7556A2}.AppStore|iPhone.ActiveCfg = AppStore|iPhone
		{1BE528F2-FACA-4399-9D44-9C869E7556A2}.AppStore|iPhone.Build.0 = AppStore|iPhone
		{1BE528F2-FACA-4399-9D44-9C869E7556A2}.AppStore|iPhoneSimulator.ActiveCfg = AppStore|iPhoneSimulator
		{1BE528F2-FACA-4399-9D44-9C869E7556A2}.AppStore|iPhoneSimulator.Build.0 = AppStore|iPhoneSimulator
		{1BE528F2-FACA-4399-9D44-9C869E7556A2}.AppStore|x64.ActiveCfg = AppStore|iPhone
		{1BE528F2-FACA-4399-9D44-9C869E7556A2}.AppStore|x86.ActiveCfg = AppStore|iPhone
		{1BE528F2-FACA-4399-9D44-9C869E7556A2}.Debug|Any CPU.ActiveCfg = Debug|iPhone
		{1BE528F2-FACA-4399-9D44-9C869E7556A2}.Debug|ARM.ActiveCfg = Debug|iPhone
		{1BE528F2-FACA-4399-9D44-9C869E7556A2}.Debug|iPhone.ActiveCfg = Debug|iPhone
		{1BE528F2-FACA-4399-9D44-9C869E7556A2}.Debug|iPhone.Build.0 = Debug|iPhone
		{1BE528F2-FACA-4399-9D44-9C869E7556A2}.Debug|iPhoneSimulator.ActiveCfg = Debug|iPhoneSimulator
		{1BE528F2-FACA-4399-9D44-9C869E7556A2}.Debug|iPhoneSimulator.Build.0 = Debug|iPhoneSimulator
		{1BE528F2-FACA-4399-9D44-9C869E7556A2}.Debug|x64.ActiveCfg = Debug|iPhone
		{1BE528F2-FACA-4399-9D44-9C869E7556A2}.Debug|x86.ActiveCfg = Debug|iPhone
		{1BE528F2-FACA-4399-9D44-9C869E7556A2}.Release|Any CPU.ActiveCfg = Release|iPhone
		{1BE528F2-FACA-4399-9D44-9C869E7556A2}.Release|ARM.ActiveCfg = Release|iPhone
		{1BE528F2-FACA-4399-9D44-9C869E7556A2}.Release|iPhone.ActiveCfg = Release|iPhone
		{1BE528F2-FACA-4399-9D44-9C869E7556A2}.Release|iPhone.Build.0 = Release|iPhone
		{1BE528F2-FACA-4399-9D44-9C869E7556A2}.Release|iPhoneSimulator.ActiveCfg = Release|iPhoneSimulator
		{1BE528F2-FACA-4399-9D44-9C869E7556A2}.Release|iPhoneSimulator.Build.0 = Release|iPhoneSimulator
		{1BE528F2-FACA-4399-9D44-9C869E7556A2}.Release|x64.ActiveCfg = Release|iPhone
		{1BE528F2-FACA-4399-9D44-9C869E7556A2}.Release|x86.ActiveCfg = Release|iPhone
		{015E074A-14B6-4263-9D5B-B97EC512423F}.Ad-Hoc|Any CPU.ActiveCfg = Release|x86
		{015E074A-14B6-4263-9D5B-B97EC512423F}.Ad-Hoc|Any CPU.Build.0 = Release|x86
		{015E074A-14B6-4263-9D5B-B97EC512423F}.Ad-Hoc|Any CPU.Deploy.0 = Release|x86
		{015E074A-14B6-4263-9D5B-B97EC512423F}.Ad-Hoc|ARM.ActiveCfg = Release|ARM
		{015E074A-14B6-4263-9D5B-B97EC512423F}.Ad-Hoc|ARM.Build.0 = Release|ARM
		{015E074A-14B6-4263-9D5B-B97EC512423F}.Ad-Hoc|ARM.Deploy.0 = Release|ARM
		{015E074A-14B6-4263-9D5B-B97EC512423F}.Ad-Hoc|iPhone.ActiveCfg = Release|x86
		{015E074A-14B6-4263-9D5B-B97EC512423F}.Ad-Hoc|iPhone.Build.0 = Release|x86
		{015E074A-14B6-4263-9D5B-B97EC512423F}.Ad-Hoc|iPhone.Deploy.0 = Release|x86
		{015E074A-14B6-4263-9D5B-B97EC512423F}.Ad-Hoc|iPhoneSimulator.ActiveCfg = Release|x86
		{015E074A-14B6-4263-9D5B-B97EC512423F}.Ad-Hoc|iPhoneSimulator.Build.0 = Release|x86
		{015E074A-14B6-4263-9D5B-B97EC512423F}.Ad-Hoc|iPhoneSimulator.Deploy.0 = Release|x86
		{015E074A-14B6-4263-9D5B-B97EC512423F}.Ad-Hoc|x64.ActiveCfg = Release|x64
		{015E074A-14B6-4263-9D5B-B97EC512423F}.Ad-Hoc|x64.Build.0 = Release|x64
		{015E074A-14B6-4263-9D5B-B97EC512423F}.Ad-Hoc|x64.Deploy.0 = Release|x64
		{015E074A-14B6-4263-9D5B-B97EC512423F}.Ad-Hoc|x86.ActiveCfg = Release|x86
		{015E074A-14B6-4263-9D5B-B97EC512423F}.Ad-Hoc|x86.Build.0 = Release|x86
		{015E074A-14B6-4263-9D5B-B97EC512423F}.Ad-Hoc|x86.Deploy.0 = Release|x86
		{015E074A-14B6-4263-9D5B-B97EC512423F}.AppStore|Any CPU.ActiveCfg = Release|x86
		{015E074A-14B6-4263-9D5B-B97EC512423F}.AppStore|Any CPU.Build.0 = Release|x86
		{015E074A-14B6-4263-9D5B-B97EC512423F}.AppStore|Any CPU.Deploy.0 = Release|x86
		{015E074A-14B6-4263-9D5B-B97EC512423F}.AppStore|ARM.ActiveCfg = Release|ARM
		{015E074A-14B6-4263-9D5B-B97EC512423F}.AppStore|ARM.Build.0 = Release|ARM
		{015E074A-14B6-4263-9D5B-B97EC512423F}.AppStore|ARM.Deploy.0 = Release|ARM
		{015E074A-14B6-4263-9D5B-B97EC512423F}.AppStore|iPhone.ActiveCfg = Release|x86
		{015E074A-14B6-4263-9D5B-B97EC512423F}.AppStore|iPhone.Build.0 = Release|x86
		{015E074A-14B6-4263-9D5B-B97EC512423F}.AppStore|iPhone.Deploy.0 = Release|x86
		{015E074A-14B6-4263-9D5B-B97EC512423F}.AppStore|iPhoneSimulator.ActiveCfg = Release|x86
		{015E074A-14B6-4263-9D5B-B97EC512423F}.AppStore|iPhoneSimulator.Build.0 = Release|x86
		{015E074A-14B6-4263-9D5B-B97EC512423F}.AppStore|iPhoneSimulator.Deploy.0 = Release|x86
		{015E074A-14B6-4263-9D5B-B97EC512423F}.AppStore|x64.ActiveCfg = Release|x64
		{015E074A-14B6-4263-9D5B-B97EC512423F}.AppStore|x64.Build.0 = Release|x64
		{015E074A-14B6-4263-9D5B-B97EC512423F}.AppStore|x64.Deploy.0 = Release|x64
		{015E074A-14B6-4263-9D5B-B97EC512423F}.AppStore|x86.ActiveCfg = Release|x86
		{015E074A-14B6-4263-9D5B-B97EC512423F}.AppStore|x86.Build.0 = Release|x86
		{015E074A-14B6-4263-9D5B-B97EC512423F}.AppStore|x86.Deploy.0 = Release|x86
		{015E074A-14B6-4263-9D5B-B97EC512423F}.Debug|Any CPU.ActiveCfg = Debug|x86
		{015E074A-14B6-4263-9D5B-B97EC512423F}.Debug|ARM.ActiveCfg = Debug|ARM
		{015E074A-14B6-4263-9D5B-B97EC512423F}.Debug|ARM.Build.0 = Debug|ARM
		{015E074A-14B6-4263-9D5B-B97EC512423F}.Debug|ARM.Deploy.0 = Debug|ARM
		{015E074A-14B6-4263-9D5B-B97EC512423F}.Debug|iPhone.ActiveCfg = Debug|x86
		{015E074A-14B6-4263-9D5B-B97EC512423F}.Debug|iPhoneSimulator.ActiveCfg = Debug|x86
		{015E074A-14B6-4263-9D5B-B97EC512423F}.Debug|x64.ActiveCfg = Debug|x64
		{015E074A-14B6-4263-9D5B-B97EC512423F}.Debug|x64.Build.0 = Debug|x64
		{015E074A-14B6-4263-9D5B-B97EC512423F}.Debug|x64.Deploy.0 = Debug|x64
		{015E074A-14B6-4263-9D5B-B97EC512423F}.Debug|x86.ActiveCfg = Debug|x86
		{015E074A-14B6-4263-9D5B-B97EC512423F}.Debug|x86.Build.0 = Debug|x86
		{015E074A-14B6-4263-9D5B-B97EC512423F}.Debug|x86.Deploy.0 = Debug|x86
		{015E074A-14B6-4263-9D5B-B97EC512423F}.Release|Any CPU.ActiveCfg = Release|x86
		{015E074A-14B6-4263-9D5B-B97EC512423F}.Release|ARM.ActiveCfg = Release|ARM
		{015E074A-14B6-4263-9D5B-B97EC512423F}.Release|ARM.Build.0 = Release|ARM
		{015E074A-14B6-4263-9D5B-B97EC512423F}.Release|ARM.Deploy.0 = Release|ARM
		{015E074A-14B6-4263-9D5B-B97EC512423F}.Release|iPhone.ActiveCfg = Release|x86
		{015E074A-14B6-4263-9D5B-B97EC512423F}.Release|iPhoneSimulator.ActiveCfg = Release|x86
		{015E074A-14B6-4263-9D5B-B97EC512423F}.Release|x64.ActiveCfg = Release|x64
		{015E074A-14B6-4263-9D5B-B97EC512423F}.Release|x64.Build.0 = Release|x64
		{015E074A-14B6-4263-9D5B-B97EC512423F}.Release|x64.Deploy.0 = Release|x64
		{015E074A-14B6-4263-9D5B-B97EC512423F}.Release|x86.ActiveCfg = Release|x86
		{015E074A-14B6-4263-9D5B-B97EC512423F}.Release|x86.Build.0 = Release|x86
		{015E074A-14B6-4263-9D5B-B97EC512423F}.Release|x86.Deploy.0 = Release|x86
		{44E1F4EF-27D4-445A-9BCC-0D10746FEB84}.Ad-Hoc|Any CPU.ActiveCfg = Debug|Any CPU
		{44E1F4EF-27D4-445A-9BCC-0D10746FEB84}.Ad-Hoc|Any CPU.Build.0 = Debug|Any CPU
		{44E1F4EF-27D4-445A-9BCC-0D10746FEB84}.Ad-Hoc|ARM.ActiveCfg = Debug|Any CPU
		{44E1F4EF-27D4-445A-9BCC-0D10746FEB84}.Ad-Hoc|ARM.Build.0 = Debug|Any CPU
		{44E1F4EF-27D4-445A-9BCC-0D10746FEB84}.Ad-Hoc|iPhone.ActiveCfg = Debug|Any CPU
		{44E1F4EF-27D4-445A-9BCC-0D10746FEB84}.Ad-Hoc|iPhone.Build.0 = Debug|Any CPU
		{44E1F4EF-27D4-445A-9BCC-0D10746FEB84}.Ad-Hoc|iPhoneSimulator.ActiveCfg = Debug|Any CPU
		{44E1F4EF-27D4-445A-9BCC-0D10746FEB84}.Ad-Hoc|iPhoneSimulator.Build.0 = Debug|Any CPU
		{44E1F4EF-27D4-445A-9BCC-0D10746FEB84}.Ad-Hoc|x64.ActiveCfg = Debug|Any CPU
		{44E1F4EF-27D4-445A-9BCC-0D10746FEB84}.Ad-Hoc|x64.Build.0 = Debug|Any CPU
		{44E1F4EF-27D4-445A-9BCC-0D10746FEB84}.Ad-Hoc|x86.ActiveCfg = Debug|Any CPU
		{44E1F4EF-27D4-445A-9BCC-0D10746FEB84}.Ad-Hoc|x86.Build.0 = Debug|Any CPU
		{44E1F4EF-27D4-445A-9BCC-0D10746FEB84}.AppStore|Any CPU.ActiveCfg = Debug|Any CPU
		{44E1F4EF-27D4-445A-9BCC-0D10746FEB84}.AppStore|Any CPU.Build.0 = Debug|Any CPU
		{44E1F4EF-27D4-445A-9BCC-0D10746FEB84}.AppStore|ARM.ActiveCfg = Debug|Any CPU
		{44E1F4EF-27D4-445A-9BCC-0D10746FEB84}.AppStore|ARM.Build.0 = Debug|Any CPU
		{44E1F4EF-27D4-445A-9BCC-0D10746FEB84}.AppStore|iPhone.ActiveCfg = Debug|Any CPU
		{44E1F4EF-27D4-445A-9BCC-0D10746FEB84}.AppStore|iPhone.Build.0 = Debug|Any CPU
		{44E1F4EF-27D4-445A-9BCC-0D10746FEB84}.AppStore|iPhoneSimulator.ActiveCfg = Debug|Any CPU
		{44E1F4EF-27D4-445A-9BCC-0D10746FEB84}.AppStore|iPhoneSimulator.Build.0 = Debug|Any CPU
		{44E1F4EF-27D4-445A-9BCC-0D10746FEB84}.AppStore|x64.ActiveCfg = Debug|Any CPU
		{44E1F4EF-27D4-445A-9BCC-0D10746FEB84}.AppStore|x64.Build.0 = Debug|Any CPU
		{44E1F4EF-27D4-445A-9BCC-0D10746FEB84}.AppStore|x86.ActiveCfg = Debug|Any CPU
		{44E1F4EF-27D4-445A-9BCC-0D10746FEB84}.AppStore|x86.Build.0 = Debug|Any CPU
		{44E1F4EF-27D4-445A-9BCC-0D10746FEB84}.Debug|Any CPU.ActiveCfg = Debug|Any CPU
		{44E1F4EF-27D4-445A-9BCC-0D10746FEB84}.Debug|Any CPU.Build.0 = Debug|Any CPU
		{44E1F4EF-27D4-445A-9BCC-0D10746FEB84}.Debug|ARM.ActiveCfg = Debug|Any CPU
		{44E1F4EF-27D4-445A-9BCC-0D10746FEB84}.Debug|ARM.Build.0 = Debug|Any CPU
		{44E1F4EF-27D4-445A-9BCC-0D10746FEB84}.Debug|iPhone.ActiveCfg = Debug|Any CPU
		{44E1F4EF-27D4-445A-9BCC-0D10746FEB84}.Debug|iPhone.Build.0 = Debug|Any CPU
		{44E1F4EF-27D4-445A-9BCC-0D10746FEB84}.Debug|iPhoneSimulator.ActiveCfg = Debug|Any CPU
		{44E1F4EF-27D4-445A-9BCC-0D10746FEB84}.Debug|iPhoneSimulator.Build.0 = Debug|Any CPU
		{44E1F4EF-27D4-445A-9BCC-0D10746FEB84}.Debug|x64.ActiveCfg = Debug|Any CPU
		{44E1F4EF-27D4-445A-9BCC-0D10746FEB84}.Debug|x64.Build.0 = Debug|Any CPU
		{44E1F4EF-27D4-445A-9BCC-0D10746FEB84}.Debug|x86.ActiveCfg = Debug|Any CPU
		{44E1F4EF-27D4-445A-9BCC-0D10746FEB84}.Debug|x86.Build.0 = Debug|Any CPU
		{44E1F4EF-27D4-445A-9BCC-0D10746FEB84}.Release|Any CPU.ActiveCfg = Release|Any CPU
		{44E1F4EF-27D4-445A-9BCC-0D10746FEB84}.Release|Any CPU.Build.0 = Release|Any CPU
		{44E1F4EF-27D4-445A-9BCC-0D10746FEB84}.Release|ARM.ActiveCfg = Release|Any CPU
		{44E1F4EF-27D4-445A-9BCC-0D10746FEB84}.Release|ARM.Build.0 = Release|Any CPU
		{44E1F4EF-27D4-445A-9BCC-0D10746FEB84}.Release|iPhone.ActiveCfg = Release|Any CPU
		{44E1F4EF-27D4-445A-9BCC-0D10746FEB84}.Release|iPhone.Build.0 = Release|Any CPU
		{44E1F4EF-27D4-445A-9BCC-0D10746FEB84}.Release|iPhoneSimulator.ActiveCfg = Release|Any CPU
		{44E1F4EF-27D4-445A-9BCC-0D10746FEB84}.Release|iPhoneSimulator.Build.0 = Release|Any CPU
		{44E1F4EF-27D4-445A-9BCC-0D10746FEB84}.Release|x64.ActiveCfg = Release|Any CPU
		{44E1F4EF-27D4-445A-9BCC-0D10746FEB84}.Release|x64.Build.0 = Release|Any CPU
		{44E1F4EF-27D4-445A-9BCC-0D10746FEB84}.Release|x86.ActiveCfg = Release|Any CPU
		{44E1F4EF-27D4-445A-9BCC-0D10746FEB84}.Release|x86.Build.0 = Release|Any CPU
	EndGlobalSection
	GlobalSection(SolutionProperties) = preSolution
		HideSolutionNode = FALSE
	EndGlobalSection
	GlobalSection(ExtensibilityGlobals) = postSolution
		SolutionGuid = {530D8252-A0BC-4407-95D5-DBB4751F22FD}
	EndGlobalSection
EndGlobal
