
Microsoft Visual Studio Solution File, Format Version 12.00
# Visual Studio 15
VisualStudioVersion = 15.0.27130.2027
MinimumVisualStudioVersion = 10.0.40219.1
Project("{FAE04EC0-301F-11D3-BF4B-00C04F79EFBC}") = "App1_Estilo.Android", "App1_Estilo\App1_Estilo.Android\App1_Estilo.Android.csproj", "{1A7FB75E-09BD-4348-9A6E-5077D041FC58}"
EndProject
Project("{FAE04EC0-301F-11D3-BF4B-00C04F79EFBC}") = "App1_Estilo.iOS", "App1_Estilo\App1_Estilo.iOS\App1_Estilo.iOS.csproj", "{2FEA2282-6B1D-47EC-8503-DB61D0098E20}"
EndProject
Project("{FAE04EC0-301F-11D3-BF4B-00C04F79EFBC}") = "App1_Estilo.UWP", "App1_Estilo\App1_Estilo.UWP\App1_Estilo.UWP.csproj", "{25AA4806-7F1C-4BC6-A369-BE9CC488DA8E}"
EndProject
Project("{FAE04EC0-301F-11D3-BF4B-00C04F79EFBC}") = "App1_Estilo", "App1_Estilo\App1_Estilo\App1_Estilo.csproj", "{5EA0BD7C-2238-4D50-9F9E-7AFE8BA645B4}"
EndProject
Global
	GlobalSection(SolutionConfigurationPlatforms) = preSolution
		Ad-Hoc|Any CPU = Ad-Hoc|Any CPU
		Ad-Hoc|ARM = Ad-Hoc|ARM
		Ad-Hoc|iPhone = Ad-Hoc|iPhone
		Ad-Hoc|iPhoneSimulator = Ad-Hoc|iPhoneSimulator
		Ad-Hoc|x64 = Ad-Hoc|x64
		Ad-Hoc|x86 = Ad-Hoc|x86
		AppStore|Any CPU = AppStore|Any CPU
		AppStore|ARM = AppStore|ARM
		AppStore|iPhone = AppStore|iPhone
		AppStore|iPhoneSimulator = AppStore|iPhoneSimulator
		AppStore|x64 = AppStore|x64
		AppStore|x86 = AppStore|x86
		Debug|Any CPU = Debug|Any CPU
		Debug|ARM = Debug|ARM
		Debug|iPhone = Debug|iPhone
		Debug|iPhoneSimulator = Debug|iPhoneSimulator
		Debug|x64 = Debug|x64
		Debug|x86 = Debug|x86
		Release|Any CPU = Release|Any CPU
		Release|ARM = Release|ARM
		Release|iPhone = Release|iPhone
		Release|iPhoneSimulator = Release|iPhoneSimulator
		Release|x64 = Release|x64
		Release|x86 = Release|x86
	EndGlobalSection
	GlobalSection(ProjectConfigurationPlatforms) = postSolution
		{1A7FB75E-09BD-4348-9A6E-5077D041FC58}.Ad-Hoc|Any CPU.ActiveCfg = Release|Any CPU
		{1A7FB75E-09BD-4348-9A6E-5077D041FC58}.Ad-Hoc|Any CPU.Build.0 = Release|Any CPU
		{1A7FB75E-09BD-4348-9A6E-5077D041FC58}.Ad-Hoc|Any CPU.Deploy.0 = Release|Any CPU
		{1A7FB75E-09BD-4348-9A6E-5077D041FC58}.Ad-Hoc|ARM.ActiveCfg = Release|Any CPU
		{1A7FB75E-09BD-4348-9A6E-5077D041FC58}.Ad-Hoc|ARM.Build.0 = Release|Any CPU
		{1A7FB75E-09BD-4348-9A6E-5077D041FC58}.Ad-Hoc|ARM.Deploy.0 = Release|Any CPU
		{1A7FB75E-09BD-4348-9A6E-5077D041FC58}.Ad-Hoc|iPhone.ActiveCfg = Release|Any CPU
		{1A7FB75E-09BD-4348-9A6E-5077D041FC58}.Ad-Hoc|iPhone.Build.0 = Release|Any CPU
		{1A7FB75E-09BD-4348-9A6E-5077D041FC58}.Ad-Hoc|iPhone.Deploy.0 = Release|Any CPU
		{1A7FB75E-09BD-4348-9A6E-5077D041FC58}.Ad-Hoc|iPhoneSimulator.ActiveCfg = Release|Any CPU
		{1A7FB75E-09BD-4348-9A6E-5077D041FC58}.Ad-Hoc|iPhoneSimulator.Build.0 = Release|Any CPU
		{1A7FB75E-09BD-4348-9A6E-5077D041FC58}.Ad-Hoc|iPhoneSimulator.Deploy.0 = Release|Any CPU
		{1A7FB75E-09BD-4348-9A6E-5077D041FC58}.Ad-Hoc|x64.ActiveCfg = Release|Any CPU
		{1A7FB75E-09BD-4348-9A6E-5077D041FC58}.Ad-Hoc|x64.Build.0 = Release|Any CPU
		{1A7FB75E-09BD-4348-9A6E-5077D041FC58}.Ad-Hoc|x64.Deploy.0 = Release|Any CPU
		{1A7FB75E-09BD-4348-9A6E-5077D041FC58}.Ad-Hoc|x86.ActiveCfg = Release|Any CPU
		{1A7FB75E-09BD-4348-9A6E-5077D041FC58}.Ad-Hoc|x86.Build.0 = Release|Any CPU
		{1A7FB75E-09BD-4348-9A6E-5077D041FC58}.Ad-Hoc|x86.Deploy.0 = Release|Any CPU
		{1A7FB75E-09BD-4348-9A6E-5077D041FC58}.AppStore|Any CPU.ActiveCfg = Release|Any CPU
		{1A7FB75E-09BD-4348-9A6E-5077D041FC58}.AppStore|Any CPU.Build.0 = Release|Any CPU
		{1A7FB75E-09BD-4348-9A6E-5077D041FC58}.AppStore|Any CPU.Deploy.0 = Release|Any CPU
		{1A7FB75E-09BD-4348-9A6E-5077D041FC58}.AppStore|ARM.ActiveCfg = Release|Any CPU
		{1A7FB75E-09BD-4348-9A6E-5077D041FC58}.AppStore|ARM.Build.0 = Release|Any CPU
		{1A7FB75E-09BD-4348-9A6E-5077D041FC58}.AppStore|ARM.Deploy.0 = Release|Any CPU
		{1A7FB75E-09BD-4348-9A6E-5077D041FC58}.AppStore|iPhone.ActiveCfg = Release|Any CPU
		{1A7FB75E-09BD-4348-9A6E-5077D041FC58}.AppStore|iPhone.Build.0 = Release|Any CPU
		{1A7FB75E-09BD-4348-9A6E-5077D041FC58}.AppStore|iPhone.Deploy.0 = Release|Any CPU
		{1A7FB75E-09BD-4348-9A6E-5077D041FC58}.AppStore|iPhoneSimulator.ActiveCfg = Release|Any CPU
		{1A7FB75E-09BD-4348-9A6E-5077D041FC58}.AppStore|iPhoneSimulator.Build.0 = Release|Any CPU
		{1A7FB75E-09BD-4348-9A6E-5077D041FC58}.AppStore|iPhoneSimulator.Deploy.0 = Release|Any CPU
		{1A7FB75E-09BD-4348-9A6E-5077D041FC58}.AppStore|x64.ActiveCfg = Release|Any CPU
		{1A7FB75E-09BD-4348-9A6E-5077D041FC58}.AppStore|x64.Build.0 = Release|Any CPU
		{1A7FB75E-09BD-4348-9A6E-5077D041FC58}.AppStore|x64.Deploy.0 = Release|Any CPU
		{1A7FB75E-09BD-4348-9A6E-5077D041FC58}.AppStore|x86.ActiveCfg = Release|Any CPU
		{1A7FB75E-09BD-4348-9A6E-5077D041FC58}.AppStore|x86.Build.0 = Release|Any CPU
		{1A7FB75E-09BD-4348-9A6E-5077D041FC58}.AppStore|x86.Deploy.0 = Release|Any CPU
		{1A7FB75E-09BD-4348-9A6E-5077D041FC58}.Debug|Any CPU.ActiveCfg = Debug|Any CPU
		{1A7FB75E-09BD-4348-9A6E-5077D041FC58}.Debug|Any CPU.Build.0 = Debug|Any CPU
		{1A7FB75E-09BD-4348-9A6E-5077D041FC58}.Debug|Any CPU.Deploy.0 = Debug|Any CPU
		{1A7FB75E-09BD-4348-9A6E-5077D041FC58}.Debug|ARM.ActiveCfg = Debug|Any CPU
		{1A7FB75E-09BD-4348-9A6E-5077D041FC58}.Debug|ARM.Build.0 = Debug|Any CPU
		{1A7FB75E-09BD-4348-9A6E-5077D041FC58}.Debug|ARM.Deploy.0 = Debug|Any CPU
		{1A7FB75E-09BD-4348-9A6E-5077D041FC58}.Debug|iPhone.ActiveCfg = Debug|Any CPU
		{1A7FB75E-09BD-4348-9A6E-5077D041FC58}.Debug|iPhone.Build.0 = Debug|Any CPU
		{1A7FB75E-09BD-4348-9A6E-5077D041FC58}.Debug|iPhone.Deploy.0 = Debug|Any CPU
		{1A7FB75E-09BD-4348-9A6E-5077D041FC58}.Debug|iPhoneSimulator.ActiveCfg = Debug|Any CPU
		{1A7FB75E-09BD-4348-9A6E-5077D041FC58}.Debug|iPhoneSimulator.Build.0 = Debug|Any CPU
		{1A7FB75E-09BD-4348-9A6E-5077D041FC58}.Debug|iPhoneSimulator.Deploy.0 = Debug|Any CPU
		{1A7FB75E-09BD-4348-9A6E-5077D041FC58}.Debug|x64.ActiveCfg = Debug|Any CPU
		{1A7FB75E-09BD-4348-9A6E-5077D041FC58}.Debug|x64.Build.0 = Debug|Any CPU
		{1A7FB75E-09BD-4348-9A6E-5077D041FC58}.Debug|x64.Deploy.0 = Debug|Any CPU
		{1A7FB75E-09BD-4348-9A6E-5077D041FC58}.Debug|x86.ActiveCfg = Debug|Any CPU
		{1A7FB75E-09BD-4348-9A6E-5077D041FC58}.Debug|x86.Build.0 = Debug|Any CPU
		{1A7FB75E-09BD-4348-9A6E-5077D041FC58}.Debug|x86.Deploy.0 = Debug|Any CPU
		{1A7FB75E-09BD-4348-9A6E-5077D041FC58}.Release|Any CPU.ActiveCfg = Release|Any CPU
		{1A7FB75E-09BD-4348-9A6E-5077D041FC58}.Release|Any CPU.Build.0 = Release|Any CPU
		{1A7FB75E-09BD-4348-9A6E-5077D041FC58}.Release|Any CPU.Deploy.0 = Release|Any CPU
		{1A7FB75E-09BD-4348-9A6E-5077D041FC58}.Release|ARM.ActiveCfg = Release|Any CPU
		{1A7FB75E-09BD-4348-9A6E-5077D041FC58}.Release|ARM.Build.0 = Release|Any CPU
		{1A7FB75E-09BD-4348-9A6E-5077D041FC58}.Release|ARM.Deploy.0 = Release|Any CPU
		{1A7FB75E-09BD-4348-9A6E-5077D041FC58}.Release|iPhone.ActiveCfg = Release|Any CPU
		{1A7FB75E-09BD-4348-9A6E-5077D041FC58}.Release|iPhone.Build.0 = Release|Any CPU
		{1A7FB75E-09BD-4348-9A6E-5077D041FC58}.Release|iPhone.Deploy.0 = Release|Any CPU
		{1A7FB75E-09BD-4348-9A6E-5077D041FC58}.Release|iPhoneSimulator.ActiveCfg = Release|Any CPU
		{1A7FB75E-09BD-4348-9A6E-5077D041FC58}.Release|iPhoneSimulator.Build.0 = Release|Any CPU
		{1A7FB75E-09BD-4348-9A6E-5077D041FC58}.Release|iPhoneSimulator.Deploy.0 = Release|Any CPU
		{1A7FB75E-09BD-4348-9A6E-5077D041FC58}.Release|x64.ActiveCfg = Release|Any CPU
		{1A7FB75E-09BD-4348-9A6E-5077D041FC58}.Release|x64.Build.0 = Release|Any CPU
		{1A7FB75E-09BD-4348-9A6E-5077D041FC58}.Release|x64.Deploy.0 = Release|Any CPU
		{1A7FB75E-09BD-4348-9A6E-5077D041FC58}.Release|x86.ActiveCfg = Release|Any CPU
		{1A7FB75E-09BD-4348-9A6E-5077D041FC58}.Release|x86.Build.0 = Release|Any CPU
		{1A7FB75E-09BD-4348-9A6E-5077D041FC58}.Release|x86.Deploy.0 = Release|Any CPU
		{2FEA2282-6B1D-47EC-8503-DB61D0098E20}.Ad-Hoc|Any CPU.ActiveCfg = Ad-Hoc|iPhone
		{2FEA2282-6B1D-47EC-8503-DB61D0098E20}.Ad-Hoc|ARM.ActiveCfg = Ad-Hoc|iPhone
		{2FEA2282-6B1D-47EC-8503-DB61D0098E20}.Ad-Hoc|iPhone.ActiveCfg = Ad-Hoc|iPhone
		{2FEA2282-6B1D-47EC-8503-DB61D0098E20}.Ad-Hoc|iPhone.Build.0 = Ad-Hoc|iPhone
		{2FEA2282-6B1D-47EC-8503-DB61D0098E20}.Ad-Hoc|iPhoneSimulator.ActiveCfg = Ad-Hoc|iPhoneSimulator
		{2FEA2282-6B1D-47EC-8503-DB61D0098E20}.Ad-Hoc|iPhoneSimulator.Build.0 = Ad-Hoc|iPhoneSimulator
		{2FEA2282-6B1D-47EC-8503-DB61D0098E20}.Ad-Hoc|x64.ActiveCfg = Ad-Hoc|iPhone
		{2FEA2282-6B1D-47EC-8503-DB61D0098E20}.Ad-Hoc|x86.ActiveCfg = Ad-Hoc|iPhone
		{2FEA2282-6B1D-47EC-8503-DB61D0098E20}.AppStore|Any CPU.ActiveCfg = AppStore|iPhone
		{2FEA2282-6B1D-47EC-8503-DB61D0098E20}.AppStore|ARM.ActiveCfg = AppStore|iPhone
		{2FEA2282-6B1D-47EC-8503-DB61D0098E20}.AppStore|iPhone.ActiveCfg = AppStore|iPhone
		{2FEA2282-6B1D-47EC-8503-DB61D0098E20}.AppStore|iPhone.Build.0 = AppStore|iPhone
		{2FEA2282-6B1D-47EC-8503-DB61D0098E20}.AppStore|iPhoneSimulator.ActiveCfg = AppStore|iPhoneSimulator
		{2FEA2282-6B1D-47EC-8503-DB61D0098E20}.AppStore|iPhoneSimulator.Build.0 = AppStore|iPhoneSimulator
		{2FEA2282-6B1D-47EC-8503-DB61D0098E20}.AppStore|x64.ActiveCfg = AppStore|iPhone
		{2FEA2282-6B1D-47EC-8503-DB61D0098E20}.AppStore|x86.ActiveCfg = AppStore|iPhone
		{2FEA2282-6B1D-47EC-8503-DB61D0098E20}.Debug|Any CPU.ActiveCfg = Debug|iPhone
		{2FEA2282-6B1D-47EC-8503-DB61D0098E20}.Debug|ARM.ActiveCfg = Debug|iPhone
		{2FEA2282-6B1D-47EC-8503-DB61D0098E20}.Debug|iPhone.ActiveCfg = Debug|iPhone
		{2FEA2282-6B1D-47EC-8503-DB61D0098E20}.Debug|iPhone.Build.0 = Debug|iPhone
		{2FEA2282-6B1D-47EC-8503-DB61D0098E20}.Debug|iPhoneSimulator.ActiveCfg = Debug|iPhoneSimulator
		{2FEA2282-6B1D-47EC-8503-DB61D0098E20}.Debug|iPhoneSimulator.Build.0 = Debug|iPhoneSimulator
		{2FEA2282-6B1D-47EC-8503-DB61D0098E20}.Debug|x64.ActiveCfg = Debug|iPhone
		{2FEA2282-6B1D-47EC-8503-DB61D0098E20}.Debug|x86.ActiveCfg = Debug|iPhone
		{2FEA2282-6B1D-47EC-8503-DB61D0098E20}.Release|Any CPU.ActiveCfg = Release|iPhone
		{2FEA2282-6B1D-47EC-8503-DB61D0098E20}.Release|ARM.ActiveCfg = Release|iPhone
		{2FEA2282-6B1D-47EC-8503-DB61D0098E20}.Release|iPhone.ActiveCfg = Release|iPhone
		{2FEA2282-6B1D-47EC-8503-DB61D0098E20}.Release|iPhone.Build.0 = Release|iPhone
		{2FEA2282-6B1D-47EC-8503-DB61D0098E20}.Release|iPhoneSimulator.ActiveCfg = Release|iPhoneSimulator
		{2FEA2282-6B1D-47EC-8503-DB61D0098E20}.Release|iPhoneSimulator.Build.0 = Release|iPhoneSimulator
		{2FEA2282-6B1D-47EC-8503-DB61D0098E20}.Release|x64.ActiveCfg = Release|iPhone
		{2FEA2282-6B1D-47EC-8503-DB61D0098E20}.Release|x86.ActiveCfg = Release|iPhone
		{25AA4806-7F1C-4BC6-A369-BE9CC488DA8E}.Ad-Hoc|Any CPU.ActiveCfg = Release|x86
		{25AA4806-7F1C-4BC6-A369-BE9CC488DA8E}.Ad-Hoc|Any CPU.Build.0 = Release|x86
		{25AA4806-7F1C-4BC6-A369-BE9CC488DA8E}.Ad-Hoc|Any CPU.Deploy.0 = Release|x86
		{25AA4806-7F1C-4BC6-A369-BE9CC488DA8E}.Ad-Hoc|ARM.ActiveCfg = Release|ARM
		{25AA4806-7F1C-4BC6-A369-BE9CC488DA8E}.Ad-Hoc|ARM.Build.0 = Release|ARM
		{25AA4806-7F1C-4BC6-A369-BE9CC488DA8E}.Ad-Hoc|ARM.Deploy.0 = Release|ARM
		{25AA4806-7F1C-4BC6-A369-BE9CC488DA8E}.Ad-Hoc|iPhone.ActiveCfg = Release|x86
		{25AA4806-7F1C-4BC6-A369-BE9CC488DA8E}.Ad-Hoc|iPhone.Build.0 = Release|x86
		{25AA4806-7F1C-4BC6-A369-BE9CC488DA8E}.Ad-Hoc|iPhone.Deploy.0 = Release|x86
		{25AA4806-7F1C-4BC6-A369-BE9CC488DA8E}.Ad-Hoc|iPhoneSimulator.ActiveCfg = Release|x86
		{25AA4806-7F1C-4BC6-A369-BE9CC488DA8E}.Ad-Hoc|iPhoneSimulator.Build.0 = Release|x86
		{25AA4806-7F1C-4BC6-A369-BE9CC488DA8E}.Ad-Hoc|iPhoneSimulator.Deploy.0 = Release|x86
		{25AA4806-7F1C-4BC6-A369-BE9CC488DA8E}.Ad-Hoc|x64.ActiveCfg = Release|x64
		{25AA4806-7F1C-4BC6-A369-BE9CC488DA8E}.Ad-Hoc|x64.Build.0 = Release|x64
		{25AA4806-7F1C-4BC6-A369-BE9CC488DA8E}.Ad-Hoc|x64.Deploy.0 = Release|x64
		{25AA4806-7F1C-4BC6-A369-BE9CC488DA8E}.Ad-Hoc|x86.ActiveCfg = Release|x86
		{25AA4806-7F1C-4BC6-A369-BE9CC488DA8E}.Ad-Hoc|x86.Build.0 = Release|x86
		{25AA4806-7F1C-4BC6-A369-BE9CC488DA8E}.Ad-Hoc|x86.Deploy.0 = Release|x86
		{25AA4806-7F1C-4BC6-A369-BE9CC488DA8E}.AppStore|Any CPU.ActiveCfg = Release|x86
		{25AA4806-7F1C-4BC6-A369-BE9CC488DA8E}.AppStore|Any CPU.Build.0 = Release|x86
		{25AA4806-7F1C-4BC6-A369-BE9CC488DA8E}.AppStore|Any CPU.Deploy.0 = Release|x86
		{25AA4806-7F1C-4BC6-A369-BE9CC488DA8E}.AppStore|ARM.ActiveCfg = Release|ARM
		{25AA4806-7F1C-4BC6-A369-BE9CC488DA8E}.AppStore|ARM.Build.0 = Release|ARM
		{25AA4806-7F1C-4BC6-A369-BE9CC488DA8E}.AppStore|ARM.Deploy.0 = Release|ARM
		{25AA4806-7F1C-4BC6-A369-BE9CC488DA8E}.AppStore|iPhone.ActiveCfg = Release|x86
		{25AA4806-7F1C-4BC6-A369-BE9CC488DA8E}.AppStore|iPhone.Build.0 = Release|x86
		{25AA4806-7F1C-4BC6-A369-BE9CC488DA8E}.AppStore|iPhone.Deploy.0 = Release|x86
		{25AA4806-7F1C-4BC6-A369-BE9CC488DA8E}.AppStore|iPhoneSimulator.ActiveCfg = Release|x86
		{25AA4806-7F1C-4BC6-A369-BE9CC488DA8E}.AppStore|iPhoneSimulator.Build.0 = Release|x86
		{25AA4806-7F1C-4BC6-A369-BE9CC488DA8E}.AppStore|iPhoneSimulator.Deploy.0 = Release|x86
		{25AA4806-7F1C-4BC6-A369-BE9CC488DA8E}.AppStore|x64.ActiveCfg = Release|x64
		{25AA4806-7F1C-4BC6-A369-BE9CC488DA8E}.AppStore|x64.Build.0 = Release|x64
		{25AA4806-7F1C-4BC6-A369-BE9CC488DA8E}.AppStore|x64.Deploy.0 = Release|x64
		{25AA4806-7F1C-4BC6-A369-BE9CC488DA8E}.AppStore|x86.ActiveCfg = Release|x86
		{25AA4806-7F1C-4BC6-A369-BE9CC488DA8E}.AppStore|x86.Build.0 = Release|x86
		{25AA4806-7F1C-4BC6-A369-BE9CC488DA8E}.AppStore|x86.Deploy.0 = Release|x86
		{25AA4806-7F1C-4BC6-A369-BE9CC488DA8E}.Debug|Any CPU.ActiveCfg = Debug|x86
		{25AA4806-7F1C-4BC6-A369-BE9CC488DA8E}.Debug|ARM.ActiveCfg = Debug|ARM
		{25AA4806-7F1C-4BC6-A369-BE9CC488DA8E}.Debug|ARM.Build.0 = Debug|ARM
		{25AA4806-7F1C-4BC6-A369-BE9CC488DA8E}.Debug|ARM.Deploy.0 = Debug|ARM
		{25AA4806-7F1C-4BC6-A369-BE9CC488DA8E}.Debug|iPhone.ActiveCfg = Debug|x86
		{25AA4806-7F1C-4BC6-A369-BE9CC488DA8E}.Debug|iPhoneSimulator.ActiveCfg = Debug|x86
		{25AA4806-7F1C-4BC6-A369-BE9CC488DA8E}.Debug|x64.ActiveCfg = Debug|x64
		{25AA4806-7F1C-4BC6-A369-BE9CC488DA8E}.Debug|x64.Build.0 = Debug|x64
		{25AA4806-7F1C-4BC6-A369-BE9CC488DA8E}.Debug|x64.Deploy.0 = Debug|x64
		{25AA4806-7F1C-4BC6-A369-BE9CC488DA8E}.Debug|x86.ActiveCfg = Debug|x86
		{25AA4806-7F1C-4BC6-A369-BE9CC488DA8E}.Debug|x86.Build.0 = Debug|x86
		{25AA4806-7F1C-4BC6-A369-BE9CC488DA8E}.Debug|x86.Deploy.0 = Debug|x86
		{25AA4806-7F1C-4BC6-A369-BE9CC488DA8E}.Release|Any CPU.ActiveCfg = Release|x86
		{25AA4806-7F1C-4BC6-A369-BE9CC488DA8E}.Release|ARM.ActiveCfg = Release|ARM
		{25AA4806-7F1C-4BC6-A369-BE9CC488DA8E}.Release|ARM.Build.0 = Release|ARM
		{25AA4806-7F1C-4BC6-A369-BE9CC488DA8E}.Release|ARM.Deploy.0 = Release|ARM
		{25AA4806-7F1C-4BC6-A369-BE9CC488DA8E}.Release|iPhone.ActiveCfg = Release|x86
		{25AA4806-7F1C-4BC6-A369-BE9CC488DA8E}.Release|iPhoneSimulator.ActiveCfg = Release|x86
		{25AA4806-7F1C-4BC6-A369-BE9CC488DA8E}.Release|x64.ActiveCfg = Release|x64
		{25AA4806-7F1C-4BC6-A369-BE9CC488DA8E}.Release|x64.Build.0 = Release|x64
		{25AA4806-7F1C-4BC6-A369-BE9CC488DA8E}.Release|x64.Deploy.0 = Release|x64
		{25AA4806-7F1C-4BC6-A369-BE9CC488DA8E}.Release|x86.ActiveCfg = Release|x86
		{25AA4806-7F1C-4BC6-A369-BE9CC488DA8E}.Release|x86.Build.0 = Release|x86
		{25AA4806-7F1C-4BC6-A369-BE9CC488DA8E}.Release|x86.Deploy.0 = Release|x86
		{5EA0BD7C-2238-4D50-9F9E-7AFE8BA645B4}.Ad-Hoc|Any CPU.ActiveCfg = Debug|Any CPU
		{5EA0BD7C-2238-4D50-9F9E-7AFE8BA645B4}.Ad-Hoc|Any CPU.Build.0 = Debug|Any CPU
		{5EA0BD7C-2238-4D50-9F9E-7AFE8BA645B4}.Ad-Hoc|ARM.ActiveCfg = Debug|Any CPU
		{5EA0BD7C-2238-4D50-9F9E-7AFE8BA645B4}.Ad-Hoc|ARM.Build.0 = Debug|Any CPU
		{5EA0BD7C-2238-4D50-9F9E-7AFE8BA645B4}.Ad-Hoc|iPhone.ActiveCfg = Debug|Any CPU
		{5EA0BD7C-2238-4D50-9F9E-7AFE8BA645B4}.Ad-Hoc|iPhone.Build.0 = Debug|Any CPU
		{5EA0BD7C-2238-4D50-9F9E-7AFE8BA645B4}.Ad-Hoc|iPhoneSimulator.ActiveCfg = Debug|Any CPU
		{5EA0BD7C-2238-4D50-9F9E-7AFE8BA645B4}.Ad-Hoc|iPhoneSimulator.Build.0 = Debug|Any CPU
		{5EA0BD7C-2238-4D50-9F9E-7AFE8BA645B4}.Ad-Hoc|x64.ActiveCfg = Debug|Any CPU
		{5EA0BD7C-2238-4D50-9F9E-7AFE8BA645B4}.Ad-Hoc|x64.Build.0 = Debug|Any CPU
		{5EA0BD7C-2238-4D50-9F9E-7AFE8BA645B4}.Ad-Hoc|x86.ActiveCfg = Debug|Any CPU
		{5EA0BD7C-2238-4D50-9F9E-7AFE8BA645B4}.Ad-Hoc|x86.Build.0 = Debug|Any CPU
		{5EA0BD7C-2238-4D50-9F9E-7AFE8BA645B4}.AppStore|Any CPU.ActiveCfg = Debug|Any CPU
		{5EA0BD7C-2238-4D50-9F9E-7AFE8BA645B4}.AppStore|Any CPU.Build.0 = Debug|Any CPU
		{5EA0BD7C-2238-4D50-9F9E-7AFE8BA645B4}.AppStore|ARM.ActiveCfg = Debug|Any CPU
		{5EA0BD7C-2238-4D50-9F9E-7AFE8BA645B4}.AppStore|ARM.Build.0 = Debug|Any CPU
		{5EA0BD7C-2238-4D50-9F9E-7AFE8BA645B4}.AppStore|iPhone.ActiveCfg = Debug|Any CPU
		{5EA0BD7C-2238-4D50-9F9E-7AFE8BA645B4}.AppStore|iPhone.Build.0 = Debug|Any CPU
		{5EA0BD7C-2238-4D50-9F9E-7AFE8BA645B4}.AppStore|iPhoneSimulator.ActiveCfg = Debug|Any CPU
		{5EA0BD7C-2238-4D50-9F9E-7AFE8BA645B4}.AppStore|iPhoneSimulator.Build.0 = Debug|Any CPU
		{5EA0BD7C-2238-4D50-9F9E-7AFE8BA645B4}.AppStore|x64.ActiveCfg = Debug|Any CPU
		{5EA0BD7C-2238-4D50-9F9E-7AFE8BA645B4}.AppStore|x64.Build.0 = Debug|Any CPU
		{5EA0BD7C-2238-4D50-9F9E-7AFE8BA645B4}.AppStore|x86.ActiveCfg = Debug|Any CPU
		{5EA0BD7C-2238-4D50-9F9E-7AFE8BA645B4}.AppStore|x86.Build.0 = Debug|Any CPU
		{5EA0BD7C-2238-4D50-9F9E-7AFE8BA645B4}.Debug|Any CPU.ActiveCfg = Debug|Any CPU
		{5EA0BD7C-2238-4D50-9F9E-7AFE8BA645B4}.Debug|Any CPU.Build.0 = Debug|Any CPU
		{5EA0BD7C-2238-4D50-9F9E-7AFE8BA645B4}.Debug|ARM.ActiveCfg = Debug|Any CPU
		{5EA0BD7C-2238-4D50-9F9E-7AFE8BA645B4}.Debug|ARM.Build.0 = Debug|Any CPU
		{5EA0BD7C-2238-4D50-9F9E-7AFE8BA645B4}.Debug|iPhone.ActiveCfg = Debug|Any CPU
		{5EA0BD7C-2238-4D50-9F9E-7AFE8BA645B4}.Debug|iPhone.Build.0 = Debug|Any CPU
		{5EA0BD7C-2238-4D50-9F9E-7AFE8BA645B4}.Debug|iPhoneSimulator.ActiveCfg = Debug|Any CPU
		{5EA0BD7C-2238-4D50-9F9E-7AFE8BA645B4}.Debug|iPhoneSimulator.Build.0 = Debug|Any CPU
		{5EA0BD7C-2238-4D50-9F9E-7AFE8BA645B4}.Debug|x64.ActiveCfg = Debug|Any CPU
		{5EA0BD7C-2238-4D50-9F9E-7AFE8BA645B4}.Debug|x64.Build.0 = Debug|Any CPU
		{5EA0BD7C-2238-4D50-9F9E-7AFE8BA645B4}.Debug|x86.ActiveCfg = Debug|Any CPU
		{5EA0BD7C-2238-4D50-9F9E-7AFE8BA645B4}.Debug|x86.Build.0 = Debug|Any CPU
		{5EA0BD7C-2238-4D50-9F9E-7AFE8BA645B4}.Release|Any CPU.ActiveCfg = Release|Any CPU
		{5EA0BD7C-2238-4D50-9F9E-7AFE8BA645B4}.Release|Any CPU.Build.0 = Release|Any CPU
		{5EA0BD7C-2238-4D50-9F9E-7AFE8BA645B4}.Release|ARM.ActiveCfg = Release|Any CPU
		{5EA0BD7C-2238-4D50-9F9E-7AFE8BA645B4}.Release|ARM.Build.0 = Release|Any CPU
		{5EA0BD7C-2238-4D50-9F9E-7AFE8BA645B4}.Release|iPhone.ActiveCfg = Release|Any CPU
		{5EA0BD7C-2238-4D50-9F9E-7AFE8BA645B4}.Release|iPhone.Build.0 = Release|Any CPU
		{5EA0BD7C-2238-4D50-9F9E-7AFE8BA645B4}.Release|iPhoneSimulator.ActiveCfg = Release|Any CPU
		{5EA0BD7C-2238-4D50-9F9E-7AFE8BA645B4}.Release|iPhoneSimulator.Build.0 = Release|Any CPU
		{5EA0BD7C-2238-4D50-9F9E-7AFE8BA645B4}.Release|x64.ActiveCfg = Release|Any CPU
		{5EA0BD7C-2238-4D50-9F9E-7AFE8BA645B4}.Release|x64.Build.0 = Release|Any CPU
		{5EA0BD7C-2238-4D50-9F9E-7AFE8BA645B4}.Release|x86.ActiveCfg = Release|Any CPU
		{5EA0BD7C-2238-4D50-9F9E-7AFE8BA645B4}.Release|x86.Build.0 = Release|Any CPU
	EndGlobalSection
	GlobalSection(SolutionProperties) = preSolution
		HideSolutionNode = FALSE
	EndGlobalSection
	GlobalSection(ExtensibilityGlobals) = postSolution
		SolutionGuid = {9F721D1C-EB94-4B9E-B831-52DBD4FF6AFF}
	EndGlobalSection
EndGlobal
